// !$*UTF8*$!
{
	archiveVersion = 1;
	classes = {
	};
	objectVersion = 46;
	objects = {

/* Begin PBXBuildFile section */
		530608F022BB406DA76684F0 /* libPods.a in Frameworks */ = {isa = PBXBuildFile; fileRef = 4AFC8E128B0F4211888984C0 /* libPods.a */; };
		7502CEFF1916DCE9001B32D7 /* PGPSignatureSubpacket.m in Sources */ = {isa = PBXBuildFile; fileRef = 7502CEFE1916DCE9001B32D7 /* PGPSignatureSubpacket.m */; };
		7502CF021916EFD5001B32D7 /* NSData+NSValue.m in Sources */ = {isa = PBXBuildFile; fileRef = 7502CF011916EFD5001B32D7 /* NSData+NSValue.m */; };
		7507B72819170FE3003A2DC7 /* PGPUserIDPacket.m in Sources */ = {isa = PBXBuildFile; fileRef = 7507B72719170FE3003A2DC7 /* PGPUserIDPacket.m */; };
		756299B91914DE1A00C5AD3B /* Foundation.framework in Frameworks */ = {isa = PBXBuildFile; fileRef = 756299B81914DE1A00C5AD3B /* Foundation.framework */; };
		756299BE1914DE1A00C5AD3B /* OpenPGPKeyring.h in CopyFiles */ = {isa = PBXBuildFile; fileRef = 756299BD1914DE1A00C5AD3B /* OpenPGPKeyring.h */; };
		756299C01914DE1A00C5AD3B /* OpenPGPKeyring.m in Sources */ = {isa = PBXBuildFile; fileRef = 756299BF1914DE1A00C5AD3B /* OpenPGPKeyring.m */; };
		756299C71914DE1A00C5AD3B /* XCTest.framework in Frameworks */ = {isa = PBXBuildFile; fileRef = 756299C61914DE1A00C5AD3B /* XCTest.framework */; };
		756299C81914DE1A00C5AD3B /* Foundation.framework in Frameworks */ = {isa = PBXBuildFile; fileRef = 756299B81914DE1A00C5AD3B /* Foundation.framework */; };
		756299CA1914DE1A00C5AD3B /* UIKit.framework in Frameworks */ = {isa = PBXBuildFile; fileRef = 756299C91914DE1A00C5AD3B /* UIKit.framework */; };
		756299CD1914DE1A00C5AD3B /* libOpenPGPKeyring.a in Frameworks */ = {isa = PBXBuildFile; fileRef = 756299B51914DE1A00C5AD3B /* libOpenPGPKeyring.a */; };
		756299D31914DE1A00C5AD3B /* InfoPlist.strings in Resources */ = {isa = PBXBuildFile; fileRef = 756299D11914DE1A00C5AD3B /* InfoPlist.strings */; };
		756299D51914DE1A00C5AD3B /* OpenPGPKeyringTests.m in Sources */ = {isa = PBXBuildFile; fileRef = 756299D41914DE1A00C5AD3B /* OpenPGPKeyringTests.m */; };
		756299E11914F30D00C5AD3B /* test_pubring.gpg in Resources */ = {isa = PBXBuildFile; fileRef = 756299DF1914F30D00C5AD3B /* test_pubring.gpg */; };
		756299E21914F30D00C5AD3B /* test_secring.gpg in Resources */ = {isa = PBXBuildFile; fileRef = 756299E01914F30D00C5AD3B /* test_secring.gpg */; };
		756299E41915944B00C5AD3B /* test_pubring_new_format.gpg in Resources */ = {isa = PBXBuildFile; fileRef = 756299E31915944B00C5AD3B /* test_pubring_new_format.gpg */; };
		756299E71915AF0700C5AD3B /* PGPPublicKey.m in Sources */ = {isa = PBXBuildFile; fileRef = 756299E61915AF0700C5AD3B /* PGPPublicKey.m */; };
		759DBA141915B5BD00305549 /* NSData+Bytes.m in Sources */ = {isa = PBXBuildFile; fileRef = 759DBA131915B5BD00305549 /* NSData+Bytes.m */; };
		759DBA181915CBDF00305549 /* PGPMPI.m in Sources */ = {isa = PBXBuildFile; fileRef = 759DBA171915CBDF00305549 /* PGPMPI.m */; };
		75E7B6B81916493600C96BAB /* PGPPublicSubKey.m in Sources */ = {isa = PBXBuildFile; fileRef = 75E7B6B71916493600C96BAB /* PGPPublicSubKey.m */; };
		75E7B6BB19167EFF00C96BAB /* PGPSignature.m in Sources */ = {isa = PBXBuildFile; fileRef = 75E7B6BA19167EFF00C96BAB /* PGPSignature.m */; };
/* End PBXBuildFile section */

/* Begin PBXContainerItemProxy section */
		756299CB1914DE1A00C5AD3B /* PBXContainerItemProxy */ = {
			isa = PBXContainerItemProxy;
			containerPortal = 756299AD1914DE1A00C5AD3B /* Project object */;
			proxyType = 1;
			remoteGlobalIDString = 756299B41914DE1A00C5AD3B;
			remoteInfo = OpenPGPKeyring;
		};
/* End PBXContainerItemProxy section */

/* Begin PBXCopyFilesBuildPhase section */
		756299B31914DE1A00C5AD3B /* CopyFiles */ = {
			isa = PBXCopyFilesBuildPhase;
			buildActionMask = 2147483647;
			dstPath = "include/$(PRODUCT_NAME)";
			dstSubfolderSpec = 16;
			files = (
				756299BE1914DE1A00C5AD3B /* OpenPGPKeyring.h in CopyFiles */,
			);
			runOnlyForDeploymentPostprocessing = 0;
		};
/* End PBXCopyFilesBuildPhase section */

/* Begin PBXFileReference section */
		3C972ED037044C97BFE1043E /* Pods.xcconfig */ = {isa = PBXFileReference; includeInIndex = 1; lastKnownFileType = text.xcconfig; name = Pods.xcconfig; path = Pods/Pods.xcconfig; sourceTree = "<group>"; };
		4AFC8E128B0F4211888984C0 /* libPods.a */ = {isa = PBXFileReference; explicitFileType = archive.ar; includeInIndex = 0; path = libPods.a; sourceTree = BUILT_PRODUCTS_DIR; };
		7502CEFD1916DCE9001B32D7 /* PGPSignatureSubpacket.h */ = {isa = PBXFileReference; fileEncoding = 4; lastKnownFileType = sourcecode.c.h; path = PGPSignatureSubpacket.h; sourceTree = "<group>"; };
		7502CEFE1916DCE9001B32D7 /* PGPSignatureSubpacket.m */ = {isa = PBXFileReference; fileEncoding = 4; lastKnownFileType = sourcecode.c.objc; path = PGPSignatureSubpacket.m; sourceTree = "<group>"; };
		7502CF001916EFD5001B32D7 /* NSData+NSValue.h */ = {isa = PBXFileReference; fileEncoding = 4; lastKnownFileType = sourcecode.c.h; path = "NSData+NSValue.h"; sourceTree = "<group>"; };
		7502CF011916EFD5001B32D7 /* NSData+NSValue.m */ = {isa = PBXFileReference; fileEncoding = 4; lastKnownFileType = sourcecode.c.objc; path = "NSData+NSValue.m"; sourceTree = "<group>"; };
		7507B72619170FE3003A2DC7 /* PGPUserIDPacket.h */ = {isa = PBXFileReference; fileEncoding = 4; lastKnownFileType = sourcecode.c.h; path = PGPUserIDPacket.h; sourceTree = "<group>"; };
		7507B72719170FE3003A2DC7 /* PGPUserIDPacket.m */ = {isa = PBXFileReference; fileEncoding = 4; lastKnownFileType = sourcecode.c.objc; path = PGPUserIDPacket.m; sourceTree = "<group>"; };
		756299B51914DE1A00C5AD3B /* libOpenPGPKeyring.a */ = {isa = PBXFileReference; explicitFileType = archive.ar; includeInIndex = 0; path = libOpenPGPKeyring.a; sourceTree = BUILT_PRODUCTS_DIR; };
		756299B81914DE1A00C5AD3B /* Foundation.framework */ = {isa = PBXFileReference; lastKnownFileType = wrapper.framework; name = Foundation.framework; path = System/Library/Frameworks/Foundation.framework; sourceTree = SDKROOT; };
		756299BC1914DE1A00C5AD3B /* OpenPGPKeyring-Prefix.pch */ = {isa = PBXFileReference; lastKnownFileType = sourcecode.c.h; path = "OpenPGPKeyring-Prefix.pch"; sourceTree = "<group>"; };
		756299BD1914DE1A00C5AD3B /* OpenPGPKeyring.h */ = {isa = PBXFileReference; lastKnownFileType = sourcecode.c.h; path = OpenPGPKeyring.h; sourceTree = "<group>"; };
		756299BF1914DE1A00C5AD3B /* OpenPGPKeyring.m */ = {isa = PBXFileReference; lastKnownFileType = sourcecode.c.objc; path = OpenPGPKeyring.m; sourceTree = "<group>"; };
		756299C51914DE1A00C5AD3B /* OpenPGPKeyringTests.xctest */ = {isa = PBXFileReference; explicitFileType = wrapper.cfbundle; includeInIndex = 0; path = OpenPGPKeyringTests.xctest; sourceTree = BUILT_PRODUCTS_DIR; };
		756299C61914DE1A00C5AD3B /* XCTest.framework */ = {isa = PBXFileReference; lastKnownFileType = wrapper.framework; name = XCTest.framework; path = Library/Frameworks/XCTest.framework; sourceTree = DEVELOPER_DIR; };
		756299C91914DE1A00C5AD3B /* UIKit.framework */ = {isa = PBXFileReference; lastKnownFileType = wrapper.framework; name = UIKit.framework; path = Library/Frameworks/UIKit.framework; sourceTree = DEVELOPER_DIR; };
		756299D01914DE1A00C5AD3B /* OpenPGPKeyringTests-Info.plist */ = {isa = PBXFileReference; lastKnownFileType = text.plist.xml; path = "OpenPGPKeyringTests-Info.plist"; sourceTree = "<group>"; };
		756299D21914DE1A00C5AD3B /* en */ = {isa = PBXFileReference; lastKnownFileType = text.plist.strings; name = en; path = en.lproj/InfoPlist.strings; sourceTree = "<group>"; };
		756299D41914DE1A00C5AD3B /* OpenPGPKeyringTests.m */ = {isa = PBXFileReference; lastKnownFileType = sourcecode.c.objc; path = OpenPGPKeyringTests.m; sourceTree = "<group>"; };
		756299DF1914F30D00C5AD3B /* test_pubring.gpg */ = {isa = PBXFileReference; lastKnownFileType = file; path = test_pubring.gpg; sourceTree = "<group>"; };
		756299E01914F30D00C5AD3B /* test_secring.gpg */ = {isa = PBXFileReference; lastKnownFileType = file; path = test_secring.gpg; sourceTree = "<group>"; };
		756299E31915944B00C5AD3B /* test_pubring_new_format.gpg */ = {isa = PBXFileReference; lastKnownFileType = file; path = test_pubring_new_format.gpg; sourceTree = "<group>"; };
		756299E51915AF0700C5AD3B /* PGPPublicKey.h */ = {isa = PBXFileReference; fileEncoding = 4; lastKnownFileType = sourcecode.c.h; path = PGPPublicKey.h; sourceTree = "<group>"; };
		756299E61915AF0700C5AD3B /* PGPPublicKey.m */ = {isa = PBXFileReference; fileEncoding = 4; lastKnownFileType = sourcecode.c.objc; path = PGPPublicKey.m; sourceTree = "<group>"; };
		759DBA121915B5BD00305549 /* NSData+Bytes.h */ = {isa = PBXFileReference; fileEncoding = 4; lastKnownFileType = sourcecode.c.h; path = "NSData+Bytes.h"; sourceTree = "<group>"; };
		759DBA131915B5BD00305549 /* NSData+Bytes.m */ = {isa = PBXFileReference; fileEncoding = 4; lastKnownFileType = sourcecode.c.objc; path = "NSData+Bytes.m"; sourceTree = "<group>"; };
		759DBA151915BC0400305549 /* PGPTypes.h */ = {isa = PBXFileReference; fileEncoding = 4; lastKnownFileType = sourcecode.c.h; path = PGPTypes.h; sourceTree = "<group>"; };
		759DBA161915CBDF00305549 /* PGPMPI.h */ = {isa = PBXFileReference; fileEncoding = 4; lastKnownFileType = sourcecode.c.h; path = PGPMPI.h; sourceTree = "<group>"; };
		759DBA171915CBDF00305549 /* PGPMPI.m */ = {isa = PBXFileReference; fileEncoding = 4; lastKnownFileType = sourcecode.c.objc; path = PGPMPI.m; sourceTree = "<group>"; };
		75E7B6B61916493600C96BAB /* PGPPublicSubKey.h */ = {isa = PBXFileReference; fileEncoding = 4; lastKnownFileType = sourcecode.c.h; path = PGPPublicSubKey.h; sourceTree = "<group>"; };
		75E7B6B71916493600C96BAB /* PGPPublicSubKey.m */ = {isa = PBXFileReference; fileEncoding = 4; lastKnownFileType = sourcecode.c.objc; path = PGPPublicSubKey.m; sourceTree = "<group>"; };
		75E7B6B919167EFF00C96BAB /* PGPSignature.h */ = {isa = PBXFileReference; fileEncoding = 4; lastKnownFileType = sourcecode.c.h; path = PGPSignature.h; sourceTree = "<group>"; };
		75E7B6BA19167EFF00C96BAB /* PGPSignature.m */ = {isa = PBXFileReference; fileEncoding = 4; lastKnownFileType = sourcecode.c.objc; path = PGPSignature.m; sourceTree = "<group>"; };
		75E7B6BC19167F1700C96BAB /* PGPPacket.h */ = {isa = PBXFileReference; fileEncoding = 4; lastKnownFileType = sourcecode.c.h; path = PGPPacket.h; sourceTree = "<group>"; };
/* End PBXFileReference section */

/* Begin PBXFrameworksBuildPhase section */
		756299B21914DE1A00C5AD3B /* Frameworks */ = {
			isa = PBXFrameworksBuildPhase;
			buildActionMask = 2147483647;
			files = (
				756299B91914DE1A00C5AD3B /* Foundation.framework in Frameworks */,
				530608F022BB406DA76684F0 /* libPods.a in Frameworks */,
			);
			runOnlyForDeploymentPostprocessing = 0;
		};
		756299C21914DE1A00C5AD3B /* Frameworks */ = {
			isa = PBXFrameworksBuildPhase;
			buildActionMask = 2147483647;
			files = (
				756299C71914DE1A00C5AD3B /* XCTest.framework in Frameworks */,
				756299CA1914DE1A00C5AD3B /* UIKit.framework in Frameworks */,
				756299C81914DE1A00C5AD3B /* Foundation.framework in Frameworks */,
				756299CD1914DE1A00C5AD3B /* libOpenPGPKeyring.a in Frameworks */,
			);
			runOnlyForDeploymentPostprocessing = 0;
		};
/* End PBXFrameworksBuildPhase section */

/* Begin PBXGroup section */
		7507B72519170E6D003A2DC7 /* PGPSignature */ = {
			isa = PBXGroup;
			children = (
				75E7B6B919167EFF00C96BAB /* PGPSignature.h */,
				75E7B6BA19167EFF00C96BAB /* PGPSignature.m */,
				7502CEFD1916DCE9001B32D7 /* PGPSignatureSubpacket.h */,
				7502CEFE1916DCE9001B32D7 /* PGPSignatureSubpacket.m */,
			);
			name = PGPSignature;
			sourceTree = "<group>";
		};
		756299AC1914DE1A00C5AD3B = {
			isa = PBXGroup;
			children = (
				756299BA1914DE1A00C5AD3B /* OpenPGPKeyring */,
				756299CE1914DE1A00C5AD3B /* OpenPGPKeyringTests */,
				756299B71914DE1A00C5AD3B /* Frameworks */,
				756299B61914DE1A00C5AD3B /* Products */,
				3C972ED037044C97BFE1043E /* Pods.xcconfig */,
			);
			sourceTree = "<group>";
		};
		756299B61914DE1A00C5AD3B /* Products */ = {
			isa = PBXGroup;
			children = (
				756299B51914DE1A00C5AD3B /* libOpenPGPKeyring.a */,
				756299C51914DE1A00C5AD3B /* OpenPGPKeyringTests.xctest */,
			);
			name = Products;
			sourceTree = "<group>";
		};
		756299B71914DE1A00C5AD3B /* Frameworks */ = {
			isa = PBXGroup;
			children = (
				756299B81914DE1A00C5AD3B /* Foundation.framework */,
				756299C61914DE1A00C5AD3B /* XCTest.framework */,
				756299C91914DE1A00C5AD3B /* UIKit.framework */,
				4AFC8E128B0F4211888984C0 /* libPods.a */,
			);
			name = Frameworks;
			sourceTree = "<group>";
		};
		756299BA1914DE1A00C5AD3B /* OpenPGPKeyring */ = {
			isa = PBXGroup;
			children = (
				75E7B6B41916478000C96BAB /* Utility */,
				756299BD1914DE1A00C5AD3B /* OpenPGPKeyring.h */,
				756299BF1914DE1A00C5AD3B /* OpenPGPKeyring.m */,
				759DBA151915BC0400305549 /* PGPTypes.h */,
				75E7B6B51916478D00C96BAB /* Packet Tags */,
				759DBA161915CBDF00305549 /* PGPMPI.h */,
				759DBA171915CBDF00305549 /* PGPMPI.m */,
				756299BB1914DE1A00C5AD3B /* Supporting Files */,
			);
			path = OpenPGPKeyring;
			sourceTree = "<group>";
		};
		756299BB1914DE1A00C5AD3B /* Supporting Files */ = {
			isa = PBXGroup;
			children = (
				756299BC1914DE1A00C5AD3B /* OpenPGPKeyring-Prefix.pch */,
			);
			name = "Supporting Files";
			sourceTree = "<group>";
		};
		756299CE1914DE1A00C5AD3B /* OpenPGPKeyringTests */ = {
			isa = PBXGroup;
			children = (
				756299DE1914F30D00C5AD3B /* TestingFiles */,
				756299D41914DE1A00C5AD3B /* OpenPGPKeyringTests.m */,
				756299CF1914DE1A00C5AD3B /* Supporting Files */,
			);
			path = OpenPGPKeyringTests;
			sourceTree = "<group>";
		};
		756299CF1914DE1A00C5AD3B /* Supporting Files */ = {
			isa = PBXGroup;
			children = (
				756299D01914DE1A00C5AD3B /* OpenPGPKeyringTests-Info.plist */,
				756299D11914DE1A00C5AD3B /* InfoPlist.strings */,
			);
			name = "Supporting Files";
			sourceTree = "<group>";
		};
		756299DE1914F30D00C5AD3B /* TestingFiles */ = {
			isa = PBXGroup;
			children = (
				756299E31915944B00C5AD3B /* test_pubring_new_format.gpg */,
				756299DF1914F30D00C5AD3B /* test_pubring.gpg */,
				756299E01914F30D00C5AD3B /* test_secring.gpg */,
			);
			path = TestingFiles;
			sourceTree = "<group>";
		};
		75E7B6B41916478000C96BAB /* Utility */ = {
			isa = PBXGroup;
			children = (
				759DBA121915B5BD00305549 /* NSData+Bytes.h */,
				759DBA131915B5BD00305549 /* NSData+Bytes.m */,
				7502CF001916EFD5001B32D7 /* NSData+NSValue.h */,
				7502CF011916EFD5001B32D7 /* NSData+NSValue.m */,
			);
			name = Utility;
			sourceTree = "<group>";
		};
		75E7B6B51916478D00C96BAB /* Packet Tags */ = {
			isa = PBXGroup;
			children = (
				75E7B6BC19167F1700C96BAB /* PGPPacket.h */,
				756299E51915AF0700C5AD3B /* PGPPublicKey.h */,
				756299E61915AF0700C5AD3B /* PGPPublicKey.m */,
				75E7B6B61916493600C96BAB /* PGPPublicSubKey.h */,
				75E7B6B71916493600C96BAB /* PGPPublicSubKey.m */,
				7507B72519170E6D003A2DC7 /* PGPSignature */,
				7507B72619170FE3003A2DC7 /* PGPUserIDPacket.h */,
				7507B72719170FE3003A2DC7 /* PGPUserIDPacket.m */,
			);
			name = "Packet Tags";
			sourceTree = "<group>";
		};
/* End PBXGroup section */

/* Begin PBXNativeTarget section */
		756299B41914DE1A00C5AD3B /* OpenPGPKeyring */ = {
			isa = PBXNativeTarget;
			buildConfigurationList = 756299D81914DE1A00C5AD3B /* Build configuration list for PBXNativeTarget "OpenPGPKeyring" */;
			buildPhases = (
				42358527E10D4EFBA1B711C3 /* Check Pods Manifest.lock */,
				756299B11914DE1A00C5AD3B /* Sources */,
				756299B21914DE1A00C5AD3B /* Frameworks */,
				756299B31914DE1A00C5AD3B /* CopyFiles */,
				9256C46EC203473495F54549 /* Copy Pods Resources */,
			);
			buildRules = (
			);
			dependencies = (
			);
			name = OpenPGPKeyring;
			productName = OpenPGPKeyring;
			productReference = 756299B51914DE1A00C5AD3B /* libOpenPGPKeyring.a */;
			productType = "com.apple.product-type.library.static";
		};
		756299C41914DE1A00C5AD3B /* OpenPGPKeyringTests */ = {
			isa = PBXNativeTarget;
			buildConfigurationList = 756299DB1914DE1A00C5AD3B /* Build configuration list for PBXNativeTarget "OpenPGPKeyringTests" */;
			buildPhases = (
				756299C11914DE1A00C5AD3B /* Sources */,
				756299C21914DE1A00C5AD3B /* Frameworks */,
				756299C31914DE1A00C5AD3B /* Resources */,
			);
			buildRules = (
			);
			dependencies = (
				756299CC1914DE1A00C5AD3B /* PBXTargetDependency */,
			);
			name = OpenPGPKeyringTests;
			productName = OpenPGPKeyringTests;
			productReference = 756299C51914DE1A00C5AD3B /* OpenPGPKeyringTests.xctest */;
			productType = "com.apple.product-type.bundle.unit-test";
		};
/* End PBXNativeTarget section */

/* Begin PBXProject section */
		756299AD1914DE1A00C5AD3B /* Project object */ = {
			isa = PBXProject;
			attributes = {
				CLASSPREFIX = MKR;
				LastUpgradeCheck = 0510;
				ORGANIZATIONNAME = "Marcin Krzyżanowski";
			};
			buildConfigurationList = 756299B01914DE1A00C5AD3B /* Build configuration list for PBXProject "OpenPGPKeyring" */;
			compatibilityVersion = "Xcode 3.2";
			developmentRegion = English;
			hasScannedForEncodings = 0;
			knownRegions = (
				en,
			);
			mainGroup = 756299AC1914DE1A00C5AD3B;
			productRefGroup = 756299B61914DE1A00C5AD3B /* Products */;
			projectDirPath = "";
			projectRoot = "";
			targets = (
				756299B41914DE1A00C5AD3B /* OpenPGPKeyring */,
				756299C41914DE1A00C5AD3B /* OpenPGPKeyringTests */,
			);
		};
/* End PBXProject section */

/* Begin PBXResourcesBuildPhase section */
		756299C31914DE1A00C5AD3B /* Resources */ = {
			isa = PBXResourcesBuildPhase;
			buildActionMask = 2147483647;
			files = (
				756299E11914F30D00C5AD3B /* test_pubring.gpg in Resources */,
				756299E21914F30D00C5AD3B /* test_secring.gpg in Resources */,
				756299E41915944B00C5AD3B /* test_pubring_new_format.gpg in Resources */,
				756299D31914DE1A00C5AD3B /* InfoPlist.strings in Resources */,
			);
			runOnlyForDeploymentPostprocessing = 0;
		};
/* End PBXResourcesBuildPhase section */

/* Begin PBXShellScriptBuildPhase section */
		42358527E10D4EFBA1B711C3 /* Check Pods Manifest.lock */ = {
			isa = PBXShellScriptBuildPhase;
			buildActionMask = 2147483647;
			files = (
			);
			inputPaths = (
			);
			name = "Check Pods Manifest.lock";
			outputPaths = (
			);
			runOnlyForDeploymentPostprocessing = 0;
			shellPath = /bin/sh;
			shellScript = "diff \"${PODS_ROOT}/../Podfile.lock\" \"${PODS_ROOT}/Manifest.lock\" > /dev/null\nif [[ $? != 0 ]] ; then\n    cat << EOM\nerror: The sandbox is not in sync with the Podfile.lock. Run 'pod install' or update your CocoaPods installation.\nEOM\n    exit 1\nfi\n";
			showEnvVarsInLog = 0;
		};
		9256C46EC203473495F54549 /* Copy Pods Resources */ = {
			isa = PBXShellScriptBuildPhase;
			buildActionMask = 2147483647;
			files = (
			);
			inputPaths = (
			);
			name = "Copy Pods Resources";
			outputPaths = (
			);
			runOnlyForDeploymentPostprocessing = 0;
			shellPath = /bin/sh;
			shellScript = "\"${SRCROOT}/Pods/Pods-resources.sh\"\n";
			showEnvVarsInLog = 0;
		};
/* End PBXShellScriptBuildPhase section */

/* Begin PBXSourcesBuildPhase section */
		756299B11914DE1A00C5AD3B /* Sources */ = {
			isa = PBXSourcesBuildPhase;
			buildActionMask = 2147483647;
			files = (
				7507B72819170FE3003A2DC7 /* PGPUserIDPacket.m in Sources */,
				75E7B6BB19167EFF00C96BAB /* PGPSignature.m in Sources */,
				756299E71915AF0700C5AD3B /* PGPPublicKey.m in Sources */,
				75E7B6B81916493600C96BAB /* PGPPublicSubKey.m in Sources */,
				756299C01914DE1A00C5AD3B /* OpenPGPKeyring.m in Sources */,
				759DBA181915CBDF00305549 /* PGPMPI.m in Sources */,
				759DBA141915B5BD00305549 /* NSData+Bytes.m in Sources */,
				7502CEFF1916DCE9001B32D7 /* PGPSignatureSubpacket.m in Sources */,
				7502CF021916EFD5001B32D7 /* NSData+NSValue.m in Sources */,
			);
			runOnlyForDeploymentPostprocessing = 0;
		};
		756299C11914DE1A00C5AD3B /* Sources */ = {
			isa = PBXSourcesBuildPhase;
			buildActionMask = 2147483647;
			files = (
				756299D51914DE1A00C5AD3B /* OpenPGPKeyringTests.m in Sources */,
			);
			runOnlyForDeploymentPostprocessing = 0;
		};
/* End PBXSourcesBuildPhase section */

/* Begin PBXTargetDependency section */
		756299CC1914DE1A00C5AD3B /* PBXTargetDependency */ = {
			isa = PBXTargetDependency;
			target = 756299B41914DE1A00C5AD3B /* OpenPGPKeyring */;
			targetProxy = 756299CB1914DE1A00C5AD3B /* PBXContainerItemProxy */;
		};
/* End PBXTargetDependency section */

/* Begin PBXVariantGroup section */
		756299D11914DE1A00C5AD3B /* InfoPlist.strings */ = {
			isa = PBXVariantGroup;
			children = (
				756299D21914DE1A00C5AD3B /* en */,
			);
			name = InfoPlist.strings;
			sourceTree = "<group>";
		};
/* End PBXVariantGroup section */

/* Begin XCBuildConfiguration section */
		756299D61914DE1A00C5AD3B /* Debug */ = {
			isa = XCBuildConfiguration;
			buildSettings = {
				ALWAYS_SEARCH_USER_PATHS = NO;
				CLANG_CXX_LANGUAGE_STANDARD = "gnu++0x";
				CLANG_CXX_LIBRARY = "libc++";
				CLANG_ENABLE_MODULES = YES;
				CLANG_ENABLE_OBJC_ARC = YES;
				CLANG_WARN_BOOL_CONVERSION = YES;
				CLANG_WARN_CONSTANT_CONVERSION = YES;
				CLANG_WARN_DIRECT_OBJC_ISA_USAGE = YES_ERROR;
				CLANG_WARN_EMPTY_BODY = YES;
				CLANG_WARN_ENUM_CONVERSION = YES;
				CLANG_WARN_INT_CONVERSION = YES;
				CLANG_WARN_OBJC_ROOT_CLASS = YES_ERROR;
				CLANG_WARN__DUPLICATE_METHOD_MATCH = YES;
				COPY_PHASE_STRIP = NO;
				GCC_C_LANGUAGE_STANDARD = gnu99;
				GCC_DYNAMIC_NO_PIC = NO;
				GCC_OPTIMIZATION_LEVEL = 0;
				GCC_PREPROCESSOR_DEFINITIONS = (
					"DEBUG=1",
					"$(inherited)",
				);
				GCC_SYMBOLS_PRIVATE_EXTERN = NO;
				GCC_WARN_64_TO_32_BIT_CONVERSION = YES;
				GCC_WARN_ABOUT_RETURN_TYPE = YES_ERROR;
				GCC_WARN_UNDECLARED_SELECTOR = YES;
				GCC_WARN_UNINITIALIZED_AUTOS = YES_AGGRESSIVE;
				GCC_WARN_UNUSED_FUNCTION = YES;
				GCC_WARN_UNUSED_VARIABLE = YES;
				IPHONEOS_DEPLOYMENT_TARGET = 7.1;
				ONLY_ACTIVE_ARCH = YES;
				SDKROOT = iphoneos;
			};
			name = Debug;
		};
		756299D71914DE1A00C5AD3B /* Release */ = {
			isa = XCBuildConfiguration;
			buildSettings = {
				ALWAYS_SEARCH_USER_PATHS = NO;
				CLANG_CXX_LANGUAGE_STANDARD = "gnu++0x";
				CLANG_CXX_LIBRARY = "libc++";
				CLANG_ENABLE_MODULES = YES;
				CLANG_ENABLE_OBJC_ARC = YES;
				CLANG_WARN_BOOL_CONVERSION = YES;
				CLANG_WARN_CONSTANT_CONVERSION = YES;
				CLANG_WARN_DIRECT_OBJC_ISA_USAGE = YES_ERROR;
				CLANG_WARN_EMPTY_BODY = YES;
				CLANG_WARN_ENUM_CONVERSION = YES;
				CLANG_WARN_INT_CONVERSION = YES;
				CLANG_WARN_OBJC_ROOT_CLASS = YES_ERROR;
				CLANG_WARN__DUPLICATE_METHOD_MATCH = YES;
				COPY_PHASE_STRIP = YES;
				ENABLE_NS_ASSERTIONS = NO;
				GCC_C_LANGUAGE_STANDARD = gnu99;
				GCC_WARN_64_TO_32_BIT_CONVERSION = YES;
				GCC_WARN_ABOUT_RETURN_TYPE = YES_ERROR;
				GCC_WARN_UNDECLARED_SELECTOR = YES;
				GCC_WARN_UNINITIALIZED_AUTOS = YES_AGGRESSIVE;
				GCC_WARN_UNUSED_FUNCTION = YES;
				GCC_WARN_UNUSED_VARIABLE = YES;
				IPHONEOS_DEPLOYMENT_TARGET = 7.1;
				SDKROOT = iphoneos;
				VALIDATE_PRODUCT = YES;
			};
			name = Release;
		};
		756299D91914DE1A00C5AD3B /* Debug */ = {
			isa = XCBuildConfiguration;
			baseConfigurationReference = 3C972ED037044C97BFE1043E /* Pods.xcconfig */;
			buildSettings = {
				DSTROOT = /tmp/OpenPGPKeyring.dst;
				GCC_PRECOMPILE_PREFIX_HEADER = YES;
				GCC_PREFIX_HEADER = "OpenPGPKeyring/OpenPGPKeyring-Prefix.pch";
				PRODUCT_NAME = "$(TARGET_NAME)";
				SKIP_INSTALL = YES;
			};
			name = Debug;
		};
		756299DA1914DE1A00C5AD3B /* Release */ = {
			isa = XCBuildConfiguration;
			baseConfigurationReference = 3C972ED037044C97BFE1043E /* Pods.xcconfig */;
			buildSettings = {
				DSTROOT = /tmp/OpenPGPKeyring.dst;
				GCC_PRECOMPILE_PREFIX_HEADER = YES;
				GCC_PREFIX_HEADER = "OpenPGPKeyring/OpenPGPKeyring-Prefix.pch";
				PRODUCT_NAME = "$(TARGET_NAME)";
				SKIP_INSTALL = YES;
			};
			name = Release;
		};
		756299DC1914DE1A00C5AD3B /* Debug */ = {
			isa = XCBuildConfiguration;
			buildSettings = {
				FRAMEWORK_SEARCH_PATHS = (
					"$(SDKROOT)/Developer/Library/Frameworks",
					"$(inherited)",
					"$(DEVELOPER_FRAMEWORKS_DIR)",
				);
				GCC_PRECOMPILE_PREFIX_HEADER = YES;
				GCC_PREFIX_HEADER = "OpenPGPKeyring/OpenPGPKeyring-Prefix.pch";
				GCC_PREPROCESSOR_DEFINITIONS = (
					"DEBUG=1",
					"$(inherited)",
				);
				INFOPLIST_FILE = "OpenPGPKeyringTests/OpenPGPKeyringTests-Info.plist";
				PRODUCT_NAME = "$(TARGET_NAME)";
				WRAPPER_EXTENSION = xctest;
			};
			name = Debug;
		};
		756299DD1914DE1A00C5AD3B /* Release */ = {
			isa = XCBuildConfiguration;
			buildSettings = {
				FRAMEWORK_SEARCH_PATHS = (
					"$(SDKROOT)/Developer/Library/Frameworks",
					"$(inherited)",
					"$(DEVELOPER_FRAMEWORKS_DIR)",
				);
				GCC_PRECOMPILE_PREFIX_HEADER = YES;
				GCC_PREFIX_HEADER = "OpenPGPKeyring/OpenPGPKeyring-Prefix.pch";
				INFOPLIST_FILE = "OpenPGPKeyringTests/OpenPGPKeyringTests-Info.plist";
				PRODUCT_NAME = "$(TARGET_NAME)";
				WRAPPER_EXTENSION = xctest;
			};
			name = Release;
		};
/* End XCBuildConfiguration section */

/* Begin XCConfigurationList section */
		756299B01914DE1A00C5AD3B /* Build configuration list for PBXProject "OpenPGPKeyring" */ = {
			isa = XCConfigurationList;
			buildConfigurations = (
				756299D61914DE1A00C5AD3B /* Debug */,
				756299D71914DE1A00C5AD3B /* Release */,
			);
			defaultConfigurationIsVisible = 0;
			defaultConfigurationName = Release;
		};
		756299D81914DE1A00C5AD3B /* Build configuration list for PBXNativeTarget "OpenPGPKeyring" */ = {
			isa = XCConfigurationList;
			buildConfigurations = (
				756299D91914DE1A00C5AD3B /* Debug */,
				756299DA1914DE1A00C5AD3B /* Release */,
			);
			defaultConfigurationIsVisible = 0;
			defaultConfigurationName = Release;
		};
		756299DB1914DE1A00C5AD3B /* Build configuration list for PBXNativeTarget "OpenPGPKeyringTests" */ = {
			isa = XCConfigurationList;
			buildConfigurations = (
				756299DC1914DE1A00C5AD3B /* Debug */,
				756299DD1914DE1A00C5AD3B /* Release */,
			);
			defaultConfigurationIsVisible = 0;
			defaultConfigurationName = Release;
		};
/* End XCConfigurationList section */
	};
	rootObject = 756299AD1914DE1A00C5AD3B /* Project object */;
}
