// !$*UTF8*$!
{
	archiveVersion = 1;
	classes = {
	};
	objectVersion = 46;
	objects = {

/* Begin PBXBuildFile section */
		756299B91914DE1A00C5AD3B /* Foundation.framework in Frameworks */ = {isa = PBXBuildFile; fileRef = 756299B81914DE1A00C5AD3B /* Foundation.framework */; };
		757D26D51A6AB768005CE2E3 /* PGPSignaturePacket.m in Sources */ = {isa = PBXBuildFile; fileRef = 757D26D41A6AB768005CE2E3 /* PGPSignaturePacket.m */; };
		757D26D81A6AB937005CE2E3 /* PGPParser.m in Sources */ = {isa = PBXBuildFile; fileRef = 757D26D71A6AB937005CE2E3 /* PGPParser.m */; };
		757D26DB1A6ABBA7005CE2E3 /* PGPPacket.m in Sources */ = {isa = PBXBuildFile; fileRef = 757D26DA1A6ABBA7005CE2E3 /* PGPPacket.m */; };
		757D26DE1A6ABD61005CE2E3 /* PGPPacketHeader.m in Sources */ = {isa = PBXBuildFile; fileRef = 757D26DD1A6ABD61005CE2E3 /* PGPPacketHeader.m */; };
		757D26E11A6ABF2F005CE2E3 /* PGPPacketHeaderNew.m in Sources */ = {isa = PBXBuildFile; fileRef = 757D26E01A6ABF2F005CE2E3 /* PGPPacketHeaderNew.m */; };
		757D26E41A6ABF41005CE2E3 /* PGPPacketHeaderOld.m in Sources */ = {isa = PBXBuildFile; fileRef = 757D26E31A6ABF41005CE2E3 /* PGPPacketHeaderOld.m */; };
		75C257DB1A6AB1870095E1A2 /* PGPMessage.m in Sources */ = {isa = PBXBuildFile; fileRef = 75C257DA1A6AB1870095E1A2 /* PGPMessage.m */; };
/* End PBXBuildFile section */

/* Begin PBXCopyFilesBuildPhase section */
		756299B31914DE1A00C5AD3B /* CopyFiles */ = {
			isa = PBXCopyFilesBuildPhase;
			buildActionMask = 2147483647;
			dstPath = "include/$(PRODUCT_NAME)";
			dstSubfolderSpec = 16;
			files = (
			);
			runOnlyForDeploymentPostprocessing = 0;
		};
/* End PBXCopyFilesBuildPhase section */

/* Begin PBXFileReference section */
		750BD0D7193F5AAD005B9840 /* libz.dylib */ = {isa = PBXFileReference; lastKnownFileType = "compiled.mach-o.dylib"; name = libz.dylib; path = usr/lib/libz.dylib; sourceTree = SDKROOT; };
		7556464A1958FF6F00BFA34C /* libbz2.dylib */ = {isa = PBXFileReference; lastKnownFileType = "compiled.mach-o.dylib"; name = libbz2.dylib; path = usr/lib/libbz2.dylib; sourceTree = SDKROOT; };
		756299B51914DE1A00C5AD3B /* libObjectivePGP.a */ = {isa = PBXFileReference; explicitFileType = archive.ar; includeInIndex = 0; path = libObjectivePGP.a; sourceTree = BUILT_PRODUCTS_DIR; };
		756299B81914DE1A00C5AD3B /* Foundation.framework */ = {isa = PBXFileReference; lastKnownFileType = wrapper.framework; name = Foundation.framework; path = System/Library/Frameworks/Foundation.framework; sourceTree = SDKROOT; };
		756299BC1914DE1A00C5AD3B /* ObjectivePGP-Prefix.pch */ = {isa = PBXFileReference; lastKnownFileType = sourcecode.c.h; path = "ObjectivePGP-Prefix.pch"; sourceTree = "<group>"; };
		757D26D31A6AB768005CE2E3 /* PGPSignaturePacket.h */ = {isa = PBXFileReference; fileEncoding = 4; lastKnownFileType = sourcecode.c.h; path = PGPSignaturePacket.h; sourceTree = "<group>"; };
		757D26D41A6AB768005CE2E3 /* PGPSignaturePacket.m */ = {isa = PBXFileReference; fileEncoding = 4; lastKnownFileType = sourcecode.c.objc; path = PGPSignaturePacket.m; sourceTree = "<group>"; };
		757D26D61A6AB937005CE2E3 /* PGPParser.h */ = {isa = PBXFileReference; fileEncoding = 4; lastKnownFileType = sourcecode.c.h; path = PGPParser.h; sourceTree = "<group>"; };
		757D26D71A6AB937005CE2E3 /* PGPParser.m */ = {isa = PBXFileReference; fileEncoding = 4; lastKnownFileType = sourcecode.c.objc; path = PGPParser.m; sourceTree = "<group>"; };
		757D26D91A6ABBA7005CE2E3 /* PGPPacket.h */ = {isa = PBXFileReference; fileEncoding = 4; lastKnownFileType = sourcecode.c.h; path = PGPPacket.h; sourceTree = "<group>"; };
		757D26DA1A6ABBA7005CE2E3 /* PGPPacket.m */ = {isa = PBXFileReference; fileEncoding = 4; lastKnownFileType = sourcecode.c.objc; path = PGPPacket.m; sourceTree = "<group>"; };
		757D26DC1A6ABD61005CE2E3 /* PGPPacketHeader.h */ = {isa = PBXFileReference; fileEncoding = 4; lastKnownFileType = sourcecode.c.h; path = PGPPacketHeader.h; sourceTree = "<group>"; };
		757D26DD1A6ABD61005CE2E3 /* PGPPacketHeader.m */ = {isa = PBXFileReference; fileEncoding = 4; lastKnownFileType = sourcecode.c.objc; path = PGPPacketHeader.m; sourceTree = "<group>"; };
		757D26DF1A6ABF2F005CE2E3 /* PGPPacketHeaderNew.h */ = {isa = PBXFileReference; fileEncoding = 4; lastKnownFileType = sourcecode.c.h; path = PGPPacketHeaderNew.h; sourceTree = "<group>"; };
		757D26E01A6ABF2F005CE2E3 /* PGPPacketHeaderNew.m */ = {isa = PBXFileReference; fileEncoding = 4; lastKnownFileType = sourcecode.c.objc; path = PGPPacketHeaderNew.m; sourceTree = "<group>"; };
		757D26E21A6ABF41005CE2E3 /* PGPPacketHeaderOld.h */ = {isa = PBXFileReference; fileEncoding = 4; lastKnownFileType = sourcecode.c.h; path = PGPPacketHeaderOld.h; sourceTree = "<group>"; };
		757D26E31A6ABF41005CE2E3 /* PGPPacketHeaderOld.m */ = {isa = PBXFileReference; fileEncoding = 4; lastKnownFileType = sourcecode.c.objc; path = PGPPacketHeaderOld.m; sourceTree = "<group>"; };
		757D26E51A6AC605005CE2E3 /* PGPCommon.h */ = {isa = PBXFileReference; fileEncoding = 4; lastKnownFileType = sourcecode.c.h; path = PGPCommon.h; sourceTree = "<group>"; };
		758475E1195AF866003953B2 /* README.md */ = {isa = PBXFileReference; lastKnownFileType = text; path = README.md; sourceTree = "<group>"; };
		759FF46E19598248005B240C /* libz.dylib */ = {isa = PBXFileReference; lastKnownFileType = "compiled.mach-o.dylib"; name = libz.dylib; path = Platforms/MacOSX.platform/Developer/SDKs/MacOSX10.10.sdk/usr/lib/libz.dylib; sourceTree = DEVELOPER_DIR; };
		759FF4701959824E005B240C /* libbz2.dylib */ = {isa = PBXFileReference; lastKnownFileType = "compiled.mach-o.dylib"; name = libbz2.dylib; path = Platforms/MacOSX.platform/Developer/SDKs/MacOSX10.10.sdk/usr/lib/libbz2.dylib; sourceTree = DEVELOPER_DIR; };
		75C257D91A6AB1870095E1A2 /* PGPMessage.h */ = {isa = PBXFileReference; fileEncoding = 4; lastKnownFileType = sourcecode.c.h; path = PGPMessage.h; sourceTree = "<group>"; };
		75C257DA1A6AB1870095E1A2 /* PGPMessage.m */ = {isa = PBXFileReference; fileEncoding = 4; lastKnownFileType = sourcecode.c.objc; path = PGPMessage.m; sourceTree = "<group>"; };
/* End PBXFileReference section */

/* Begin PBXFrameworksBuildPhase section */
		756299B21914DE1A00C5AD3B /* Frameworks */ = {
			isa = PBXFrameworksBuildPhase;
			buildActionMask = 2147483647;
			files = (
				756299B91914DE1A00C5AD3B /* Foundation.framework in Frameworks */,
			);
			runOnlyForDeploymentPostprocessing = 0;
		};
/* End PBXFrameworksBuildPhase section */

/* Begin PBXGroup section */
		756299AC1914DE1A00C5AD3B = {
			isa = PBXGroup;
			children = (
				758475E1195AF866003953B2 /* README.md */,
				756299BA1914DE1A00C5AD3B /* ObjectivePGP */,
				756299B71914DE1A00C5AD3B /* Frameworks */,
				756299B61914DE1A00C5AD3B /* Products */,
			);
			sourceTree = "<group>";
		};
		756299B61914DE1A00C5AD3B /* Products */ = {
			isa = PBXGroup;
			children = (
				756299B51914DE1A00C5AD3B /* libObjectivePGP.a */,
			);
			name = Products;
			sourceTree = "<group>";
		};
		756299B71914DE1A00C5AD3B /* Frameworks */ = {
			isa = PBXGroup;
			children = (
				759FF4701959824E005B240C /* libbz2.dylib */,
				759FF46E19598248005B240C /* libz.dylib */,
				7556464A1958FF6F00BFA34C /* libbz2.dylib */,
				750BD0D7193F5AAD005B9840 /* libz.dylib */,
				756299B81914DE1A00C5AD3B /* Foundation.framework */,
			);
			name = Frameworks;
			sourceTree = "<group>";
		};
		756299BA1914DE1A00C5AD3B /* ObjectivePGP */ = {
			isa = PBXGroup;
			children = (
				757D26E51A6AC605005CE2E3 /* PGPCommon.h */,
				756299BB1914DE1A00C5AD3B /* Supporting Files */,
				75C257D91A6AB1870095E1A2 /* PGPMessage.h */,
				75C257DA1A6AB1870095E1A2 /* PGPMessage.m */,
				757D26D31A6AB768005CE2E3 /* PGPSignaturePacket.h */,
				757D26D41A6AB768005CE2E3 /* PGPSignaturePacket.m */,
				757D26D61A6AB937005CE2E3 /* PGPParser.h */,
				757D26D71A6AB937005CE2E3 /* PGPParser.m */,
				757D26D91A6ABBA7005CE2E3 /* PGPPacket.h */,
				757D26DA1A6ABBA7005CE2E3 /* PGPPacket.m */,
				757D26DC1A6ABD61005CE2E3 /* PGPPacketHeader.h */,
				757D26DD1A6ABD61005CE2E3 /* PGPPacketHeader.m */,
				757D26DF1A6ABF2F005CE2E3 /* PGPPacketHeaderNew.h */,
				757D26E01A6ABF2F005CE2E3 /* PGPPacketHeaderNew.m */,
				757D26E21A6ABF41005CE2E3 /* PGPPacketHeaderOld.h */,
				757D26E31A6ABF41005CE2E3 /* PGPPacketHeaderOld.m */,
			);
			path = ObjectivePGP;
			sourceTree = "<group>";
		};
		756299BB1914DE1A00C5AD3B /* Supporting Files */ = {
			isa = PBXGroup;
			children = (
				756299BC1914DE1A00C5AD3B /* ObjectivePGP-Prefix.pch */,
			);
			name = "Supporting Files";
			sourceTree = "<group>";
		};
/* End PBXGroup section */

/* Begin PBXNativeTarget section */
		756299B41914DE1A00C5AD3B /* ObjectivePGP */ = {
			isa = PBXNativeTarget;
			buildConfigurationList = 756299D81914DE1A00C5AD3B /* Build configuration list for PBXNativeTarget "ObjectivePGP" */;
			buildPhases = (
				756299B11914DE1A00C5AD3B /* Sources */,
				756299B21914DE1A00C5AD3B /* Frameworks */,
				756299B31914DE1A00C5AD3B /* CopyFiles */,
			);
			buildRules = (
			);
			dependencies = (
			);
			name = ObjectivePGP;
			productName = ObjectivePGP;
			productReference = 756299B51914DE1A00C5AD3B /* libObjectivePGP.a */;
			productType = "com.apple.product-type.library.static";
		};
/* End PBXNativeTarget section */

/* Begin PBXProject section */
		756299AD1914DE1A00C5AD3B /* Project object */ = {
			isa = PBXProject;
			attributes = {
				CLASSPREFIX = PGP;
				LastUpgradeCheck = 0510;
				ORGANIZATIONNAME = "Marcin Krzyżanowski";
			};
			buildConfigurationList = 756299B01914DE1A00C5AD3B /* Build configuration list for PBXProject "ObjectivePGP" */;
			compatibilityVersion = "Xcode 3.2";
			developmentRegion = English;
			hasScannedForEncodings = 0;
			knownRegions = (
				en,
			);
			mainGroup = 756299AC1914DE1A00C5AD3B;
			productRefGroup = 756299B61914DE1A00C5AD3B /* Products */;
			projectDirPath = "";
			projectRoot = "";
			targets = (
				756299B41914DE1A00C5AD3B /* ObjectivePGP */,
			);
		};
/* End PBXProject section */

/* Begin PBXSourcesBuildPhase section */
		756299B11914DE1A00C5AD3B /* Sources */ = {
			isa = PBXSourcesBuildPhase;
			buildActionMask = 2147483647;
			files = (
				757D26D51A6AB768005CE2E3 /* PGPSignaturePacket.m in Sources */,
				757D26DB1A6ABBA7005CE2E3 /* PGPPacket.m in Sources */,
				757D26D81A6AB937005CE2E3 /* PGPParser.m in Sources */,
				757D26E11A6ABF2F005CE2E3 /* PGPPacketHeaderNew.m in Sources */,
				75C257DB1A6AB1870095E1A2 /* PGPMessage.m in Sources */,
				757D26E41A6ABF41005CE2E3 /* PGPPacketHeaderOld.m in Sources */,
				757D26DE1A6ABD61005CE2E3 /* PGPPacketHeader.m in Sources */,
			);
			runOnlyForDeploymentPostprocessing = 0;
		};
/* End PBXSourcesBuildPhase section */

/* Begin XCBuildConfiguration section */
		756299D61914DE1A00C5AD3B /* Debug */ = {
			isa = XCBuildConfiguration;
			buildSettings = {
				ALWAYS_SEARCH_USER_PATHS = NO;
				CLANG_CXX_LANGUAGE_STANDARD = "gnu++0x";
				CLANG_CXX_LIBRARY = "libc++";
				CLANG_ENABLE_MODULES = YES;
				CLANG_ENABLE_OBJC_ARC = YES;
				CLANG_WARN_BOOL_CONVERSION = YES;
				CLANG_WARN_CONSTANT_CONVERSION = YES;
				CLANG_WARN_DIRECT_OBJC_ISA_USAGE = YES_ERROR;
				CLANG_WARN_EMPTY_BODY = YES;
				CLANG_WARN_ENUM_CONVERSION = YES;
				CLANG_WARN_INT_CONVERSION = YES;
				CLANG_WARN_OBJC_ROOT_CLASS = YES_ERROR;
				CLANG_WARN__DUPLICATE_METHOD_MATCH = YES;
				COPY_PHASE_STRIP = NO;
				GCC_C_LANGUAGE_STANDARD = gnu99;
				GCC_DYNAMIC_NO_PIC = NO;
				GCC_OPTIMIZATION_LEVEL = 0;
				GCC_PREPROCESSOR_DEFINITIONS = (
					"DEBUG=1",
					"$(inherited)",
				);
				GCC_SYMBOLS_PRIVATE_EXTERN = NO;
				GCC_WARN_64_TO_32_BIT_CONVERSION = YES;
				GCC_WARN_ABOUT_RETURN_TYPE = YES_ERROR;
				GCC_WARN_UNDECLARED_SELECTOR = YES;
				GCC_WARN_UNINITIALIZED_AUTOS = YES_AGGRESSIVE;
				GCC_WARN_UNUSED_FUNCTION = YES;
				GCC_WARN_UNUSED_VARIABLE = YES;
				IPHONEOS_DEPLOYMENT_TARGET = 6.0;
				MACOSX_DEPLOYMENT_TARGET = 10.7;
				ONLY_ACTIVE_ARCH = YES;
				SDKROOT = iphoneos;
			};
			name = Debug;
		};
		756299D71914DE1A00C5AD3B /* Release */ = {
			isa = XCBuildConfiguration;
			buildSettings = {
				ALWAYS_SEARCH_USER_PATHS = NO;
				CLANG_CXX_LANGUAGE_STANDARD = "gnu++0x";
				CLANG_CXX_LIBRARY = "libc++";
				CLANG_ENABLE_MODULES = YES;
				CLANG_ENABLE_OBJC_ARC = YES;
				CLANG_WARN_BOOL_CONVERSION = YES;
				CLANG_WARN_CONSTANT_CONVERSION = YES;
				CLANG_WARN_DIRECT_OBJC_ISA_USAGE = YES_ERROR;
				CLANG_WARN_EMPTY_BODY = YES;
				CLANG_WARN_ENUM_CONVERSION = YES;
				CLANG_WARN_INT_CONVERSION = YES;
				CLANG_WARN_OBJC_ROOT_CLASS = YES_ERROR;
				CLANG_WARN__DUPLICATE_METHOD_MATCH = YES;
				COPY_PHASE_STRIP = YES;
				ENABLE_NS_ASSERTIONS = NO;
				GCC_C_LANGUAGE_STANDARD = gnu99;
				GCC_PREPROCESSOR_DEFINITIONS = NDEBUG;
				GCC_WARN_64_TO_32_BIT_CONVERSION = YES;
				GCC_WARN_ABOUT_RETURN_TYPE = YES_ERROR;
				GCC_WARN_UNDECLARED_SELECTOR = YES;
				GCC_WARN_UNINITIALIZED_AUTOS = YES_AGGRESSIVE;
				GCC_WARN_UNUSED_FUNCTION = YES;
				GCC_WARN_UNUSED_VARIABLE = YES;
				IPHONEOS_DEPLOYMENT_TARGET = 6.0;
				MACOSX_DEPLOYMENT_TARGET = 10.7;
				SDKROOT = iphoneos;
				VALIDATE_PRODUCT = YES;
			};
			name = Release;
		};
		756299D91914DE1A00C5AD3B /* Debug */ = {
			isa = XCBuildConfiguration;
			buildSettings = {
				ARCHS = (
					"$(ARCHS_STANDARD)",
					armv7s,
				);
				CLANG_WARN_DEPRECATED_OBJC_IMPLEMENTATIONS = YES;
				CLANG_WARN_OBJC_EXPLICIT_OWNERSHIP_TYPE = YES;
				CLANG_WARN_OBJC_IMPLICIT_RETAIN_SELF = YES;
				CLANG_WARN_OBJC_REPEATED_USE_OF_WEAK = YES;
				CLANG_WARN_UNREACHABLE_CODE = YES;
				DEFINES_MODULE = YES;
				DSTROOT = /tmp/ObjectivePGP.dst;
				GCC_PRECOMPILE_PREFIX_HEADER = YES;
				GCC_PREFIX_HEADER = "ObjectivePGP/ObjectivePGP-Prefix.pch";
				GCC_TREAT_IMPLICIT_FUNCTION_DECLARATIONS_AS_ERRORS = YES;
				GCC_TREAT_INCOMPATIBLE_POINTER_TYPE_WARNINGS_AS_ERRORS = YES;
				GCC_WARN_INITIALIZER_NOT_FULLY_BRACKETED = YES;
				GCC_WARN_MULTIPLE_DEFINITION_TYPES_FOR_SELECTOR = YES;
				GCC_WARN_SHADOW = YES;
				GCC_WARN_STRICT_SELECTOR_MATCH = YES;
				PRODUCT_NAME = ObjectivePGP;
				SKIP_INSTALL = YES;
			};
			name = Debug;
		};
		756299DA1914DE1A00C5AD3B /* Release */ = {
			isa = XCBuildConfiguration;
			buildSettings = {
				ARCHS = (
					"$(ARCHS_STANDARD)",
					armv7s,
				);
				CLANG_WARN_DEPRECATED_OBJC_IMPLEMENTATIONS = YES;
				CLANG_WARN_OBJC_EXPLICIT_OWNERSHIP_TYPE = YES;
				CLANG_WARN_OBJC_IMPLICIT_RETAIN_SELF = YES;
				CLANG_WARN_OBJC_REPEATED_USE_OF_WEAK = YES;
				CLANG_WARN_UNREACHABLE_CODE = YES;
				DEFINES_MODULE = YES;
				DSTROOT = /tmp/ObjectivePGP.dst;
				GCC_PRECOMPILE_PREFIX_HEADER = YES;
				GCC_PREFIX_HEADER = "ObjectivePGP/ObjectivePGP-Prefix.pch";
				GCC_TREAT_IMPLICIT_FUNCTION_DECLARATIONS_AS_ERRORS = YES;
				GCC_TREAT_INCOMPATIBLE_POINTER_TYPE_WARNINGS_AS_ERRORS = YES;
				GCC_WARN_INITIALIZER_NOT_FULLY_BRACKETED = YES;
				GCC_WARN_MULTIPLE_DEFINITION_TYPES_FOR_SELECTOR = YES;
				GCC_WARN_SHADOW = YES;
				GCC_WARN_STRICT_SELECTOR_MATCH = YES;
				PRODUCT_NAME = ObjectivePGP;
				SKIP_INSTALL = YES;
			};
			name = Release;
		};
/* End XCBuildConfiguration section */

/* Begin XCConfigurationList section */
		756299B01914DE1A00C5AD3B /* Build configuration list for PBXProject "ObjectivePGP" */ = {
			isa = XCConfigurationList;
			buildConfigurations = (
				756299D61914DE1A00C5AD3B /* Debug */,
				756299D71914DE1A00C5AD3B /* Release */,
			);
			defaultConfigurationIsVisible = 0;
			defaultConfigurationName = Release;
		};
		756299D81914DE1A00C5AD3B /* Build configuration list for PBXNativeTarget "ObjectivePGP" */ = {
			isa = XCConfigurationList;
			buildConfigurations = (
				756299D91914DE1A00C5AD3B /* Debug */,
				756299DA1914DE1A00C5AD3B /* Release */,
			);
			defaultConfigurationIsVisible = 0;
			defaultConfigurationName = Release;
		};
/* End XCConfigurationList section */
	};
	rootObject = 756299AD1914DE1A00C5AD3B /* Project object */;
}
