// !$*UTF8*$!
{
	archiveVersion = 1;
	classes = {
	};
	objectVersion = 46;
	objects = {

/* Begin PBXBuildFile section */
		750016A919C22E7100EAF308 /* secring-test-plaintext-encrypted-message.asc in Resources */ = {isa = PBXBuildFile; fileRef = 750016A819C22E7100EAF308 /* secring-test-plaintext-encrypted-message.asc */; };
		75040AB21926BB35000CEA93 /* ObjectivePGPTestArmor.m in Sources */ = {isa = PBXBuildFile; fileRef = 75040AB11926BB35000CEA93 /* ObjectivePGPTestArmor.m */; };
		750B43B91ED356D70064BA05 /* issue53-s2k-gnu-dummy.prv.asc in Resources */ = {isa = PBXBuildFile; fileRef = 750B43B71ED356D70064BA05 /* issue53-s2k-gnu-dummy.prv.asc */; };
		750B43BA1ED356D70064BA05 /* issue53-s2k-gnu-dummy.pub.asc in Resources */ = {isa = PBXBuildFile; fileRef = 750B43B81ED356D70064BA05 /* issue53-s2k-gnu-dummy.pub.asc */; };
		750F893C1F0D6EF100B99726 /* PGPCryptoHash.m in Sources */ = {isa = PBXBuildFile; fileRef = 754351861ED268B400896236 /* PGPCryptoHash.m */; };
		750F893D1F0D6EF100B99726 /* NSData+compression.m in Sources */ = {isa = PBXBuildFile; fileRef = 75A5C153193CE3F6008A2543 /* NSData+compression.m */; };
		750F893E1F0D6EF100B99726 /* NSData+PGPUtils.m in Sources */ = {isa = PBXBuildFile; fileRef = 759DBA131915B5BD00305549 /* NSData+PGPUtils.m */; };
		750F893F1F0D6EF100B99726 /* PGPCryptoUtils.m in Sources */ = {isa = PBXBuildFile; fileRef = 75C4F0E21920FF5F005401A4 /* PGPCryptoUtils.m */; };
		750F89411F0D6EF100B99726 /* ObjectivePGPObject.m in Sources */ = {isa = PBXBuildFile; fileRef = 756299BF1914DE1A00C5AD3B /* ObjectivePGPObject.m */; };
		750F89421F0D6EF100B99726 /* PGPFoundation.m in Sources */ = {isa = PBXBuildFile; fileRef = 758514EB1EDF09C400CB313F /* PGPFoundation.m */; };
		750F89431F0D6EF100B99726 /* PGPBigNum.m in Sources */ = {isa = PBXBuildFile; fileRef = 7547A6C71F007EF6002C2145 /* PGPBigNum.m */; };
		750F89441F0D6EF100B99726 /* PGPPacket.m in Sources */ = {isa = PBXBuildFile; fileRef = 757DDE7B1919371600A30F84 /* PGPPacket.m */; };
		750F89451F0D6EF100B99726 /* PGPSignaturePacket.m in Sources */ = {isa = PBXBuildFile; fileRef = 75E7B6BA19167EFF00C96BAB /* PGPSignaturePacket.m */; };
		750F89461F0D6EF100B99726 /* PGPSignatureSubpacket.m in Sources */ = {isa = PBXBuildFile; fileRef = 7502CEFE1916DCE9001B32D7 /* PGPSignatureSubpacket.m */; };
		750F89471F0D6EF100B99726 /* PGPOnePassSignaturePacket.m in Sources */ = {isa = PBXBuildFile; fileRef = 751E07351937D53900CA7946 /* PGPOnePassSignaturePacket.m */; };
		750F89481F0D6EF100B99726 /* PGPPacketFactory.m in Sources */ = {isa = PBXBuildFile; fileRef = 75734BD019181E5500A54D6E /* PGPPacketFactory.m */; };
		750F89491F0D6EF100B99726 /* PGPPublicKeyPacket.m in Sources */ = {isa = PBXBuildFile; fileRef = 756299E61915AF0700C5AD3B /* PGPPublicKeyPacket.m */; };
		750F894A1F0D6EF100B99726 /* PGPPublicSubKeyPacket.m in Sources */ = {isa = PBXBuildFile; fileRef = 75E7B6B71916493600C96BAB /* PGPPublicSubKeyPacket.m */; };
		750F894B1F0D6EF100B99726 /* PGPSecretKeyPacket.m in Sources */ = {isa = PBXBuildFile; fileRef = 75DA1357191A4E65004C9C76 /* PGPSecretKeyPacket.m */; };
		750F894C1F0D6EF100B99726 /* PGPSecretSubKeyPacket.m in Sources */ = {isa = PBXBuildFile; fileRef = 75DA135A191A4EA6004C9C76 /* PGPSecretSubKeyPacket.m */; };
		750F894D1F0D6EF100B99726 /* PGPUserIDPacket.m in Sources */ = {isa = PBXBuildFile; fileRef = 7507B72719170FE3003A2DC7 /* PGPUserIDPacket.m */; };
		750F894E1F0D6EF100B99726 /* PGPTrustPacket.m in Sources */ = {isa = PBXBuildFile; fileRef = 75734BD71918462900A54D6E /* PGPTrustPacket.m */; };
		750F894F1F0D6EF100B99726 /* PGPModificationDetectionCodePacket.m in Sources */ = {isa = PBXBuildFile; fileRef = 75C4F0E5192163A3005401A4 /* PGPModificationDetectionCodePacket.m */; };
		750F89501F0D6EF100B99726 /* PGPLiteralPacket.m in Sources */ = {isa = PBXBuildFile; fileRef = 75AEC4641930B5E400974CBE /* PGPLiteralPacket.m */; };
		750F89511F0D6EF100B99726 /* PGPUserAttributePacket.m in Sources */ = {isa = PBXBuildFile; fileRef = 75AEC4671930FC0B00974CBE /* PGPUserAttributePacket.m */; };
		750F89521F0D6EF100B99726 /* PGPUserAttributeSubpacket.m in Sources */ = {isa = PBXBuildFile; fileRef = 75AEC46A1930FD3000974CBE /* PGPUserAttributeSubpacket.m */; };
		750F89531F0D6EF100B99726 /* PGPCompressedPacket.m in Sources */ = {isa = PBXBuildFile; fileRef = 75B39529193C6FA100297C8D /* PGPCompressedPacket.m */; };
		750F89541F0D6EF100B99726 /* PGPSymmetricallyEncryptedIntegrityProtectedDataPacket.m in Sources */ = {isa = PBXBuildFile; fileRef = 75FE9807193FB46200613549 /* PGPSymmetricallyEncryptedIntegrityProtectedDataPacket.m */; };
		750F89551F0D6EF100B99726 /* PGPSymmetricallyEncryptedDataPacket.m in Sources */ = {isa = PBXBuildFile; fileRef = 753A65EE19487E3D0011A729 /* PGPSymmetricallyEncryptedDataPacket.m */; };
		750F89561F0D6EF100B99726 /* PGPPublicKeyEncryptedSessionKeyPacket.m in Sources */ = {isa = PBXBuildFile; fileRef = 75AE7E251941C567004DD6A5 /* PGPPublicKeyEncryptedSessionKeyPacket.m */; };
		750F89571F0D6EF100B99726 /* PGPMPI.m in Sources */ = {isa = PBXBuildFile; fileRef = 759DBA171915CBDF00305549 /* PGPMPI.m */; };
		750F89581F0D6EF100B99726 /* PGPFingerprint.m in Sources */ = {isa = PBXBuildFile; fileRef = 7562858D19239F1B00127E24 /* PGPFingerprint.m */; };
		750F89591F0D6EF100B99726 /* PGPS2K.m in Sources */ = {isa = PBXBuildFile; fileRef = 75DA135D191AE1D6004C9C76 /* PGPS2K.m */; };
		750F895A1F0D6EF100B99726 /* PGPKeyID.m in Sources */ = {isa = PBXBuildFile; fileRef = 75734BDA191853DF00A54D6E /* PGPKeyID.m */; };
		750F895B1F0D6EF100B99726 /* PGPUser.m in Sources */ = {isa = PBXBuildFile; fileRef = 7563356C19255C1A00414CCC /* PGPUser.m */; };
		750F895C1F0D6EF100B99726 /* PGPSubKey.m in Sources */ = {isa = PBXBuildFile; fileRef = 7563356F192582CD00414CCC /* PGPSubKey.m */; };
		750F895D1F0D6EF100B99726 /* PGPPartialKey.m in Sources */ = {isa = PBXBuildFile; fileRef = 750EE3C31922C185009E818E /* PGPPartialKey.m */; };
		750F895E1F0D6EF100B99726 /* PGPKey.m in Sources */ = {isa = PBXBuildFile; fileRef = 758514EF1EDF3D7100CB313F /* PGPKey.m */; };
		750F895F1F0D6EF100B99726 /* PGPArmor.m in Sources */ = {isa = PBXBuildFile; fileRef = 755456BF192843E700E5526B /* PGPArmor.m */; };
		750F89601F0D6EF100B99726 /* PGPPKCSEmsa.m in Sources */ = {isa = PBXBuildFile; fileRef = 7597B79B192E9C7F003ABC65 /* PGPPKCSEmsa.m */; };
		750F89611F0D6EF100B99726 /* PGPPKCSEme.m in Sources */ = {isa = PBXBuildFile; fileRef = 75AE7E28194224CD004DD6A5 /* PGPPKCSEme.m */; };
		750F89631F0D6EF100B99726 /* PGPCryptoCFB.m in Sources */ = {isa = PBXBuildFile; fileRef = 751056121940A76F00653C0B /* PGPCryptoCFB.m */; };
		7513A88B1F13ED6B00CF48FD /* PGPSignatureSubpacketCreationTime.h in Headers */ = {isa = PBXBuildFile; fileRef = 7513A8891F13ED6B00CF48FD /* PGPSignatureSubpacketCreationTime.h */; settings = {ATTRIBUTES = (Public, ); }; };
		7513A88C1F13ED6B00CF48FD /* PGPSignatureSubpacketCreationTime.m in Sources */ = {isa = PBXBuildFile; fileRef = 7513A88A1F13ED6B00CF48FD /* PGPSignatureSubpacketCreationTime.m */; };
		7537A6AD1F0D739A00892829 /* PGPCryptoHash.h in Headers */ = {isa = PBXBuildFile; fileRef = 75572E281ED2193C00205871 /* PGPCryptoHash.h */; settings = {ATTRIBUTES = (Public, ); }; };
		7537A6AE1F0D739A00892829 /* NSData+compression.h in Headers */ = {isa = PBXBuildFile; fileRef = 75A5C152193CE3F6008A2543 /* NSData+compression.h */; settings = {ATTRIBUTES = (Public, ); }; };
		7537A6AF1F0D739A00892829 /* NSData+PGPUtils.h in Headers */ = {isa = PBXBuildFile; fileRef = 759DBA121915B5BD00305549 /* NSData+PGPUtils.h */; settings = {ATTRIBUTES = (Public, ); }; };
		7537A6B01F0D739A00892829 /* PGPCryptoUtils.h in Headers */ = {isa = PBXBuildFile; fileRef = 75C4F0E11920FF5F005401A4 /* PGPCryptoUtils.h */; settings = {ATTRIBUTES = (Public, ); }; };
		7537A6B21F0D739A00892829 /* PGPMacros.h in Headers */ = {isa = PBXBuildFile; fileRef = 752DE5BD1EEE3BE800637E38 /* PGPMacros.h */; settings = {ATTRIBUTES = (Public, ); }; };
		7537A6B31F0D739A00892829 /* PGPFoundation.h in Headers */ = {isa = PBXBuildFile; fileRef = 758514EA1EDF09C400CB313F /* PGPFoundation.h */; settings = {ATTRIBUTES = (Public, ); }; };
		7537A6B41F0D739A00892829 /* PGPTypes.h in Headers */ = {isa = PBXBuildFile; fileRef = 759DBA151915BC0400305549 /* PGPTypes.h */; settings = {ATTRIBUTES = (Public, ); }; };
		7537A6B51F0D739A00892829 /* PGPBigNum+Private.h in Headers */ = {isa = PBXBuildFile; fileRef = 7547A6CA1F0080CF002C2145 /* PGPBigNum+Private.h */; settings = {ATTRIBUTES = (Private, ); }; };
		7537A6B61F0D739A00892829 /* PGPBigNum.h in Headers */ = {isa = PBXBuildFile; fileRef = 7547A6C61F007EF6002C2145 /* PGPBigNum.h */; settings = {ATTRIBUTES = (Public, ); }; };
		7537A6B71F0D739A00892829 /* PGPPacket.h in Headers */ = {isa = PBXBuildFile; fileRef = 757DDE7A1919338700A30F84 /* PGPPacket.h */; settings = {ATTRIBUTES = (Public, ); }; };
		7537A6B81F0D739A00892829 /* PGPSignaturePacket.h in Headers */ = {isa = PBXBuildFile; fileRef = 75E7B6B919167EFF00C96BAB /* PGPSignaturePacket.h */; settings = {ATTRIBUTES = (Public, ); }; };
		7537A6B91F0D739A00892829 /* PGPSignatureSubpacket.h in Headers */ = {isa = PBXBuildFile; fileRef = 7502CEFD1916DCE9001B32D7 /* PGPSignatureSubpacket.h */; settings = {ATTRIBUTES = (Public, ); }; };
		7537A6BA1F0D739A00892829 /* PGPOnePassSignaturePacket.h in Headers */ = {isa = PBXBuildFile; fileRef = 751E07341937D53900CA7946 /* PGPOnePassSignaturePacket.h */; settings = {ATTRIBUTES = (Public, ); }; };
		7537A6BB1F0D739A00892829 /* PGPPacketFactory.h in Headers */ = {isa = PBXBuildFile; fileRef = 75E7B6BC19167F1700C96BAB /* PGPPacketFactory.h */; settings = {ATTRIBUTES = (Public, ); }; };
		7537A6BC1F0D739A00892829 /* PGPPublicKeyPacket.h in Headers */ = {isa = PBXBuildFile; fileRef = 756299E51915AF0700C5AD3B /* PGPPublicKeyPacket.h */; settings = {ATTRIBUTES = (Public, ); }; };
		7537A6BD1F0D739A00892829 /* PGPPublicSubKeyPacket.h in Headers */ = {isa = PBXBuildFile; fileRef = 75E7B6B61916493600C96BAB /* PGPPublicSubKeyPacket.h */; settings = {ATTRIBUTES = (Public, ); }; };
		7537A6BE1F0D739A00892829 /* PGPSecretKeyPacket.h in Headers */ = {isa = PBXBuildFile; fileRef = 75DA1356191A4E65004C9C76 /* PGPSecretKeyPacket.h */; settings = {ATTRIBUTES = (Public, ); }; };
		7537A6BF1F0D739A00892829 /* PGPSecretSubKeyPacket.h in Headers */ = {isa = PBXBuildFile; fileRef = 75DA1359191A4EA6004C9C76 /* PGPSecretSubKeyPacket.h */; settings = {ATTRIBUTES = (Public, ); }; };
		7537A6C01F0D739A00892829 /* PGPUserIDPacket.h in Headers */ = {isa = PBXBuildFile; fileRef = 7507B72619170FE3003A2DC7 /* PGPUserIDPacket.h */; settings = {ATTRIBUTES = (Public, ); }; };
		7537A6C11F0D739A00892829 /* PGPTrustPacket.h in Headers */ = {isa = PBXBuildFile; fileRef = 75734BD61918462900A54D6E /* PGPTrustPacket.h */; settings = {ATTRIBUTES = (Public, ); }; };
		7537A6C21F0D739A00892829 /* PGPModificationDetectionCodePacket.h in Headers */ = {isa = PBXBuildFile; fileRef = 75C4F0E4192163A3005401A4 /* PGPModificationDetectionCodePacket.h */; settings = {ATTRIBUTES = (Public, ); }; };
		7537A6C31F0D739A00892829 /* PGPLiteralPacket.h in Headers */ = {isa = PBXBuildFile; fileRef = 75AEC4631930B5E400974CBE /* PGPLiteralPacket.h */; settings = {ATTRIBUTES = (Public, ); }; };
		7537A6C41F0D739A00892829 /* PGPUserAttributePacket.h in Headers */ = {isa = PBXBuildFile; fileRef = 75AEC4661930FC0B00974CBE /* PGPUserAttributePacket.h */; settings = {ATTRIBUTES = (Public, ); }; };
		7537A6C51F0D739A00892829 /* PGPUserAttributeSubpacket.h in Headers */ = {isa = PBXBuildFile; fileRef = 75AEC4691930FD3000974CBE /* PGPUserAttributeSubpacket.h */; settings = {ATTRIBUTES = (Public, ); }; };
		7537A6C61F0D739A00892829 /* PGPCompressedPacket.h in Headers */ = {isa = PBXBuildFile; fileRef = 75B39528193C6FA100297C8D /* PGPCompressedPacket.h */; settings = {ATTRIBUTES = (Public, ); }; };
		7537A6C71F0D739A00892829 /* PGPSymmetricallyEncryptedIntegrityProtectedDataPacket.h in Headers */ = {isa = PBXBuildFile; fileRef = 75FE9806193FB46200613549 /* PGPSymmetricallyEncryptedIntegrityProtectedDataPacket.h */; settings = {ATTRIBUTES = (Public, ); }; };
		7537A6C81F0D739A00892829 /* PGPSymmetricallyEncryptedDataPacket.h in Headers */ = {isa = PBXBuildFile; fileRef = 753A65ED19487E3D0011A729 /* PGPSymmetricallyEncryptedDataPacket.h */; settings = {ATTRIBUTES = (Public, ); }; };
		7537A6C91F0D739A00892829 /* PGPPublicKeyEncryptedSessionKeyPacket.h in Headers */ = {isa = PBXBuildFile; fileRef = 75AE7E241941C567004DD6A5 /* PGPPublicKeyEncryptedSessionKeyPacket.h */; settings = {ATTRIBUTES = (Public, ); }; };
		7537A6CA1F0D739A00892829 /* PGPMPI.h in Headers */ = {isa = PBXBuildFile; fileRef = 759DBA161915CBDF00305549 /* PGPMPI.h */; settings = {ATTRIBUTES = (Public, ); }; };
		7537A6CB1F0D739A00892829 /* PGPFingerprint.h in Headers */ = {isa = PBXBuildFile; fileRef = 7562858C19239F1B00127E24 /* PGPFingerprint.h */; settings = {ATTRIBUTES = (Public, ); }; };
		7537A6CC1F0D739A00892829 /* PGPS2K.h in Headers */ = {isa = PBXBuildFile; fileRef = 75DA135C191AE1D6004C9C76 /* PGPS2K.h */; settings = {ATTRIBUTES = (Public, ); }; };
		7537A6CD1F0D739A00892829 /* PGPKeyID.h in Headers */ = {isa = PBXBuildFile; fileRef = 75734BD9191853DF00A54D6E /* PGPKeyID.h */; settings = {ATTRIBUTES = (Public, ); }; };
		7537A6CE1F0D739A00892829 /* PGPUser.h in Headers */ = {isa = PBXBuildFile; fileRef = 7563356B19255C1A00414CCC /* PGPUser.h */; settings = {ATTRIBUTES = (Public, ); }; };
		7537A6CF1F0D739A00892829 /* PGPSubKey.h in Headers */ = {isa = PBXBuildFile; fileRef = 7563356E192582CD00414CCC /* PGPSubKey.h */; settings = {ATTRIBUTES = (Public, ); }; };
		7537A6D01F0D739A00892829 /* PGPPartialKey.h in Headers */ = {isa = PBXBuildFile; fileRef = 750EE3C21922C185009E818E /* PGPPartialKey.h */; settings = {ATTRIBUTES = (Public, ); }; };
		7537A6D11F0D739A00892829 /* PGPKey.h in Headers */ = {isa = PBXBuildFile; fileRef = 758514EE1EDF3D7100CB313F /* PGPKey.h */; settings = {ATTRIBUTES = (Public, ); }; };
		7537A6D21F0D739A00892829 /* PGPKey+Private.h in Headers */ = {isa = PBXBuildFile; fileRef = 75804A241EED159300AC97BF /* PGPKey+Private.h */; };
		7537A6D31F0D739A00892829 /* PGPExportableProtocol.h in Headers */ = {isa = PBXBuildFile; fileRef = 752DE5BA1EEE26C200637E38 /* PGPExportableProtocol.h */; settings = {ATTRIBUTES = (Public, ); }; };
		7537A6D41F0D739A00892829 /* PGPArmor.h in Headers */ = {isa = PBXBuildFile; fileRef = 755456BE192843E700E5526B /* PGPArmor.h */; settings = {ATTRIBUTES = (Public, ); }; };
		7537A6D51F0D739A00892829 /* PGPPKCSEmsa.h in Headers */ = {isa = PBXBuildFile; fileRef = 7597B79A192E9C7F003ABC65 /* PGPPKCSEmsa.h */; settings = {ATTRIBUTES = (Public, ); }; };
		7537A6D61F0D739A00892829 /* PGPPKCSEme.h in Headers */ = {isa = PBXBuildFile; fileRef = 75AE7E27194224CD004DD6A5 /* PGPPKCSEme.h */; settings = {ATTRIBUTES = (Public, ); }; };
		7537A6D81F0D739A00892829 /* PGPCryptoCFB.h in Headers */ = {isa = PBXBuildFile; fileRef = 751056111940A76F00653C0B /* PGPCryptoCFB.h */; settings = {ATTRIBUTES = (Public, ); }; };
		7537A6D91F0D739A00892829 /* PGPLogging.h in Headers */ = {isa = PBXBuildFile; fileRef = 752B3A791EC8EB9A003F6C22 /* PGPLogging.h */; settings = {ATTRIBUTES = (Public, ); }; };
		7537A6DB1F0D74C500892829 /* ObjectivePGP.framework in Frameworks */ = {isa = PBXBuildFile; fileRef = 750F89341F0D6A3F00B99726 /* ObjectivePGP.framework */; };
		7538C0DE1CDCF47B00A8F136 /* issue35-message.asc in Resources */ = {isa = PBXBuildFile; fileRef = 7538C0DD1CDCF47B00A8F136 /* issue35-message.asc */; };
		753ADD9A1F0EC638005E1497 /* ObjectivePGP.h in Headers */ = {isa = PBXBuildFile; fileRef = 756299BD1914DE1A00C5AD3B /* ObjectivePGP.h */; settings = {ATTRIBUTES = (Public, ); }; };
		753ADD9B1F0EC6A0005E1497 /* ObjectivePGPObject.h in Headers */ = {isa = PBXBuildFile; fileRef = 750F89641F0D701E00B99726 /* ObjectivePGPObject.h */; settings = {ATTRIBUTES = (Public, ); }; };
		753B05431EF3E05200785EBC /* issue62-message.asc in Resources */ = {isa = PBXBuildFile; fileRef = 753B05421EF3E03800785EBC /* issue62-message.asc */; };
		7547A6D11F0085E8002C2145 /* Security.framework in Frameworks */ = {isa = PBXBuildFile; fileRef = 7547A6D01F0085E8002C2145 /* Security.framework */; };
		75616A5F1F13B4A400336240 /* PGPSignaturePacket+Private.h in Headers */ = {isa = PBXBuildFile; fileRef = 75616A5E1F13B4A400336240 /* PGPSignaturePacket+Private.h */; settings = {ATTRIBUTES = (Private, ); }; };
		75616A611F13B4EC00336240 /* PGPSignatureSubpacket+Private.h in Headers */ = {isa = PBXBuildFile; fileRef = 75616A601F13B4EC00336240 /* PGPSignatureSubpacket+Private.h */; };
		75616A661F13B5B800336240 /* PGPSignatureSubpacketHeader.h in Headers */ = {isa = PBXBuildFile; fileRef = 75616A641F13B5B800336240 /* PGPSignatureSubpacketHeader.h */; settings = {ATTRIBUTES = (Public, ); }; };
		75616A671F13B5B800336240 /* PGPSignatureSubpacketHeader.m in Sources */ = {isa = PBXBuildFile; fileRef = 75616A651F13B5B800336240 /* PGPSignatureSubpacketHeader.m */; };
		756299C81914DE1A00C5AD3B /* Foundation.framework in Frameworks */ = {isa = PBXBuildFile; fileRef = 756299B81914DE1A00C5AD3B /* Foundation.framework */; };
		756299D31914DE1A00C5AD3B /* InfoPlist.strings in Resources */ = {isa = PBXBuildFile; fileRef = 756299D11914DE1A00C5AD3B /* InfoPlist.strings */; };
		756299D51914DE1A00C5AD3B /* ObjectivePGPTests.m in Sources */ = {isa = PBXBuildFile; fileRef = 756299D41914DE1A00C5AD3B /* ObjectivePGPTests.m */; };
		7563357619258F1700414CCC /* pubring-test-encrypted.gpg in Resources */ = {isa = PBXBuildFile; fileRef = 7563357219258F1700414CCC /* pubring-test-encrypted.gpg */; };
		7563357719258F1700414CCC /* pubring-test-plaintext.gpg in Resources */ = {isa = PBXBuildFile; fileRef = 7563357319258F1700414CCC /* pubring-test-plaintext.gpg */; };
		7563357819258F1700414CCC /* secring-test-encrypted.gpg in Resources */ = {isa = PBXBuildFile; fileRef = 7563357419258F1700414CCC /* secring-test-encrypted.gpg */; };
		7563357919258F1700414CCC /* secring-test-plaintext.gpg in Resources */ = {isa = PBXBuildFile; fileRef = 7563357519258F1700414CCC /* secring-test-plaintext.gpg */; };
		7563357B19258F7100414CCC /* ObjectivePGPTestKeyringSecurePlaintext.m in Sources */ = {isa = PBXBuildFile; fileRef = 7563357A19258F7100414CCC /* ObjectivePGPTestKeyringSecurePlaintext.m */; };
		7563357D1925936900414CCC /* ObjectivePGPTestKeyringSecureEncrypted.m in Sources */ = {isa = PBXBuildFile; fileRef = 7563357C1925936900414CCC /* ObjectivePGPTestKeyringSecureEncrypted.m */; };
		7575BE5B1F00927800121BEA /* libbz2.tbd in Frameworks */ = {isa = PBXBuildFile; fileRef = 7575BE5A1F00927800121BEA /* libbz2.tbd */; };
		7575BE5D1F00927F00121BEA /* libz.tbd in Frameworks */ = {isa = PBXBuildFile; fileRef = 7575BE5C1F00927F00121BEA /* libz.tbd */; };
		758042721EF3CC9C001ECAC6 /* issue62-keys.asc in Resources */ = {isa = PBXBuildFile; fileRef = 758042711EF3CC95001ECAC6 /* issue62-keys.asc */; };
		7590B7AC1ED9BFF7009A0E92 /* issue44-keys.asc in Resources */ = {isa = PBXBuildFile; fileRef = 7590B7AB1ED9BFF7009A0E92 /* issue44-keys.asc */; };
		75B9268B1CBA3A0200B3EF41 /* issue22-original.asc in Resources */ = {isa = PBXBuildFile; fileRef = 75B926891CBA3A0200B3EF41 /* issue22-original.asc */; };
		75C501E61F1233A100FEC874 /* PGPRSA.h in Headers */ = {isa = PBXBuildFile; fileRef = 75C501E51F12337800FEC874 /* PGPRSA.h */; settings = {ATTRIBUTES = (Public, ); }; };
		75C501E71F1233A500FEC874 /* PGPRSA.m in Sources */ = {isa = PBXBuildFile; fileRef = 75C501E41F12337800FEC874 /* PGPRSA.m */; };
		75C502051F12C00300FEC874 /* PGPPublicKeyPacket+Private.h in Headers */ = {isa = PBXBuildFile; fileRef = 75C502041F12C00300FEC874 /* PGPPublicKeyPacket+Private.h */; settings = {ATTRIBUTES = (Private, ); }; };
		75C502071F12C06E00FEC874 /* PGPPacket+Private.h in Headers */ = {isa = PBXBuildFile; fileRef = 75C502061F12C06E00FEC874 /* PGPPacket+Private.h */; settings = {ATTRIBUTES = (Private, ); }; };
		75C502091F12C17400FEC874 /* PGPSecretKeyPacket+Private.h in Headers */ = {isa = PBXBuildFile; fileRef = 75C502081F12C17400FEC874 /* PGPSecretKeyPacket+Private.h */; settings = {ATTRIBUTES = (Private, ); }; };
		75CA419C1CDF775900887C62 /* issue35-key.asc in Resources */ = {isa = PBXBuildFile; fileRef = 75CA419B1CDF775900887C62 /* issue35-key.asc */; };
		75D53ADF1A2FCDEE00ED9707 /* multiple-keys.asc in Resources */ = {isa = PBXBuildFile; fileRef = 75D53ADE1A2FCDEE00ED9707 /* multiple-keys.asc */; };
/* End PBXBuildFile section */

/* Begin PBXContainerItemProxy section */
		7537A6DC1F0D74EC00892829 /* PBXContainerItemProxy */ = {
			isa = PBXContainerItemProxy;
			containerPortal = 756299AD1914DE1A00C5AD3B /* Project object */;
			proxyType = 1;
			remoteGlobalIDString = 750F89331F0D6A3F00B99726;
			remoteInfo = ObjectivePGP;
		};
/* End PBXContainerItemProxy section */

/* Begin PBXFileReference section */
		750016A819C22E7100EAF308 /* secring-test-plaintext-encrypted-message.asc */ = {isa = PBXFileReference; fileEncoding = 4; lastKnownFileType = text; path = "secring-test-plaintext-encrypted-message.asc"; sourceTree = "<group>"; };
		7502CEFD1916DCE9001B32D7 /* PGPSignatureSubpacket.h */ = {isa = PBXFileReference; fileEncoding = 4; lastKnownFileType = sourcecode.c.h; path = PGPSignatureSubpacket.h; sourceTree = "<group>"; };
		7502CEFE1916DCE9001B32D7 /* PGPSignatureSubpacket.m */ = {isa = PBXFileReference; fileEncoding = 4; lastKnownFileType = sourcecode.c.objc; path = PGPSignatureSubpacket.m; sourceTree = "<group>"; };
		75040AB11926BB35000CEA93 /* ObjectivePGPTestArmor.m */ = {isa = PBXFileReference; fileEncoding = 4; lastKnownFileType = sourcecode.c.objc; path = ObjectivePGPTestArmor.m; sourceTree = "<group>"; };
		750676C01F005B2F00066408 /* Defaults-Testing.xcconfig */ = {isa = PBXFileReference; lastKnownFileType = text.xcconfig; path = "Defaults-Testing.xcconfig"; sourceTree = "<group>"; };
		7507B72619170FE3003A2DC7 /* PGPUserIDPacket.h */ = {isa = PBXFileReference; fileEncoding = 4; lastKnownFileType = sourcecode.c.h; path = PGPUserIDPacket.h; sourceTree = "<group>"; };
		7507B72719170FE3003A2DC7 /* PGPUserIDPacket.m */ = {isa = PBXFileReference; fileEncoding = 4; lastKnownFileType = sourcecode.c.objc; path = PGPUserIDPacket.m; sourceTree = "<group>"; };
		750B43B71ED356D70064BA05 /* issue53-s2k-gnu-dummy.prv.asc */ = {isa = PBXFileReference; fileEncoding = 4; lastKnownFileType = text; path = "issue53-s2k-gnu-dummy.prv.asc"; sourceTree = "<group>"; };
		750B43B81ED356D70064BA05 /* issue53-s2k-gnu-dummy.pub.asc */ = {isa = PBXFileReference; fileEncoding = 4; lastKnownFileType = text; path = "issue53-s2k-gnu-dummy.pub.asc"; sourceTree = "<group>"; };
		750EE3C21922C185009E818E /* PGPPartialKey.h */ = {isa = PBXFileReference; fileEncoding = 4; lastKnownFileType = sourcecode.c.h; path = PGPPartialKey.h; sourceTree = "<group>"; };
		750EE3C31922C185009E818E /* PGPPartialKey.m */ = {isa = PBXFileReference; fileEncoding = 4; lastKnownFileType = sourcecode.c.objc; path = PGPPartialKey.m; sourceTree = "<group>"; };
		750F89341F0D6A3F00B99726 /* ObjectivePGP.framework */ = {isa = PBXFileReference; explicitFileType = wrapper.framework; includeInIndex = 0; path = ObjectivePGP.framework; sourceTree = BUILT_PRODUCTS_DIR; };
		750F89361F0D6A3F00B99726 /* ObjectivePGP.h */ = {isa = PBXFileReference; lastKnownFileType = sourcecode.c.h; path = ObjectivePGP.h; sourceTree = "<group>"; };
		750F89371F0D6A3F00B99726 /* Info.plist */ = {isa = PBXFileReference; lastKnownFileType = text.plist.xml; path = Info.plist; sourceTree = "<group>"; };
		750F89641F0D701E00B99726 /* ObjectivePGPObject.h */ = {isa = PBXFileReference; fileEncoding = 4; lastKnownFileType = sourcecode.c.h; path = ObjectivePGPObject.h; sourceTree = "<group>"; };
		751056111940A76F00653C0B /* PGPCryptoCFB.h */ = {isa = PBXFileReference; fileEncoding = 4; lastKnownFileType = sourcecode.c.h; path = PGPCryptoCFB.h; sourceTree = "<group>"; };
		751056121940A76F00653C0B /* PGPCryptoCFB.m */ = {isa = PBXFileReference; fileEncoding = 4; lastKnownFileType = sourcecode.c.objc; path = PGPCryptoCFB.m; sourceTree = "<group>"; };
		7513A8891F13ED6B00CF48FD /* PGPSignatureSubpacketCreationTime.h */ = {isa = PBXFileReference; lastKnownFileType = sourcecode.c.h; path = PGPSignatureSubpacketCreationTime.h; sourceTree = "<group>"; };
		7513A88A1F13ED6B00CF48FD /* PGPSignatureSubpacketCreationTime.m */ = {isa = PBXFileReference; lastKnownFileType = sourcecode.c.objc; path = PGPSignatureSubpacketCreationTime.m; sourceTree = "<group>"; };
		751E07341937D53900CA7946 /* PGPOnePassSignaturePacket.h */ = {isa = PBXFileReference; fileEncoding = 4; lastKnownFileType = sourcecode.c.h; path = PGPOnePassSignaturePacket.h; sourceTree = "<group>"; };
		751E07351937D53900CA7946 /* PGPOnePassSignaturePacket.m */ = {isa = PBXFileReference; fileEncoding = 4; lastKnownFileType = sourcecode.c.objc; path = PGPOnePassSignaturePacket.m; sourceTree = "<group>"; };
		752B3A791EC8EB9A003F6C22 /* PGPLogging.h */ = {isa = PBXFileReference; lastKnownFileType = sourcecode.c.h; path = PGPLogging.h; sourceTree = "<group>"; };
		752DE5BA1EEE26C200637E38 /* PGPExportableProtocol.h */ = {isa = PBXFileReference; lastKnownFileType = sourcecode.c.h; path = PGPExportableProtocol.h; sourceTree = "<group>"; };
		752DE5BD1EEE3BE800637E38 /* PGPMacros.h */ = {isa = PBXFileReference; lastKnownFileType = sourcecode.c.h; path = PGPMacros.h; sourceTree = "<group>"; };
		7538C0DD1CDCF47B00A8F136 /* issue35-message.asc */ = {isa = PBXFileReference; fileEncoding = 4; lastKnownFileType = text; path = "issue35-message.asc"; sourceTree = "<group>"; };
		753A65ED19487E3D0011A729 /* PGPSymmetricallyEncryptedDataPacket.h */ = {isa = PBXFileReference; fileEncoding = 4; lastKnownFileType = sourcecode.c.h; path = PGPSymmetricallyEncryptedDataPacket.h; sourceTree = "<group>"; };
		753A65EE19487E3D0011A729 /* PGPSymmetricallyEncryptedDataPacket.m */ = {isa = PBXFileReference; fileEncoding = 4; lastKnownFileType = sourcecode.c.objc; path = PGPSymmetricallyEncryptedDataPacket.m; sourceTree = "<group>"; };
		753B05421EF3E03800785EBC /* issue62-message.asc */ = {isa = PBXFileReference; lastKnownFileType = text; path = "issue62-message.asc"; sourceTree = "<group>"; };
		754351861ED268B400896236 /* PGPCryptoHash.m */ = {isa = PBXFileReference; fileEncoding = 4; lastKnownFileType = sourcecode.c.objc; path = PGPCryptoHash.m; sourceTree = "<group>"; };
		7547A6BF1F0068FB002C2145 /* Security.framework */ = {isa = PBXFileReference; lastKnownFileType = wrapper.framework; name = Security.framework; path = System/Library/Frameworks/Security.framework; sourceTree = SDKROOT; };
		7547A6C61F007EF6002C2145 /* PGPBigNum.h */ = {isa = PBXFileReference; lastKnownFileType = sourcecode.c.h; path = PGPBigNum.h; sourceTree = "<group>"; };
		7547A6C71F007EF6002C2145 /* PGPBigNum.m */ = {isa = PBXFileReference; lastKnownFileType = sourcecode.c.objc; path = PGPBigNum.m; sourceTree = "<group>"; };
		7547A6CA1F0080CF002C2145 /* PGPBigNum+Private.h */ = {isa = PBXFileReference; lastKnownFileType = sourcecode.c.h; path = "PGPBigNum+Private.h"; sourceTree = "<group>"; };
		7547A6CC1F00842A002C2145 /* libbz2.tbd */ = {isa = PBXFileReference; lastKnownFileType = "sourcecode.text-based-dylib-definition"; name = libbz2.tbd; path = usr/lib/libbz2.tbd; sourceTree = SDKROOT; };
		7547A6CE1F008437002C2145 /* libz.tbd */ = {isa = PBXFileReference; lastKnownFileType = "sourcecode.text-based-dylib-definition"; name = libz.tbd; path = usr/lib/libz.tbd; sourceTree = SDKROOT; };
		7547A6D01F0085E8002C2145 /* Security.framework */ = {isa = PBXFileReference; lastKnownFileType = wrapper.framework; name = Security.framework; path = Platforms/iPhoneOS.platform/Developer/SDKs/iPhoneOS11.0.sdk/System/Library/Frameworks/Security.framework; sourceTree = DEVELOPER_DIR; };
		755456BE192843E700E5526B /* PGPArmor.h */ = {isa = PBXFileReference; fileEncoding = 4; lastKnownFileType = sourcecode.c.h; path = PGPArmor.h; sourceTree = "<group>"; };
		755456BF192843E700E5526B /* PGPArmor.m */ = {isa = PBXFileReference; fileEncoding = 4; lastKnownFileType = sourcecode.c.objc; path = PGPArmor.m; sourceTree = "<group>"; };
		75572E281ED2193C00205871 /* PGPCryptoHash.h */ = {isa = PBXFileReference; fileEncoding = 4; lastKnownFileType = sourcecode.c.h; path = PGPCryptoHash.h; sourceTree = "<group>"; };
		75616A5E1F13B4A400336240 /* PGPSignaturePacket+Private.h */ = {isa = PBXFileReference; lastKnownFileType = sourcecode.c.h; path = "PGPSignaturePacket+Private.h"; sourceTree = "<group>"; };
		75616A601F13B4EC00336240 /* PGPSignatureSubpacket+Private.h */ = {isa = PBXFileReference; lastKnownFileType = sourcecode.c.h; path = "PGPSignatureSubpacket+Private.h"; sourceTree = "<group>"; };
		75616A641F13B5B800336240 /* PGPSignatureSubpacketHeader.h */ = {isa = PBXFileReference; lastKnownFileType = sourcecode.c.h; path = PGPSignatureSubpacketHeader.h; sourceTree = "<group>"; };
		75616A651F13B5B800336240 /* PGPSignatureSubpacketHeader.m */ = {isa = PBXFileReference; lastKnownFileType = sourcecode.c.objc; path = PGPSignatureSubpacketHeader.m; sourceTree = "<group>"; };
		7562858C19239F1B00127E24 /* PGPFingerprint.h */ = {isa = PBXFileReference; fileEncoding = 4; lastKnownFileType = sourcecode.c.h; path = PGPFingerprint.h; sourceTree = "<group>"; };
		7562858D19239F1B00127E24 /* PGPFingerprint.m */ = {isa = PBXFileReference; fileEncoding = 4; lastKnownFileType = sourcecode.c.objc; path = PGPFingerprint.m; sourceTree = "<group>"; };
		756299B81914DE1A00C5AD3B /* Foundation.framework */ = {isa = PBXFileReference; lastKnownFileType = wrapper.framework; name = Foundation.framework; path = System/Library/Frameworks/Foundation.framework; sourceTree = SDKROOT; };
		756299BC1914DE1A00C5AD3B /* ObjectivePGP-Prefix.pch */ = {isa = PBXFileReference; lastKnownFileType = sourcecode.c.h; path = "ObjectivePGP-Prefix.pch"; sourceTree = "<group>"; };
		756299BD1914DE1A00C5AD3B /* ObjectivePGP.h */ = {isa = PBXFileReference; lastKnownFileType = sourcecode.c.h; lineEnding = 0; path = ObjectivePGP.h; sourceTree = "<group>"; };
		756299BF1914DE1A00C5AD3B /* ObjectivePGPObject.m */ = {isa = PBXFileReference; lastKnownFileType = sourcecode.c.objc; lineEnding = 0; path = ObjectivePGPObject.m; sourceTree = "<group>"; xcLanguageSpecificationIdentifier = xcode.lang.objc; };
		756299C51914DE1A00C5AD3B /* ObjectivePGPTests.xctest */ = {isa = PBXFileReference; explicitFileType = wrapper.cfbundle; includeInIndex = 0; path = ObjectivePGPTests.xctest; sourceTree = BUILT_PRODUCTS_DIR; };
		756299D01914DE1A00C5AD3B /* ObjectivePGPTests-Info.plist */ = {isa = PBXFileReference; lastKnownFileType = text.plist.xml; path = "ObjectivePGPTests-Info.plist"; sourceTree = "<group>"; };
		756299D21914DE1A00C5AD3B /* en */ = {isa = PBXFileReference; lastKnownFileType = text.plist.strings; name = en; path = en.lproj/InfoPlist.strings; sourceTree = "<group>"; };
		756299D41914DE1A00C5AD3B /* ObjectivePGPTests.m */ = {isa = PBXFileReference; lastKnownFileType = sourcecode.c.objc; lineEnding = 0; path = ObjectivePGPTests.m; sourceTree = "<group>"; xcLanguageSpecificationIdentifier = xcode.lang.objc; };
		756299E51915AF0700C5AD3B /* PGPPublicKeyPacket.h */ = {isa = PBXFileReference; fileEncoding = 4; lastKnownFileType = sourcecode.c.h; path = PGPPublicKeyPacket.h; sourceTree = "<group>"; };
		756299E61915AF0700C5AD3B /* PGPPublicKeyPacket.m */ = {isa = PBXFileReference; fileEncoding = 4; lastKnownFileType = sourcecode.c.objc; path = PGPPublicKeyPacket.m; sourceTree = "<group>"; };
		7563356B19255C1A00414CCC /* PGPUser.h */ = {isa = PBXFileReference; fileEncoding = 4; lastKnownFileType = sourcecode.c.h; path = PGPUser.h; sourceTree = "<group>"; };
		7563356C19255C1A00414CCC /* PGPUser.m */ = {isa = PBXFileReference; fileEncoding = 4; lastKnownFileType = sourcecode.c.objc; path = PGPUser.m; sourceTree = "<group>"; };
		7563356E192582CD00414CCC /* PGPSubKey.h */ = {isa = PBXFileReference; fileEncoding = 4; lastKnownFileType = sourcecode.c.h; path = PGPSubKey.h; sourceTree = "<group>"; };
		7563356F192582CD00414CCC /* PGPSubKey.m */ = {isa = PBXFileReference; fileEncoding = 4; lastKnownFileType = sourcecode.c.objc; path = PGPSubKey.m; sourceTree = "<group>"; };
		7563357219258F1700414CCC /* pubring-test-encrypted.gpg */ = {isa = PBXFileReference; lastKnownFileType = file; path = "pubring-test-encrypted.gpg"; sourceTree = "<group>"; };
		7563357319258F1700414CCC /* pubring-test-plaintext.gpg */ = {isa = PBXFileReference; lastKnownFileType = file; path = "pubring-test-plaintext.gpg"; sourceTree = "<group>"; };
		7563357419258F1700414CCC /* secring-test-encrypted.gpg */ = {isa = PBXFileReference; lastKnownFileType = file; path = "secring-test-encrypted.gpg"; sourceTree = "<group>"; };
		7563357519258F1700414CCC /* secring-test-plaintext.gpg */ = {isa = PBXFileReference; lastKnownFileType = file; path = "secring-test-plaintext.gpg"; sourceTree = "<group>"; };
		7563357A19258F7100414CCC /* ObjectivePGPTestKeyringSecurePlaintext.m */ = {isa = PBXFileReference; fileEncoding = 4; lastKnownFileType = sourcecode.c.objc; path = ObjectivePGPTestKeyringSecurePlaintext.m; sourceTree = "<group>"; };
		7563357C1925936900414CCC /* ObjectivePGPTestKeyringSecureEncrypted.m */ = {isa = PBXFileReference; fileEncoding = 4; lastKnownFileType = sourcecode.c.objc; path = ObjectivePGPTestKeyringSecureEncrypted.m; sourceTree = "<group>"; };
		75734BD019181E5500A54D6E /* PGPPacketFactory.m */ = {isa = PBXFileReference; fileEncoding = 4; lastKnownFileType = sourcecode.c.objc; path = PGPPacketFactory.m; sourceTree = "<group>"; };
		75734BD61918462900A54D6E /* PGPTrustPacket.h */ = {isa = PBXFileReference; fileEncoding = 4; lastKnownFileType = sourcecode.c.h; path = PGPTrustPacket.h; sourceTree = "<group>"; };
		75734BD71918462900A54D6E /* PGPTrustPacket.m */ = {isa = PBXFileReference; fileEncoding = 4; lastKnownFileType = sourcecode.c.objc; path = PGPTrustPacket.m; sourceTree = "<group>"; };
		75734BD9191853DF00A54D6E /* PGPKeyID.h */ = {isa = PBXFileReference; fileEncoding = 4; lastKnownFileType = sourcecode.c.h; path = PGPKeyID.h; sourceTree = "<group>"; };
		75734BDA191853DF00A54D6E /* PGPKeyID.m */ = {isa = PBXFileReference; fileEncoding = 4; lastKnownFileType = sourcecode.c.objc; path = PGPKeyID.m; sourceTree = "<group>"; };
		7575BE5A1F00927800121BEA /* libbz2.tbd */ = {isa = PBXFileReference; lastKnownFileType = "sourcecode.text-based-dylib-definition"; name = libbz2.tbd; path = Platforms/iPhoneOS.platform/Developer/SDKs/iPhoneOS11.0.sdk/usr/lib/libbz2.tbd; sourceTree = DEVELOPER_DIR; };
		7575BE5C1F00927F00121BEA /* libz.tbd */ = {isa = PBXFileReference; lastKnownFileType = "sourcecode.text-based-dylib-definition"; name = libz.tbd; path = Platforms/iPhoneOS.platform/Developer/SDKs/iPhoneOS11.0.sdk/usr/lib/libz.tbd; sourceTree = DEVELOPER_DIR; };
		757DDE7A1919338700A30F84 /* PGPPacket.h */ = {isa = PBXFileReference; fileEncoding = 4; lastKnownFileType = sourcecode.c.h; path = PGPPacket.h; sourceTree = "<group>"; };
		757DDE7B1919371600A30F84 /* PGPPacket.m */ = {isa = PBXFileReference; fileEncoding = 4; lastKnownFileType = sourcecode.c.objc; path = PGPPacket.m; sourceTree = "<group>"; };
		758042711EF3CC95001ECAC6 /* issue62-keys.asc */ = {isa = PBXFileReference; lastKnownFileType = text; path = "issue62-keys.asc"; sourceTree = "<group>"; };
		75804A241EED159300AC97BF /* PGPKey+Private.h */ = {isa = PBXFileReference; lastKnownFileType = sourcecode.c.h; path = "PGPKey+Private.h"; sourceTree = "<group>"; };
		758475E1195AF866003953B2 /* README.md */ = {isa = PBXFileReference; lastKnownFileType = text; path = README.md; sourceTree = "<group>"; };
		758514EA1EDF09C400CB313F /* PGPFoundation.h */ = {isa = PBXFileReference; fileEncoding = 4; lastKnownFileType = sourcecode.c.h; path = PGPFoundation.h; sourceTree = "<group>"; };
		758514EB1EDF09C400CB313F /* PGPFoundation.m */ = {isa = PBXFileReference; fileEncoding = 4; lastKnownFileType = sourcecode.c.objc; path = PGPFoundation.m; sourceTree = "<group>"; };
		758514EE1EDF3D7100CB313F /* PGPKey.h */ = {isa = PBXFileReference; fileEncoding = 4; lastKnownFileType = sourcecode.c.h; path = PGPKey.h; sourceTree = "<group>"; };
		758514EF1EDF3D7100CB313F /* PGPKey.m */ = {isa = PBXFileReference; fileEncoding = 4; lastKnownFileType = sourcecode.c.objc; path = PGPKey.m; sourceTree = "<group>"; };
		7590B7AB1ED9BFF7009A0E92 /* issue44-keys.asc */ = {isa = PBXFileReference; fileEncoding = 4; lastKnownFileType = text; path = "issue44-keys.asc"; sourceTree = "<group>"; };
		7597B79A192E9C7F003ABC65 /* PGPPKCSEmsa.h */ = {isa = PBXFileReference; fileEncoding = 4; lastKnownFileType = sourcecode.c.h; path = PGPPKCSEmsa.h; sourceTree = "<group>"; };
		7597B79B192E9C7F003ABC65 /* PGPPKCSEmsa.m */ = {isa = PBXFileReference; fileEncoding = 4; lastKnownFileType = sourcecode.c.objc; path = PGPPKCSEmsa.m; sourceTree = "<group>"; };
		759DBA121915B5BD00305549 /* NSData+PGPUtils.h */ = {isa = PBXFileReference; fileEncoding = 4; lastKnownFileType = sourcecode.c.h; lineEnding = 0; path = "NSData+PGPUtils.h"; sourceTree = "<group>"; xcLanguageSpecificationIdentifier = xcode.lang.objcpp; };
		759DBA131915B5BD00305549 /* NSData+PGPUtils.m */ = {isa = PBXFileReference; fileEncoding = 4; lastKnownFileType = sourcecode.c.objc; lineEnding = 0; path = "NSData+PGPUtils.m"; sourceTree = "<group>"; xcLanguageSpecificationIdentifier = xcode.lang.objc; };
		759DBA151915BC0400305549 /* PGPTypes.h */ = {isa = PBXFileReference; fileEncoding = 4; lastKnownFileType = sourcecode.c.h; path = PGPTypes.h; sourceTree = "<group>"; };
		759DBA161915CBDF00305549 /* PGPMPI.h */ = {isa = PBXFileReference; fileEncoding = 4; lastKnownFileType = sourcecode.c.h; path = PGPMPI.h; sourceTree = "<group>"; };
		759DBA171915CBDF00305549 /* PGPMPI.m */ = {isa = PBXFileReference; fileEncoding = 4; lastKnownFileType = sourcecode.c.objc; path = PGPMPI.m; sourceTree = "<group>"; };
		75A5C152193CE3F6008A2543 /* NSData+compression.h */ = {isa = PBXFileReference; fileEncoding = 4; lastKnownFileType = sourcecode.c.h; path = "NSData+compression.h"; sourceTree = "<group>"; };
		75A5C153193CE3F6008A2543 /* NSData+compression.m */ = {isa = PBXFileReference; fileEncoding = 4; lastKnownFileType = sourcecode.c.objc; path = "NSData+compression.m"; sourceTree = "<group>"; };
		75AE7E241941C567004DD6A5 /* PGPPublicKeyEncryptedSessionKeyPacket.h */ = {isa = PBXFileReference; fileEncoding = 4; lastKnownFileType = sourcecode.c.h; path = PGPPublicKeyEncryptedSessionKeyPacket.h; sourceTree = "<group>"; };
		75AE7E251941C567004DD6A5 /* PGPPublicKeyEncryptedSessionKeyPacket.m */ = {isa = PBXFileReference; fileEncoding = 4; lastKnownFileType = sourcecode.c.objc; path = PGPPublicKeyEncryptedSessionKeyPacket.m; sourceTree = "<group>"; };
		75AE7E27194224CD004DD6A5 /* PGPPKCSEme.h */ = {isa = PBXFileReference; fileEncoding = 4; lastKnownFileType = sourcecode.c.h; path = PGPPKCSEme.h; sourceTree = "<group>"; };
		75AE7E28194224CD004DD6A5 /* PGPPKCSEme.m */ = {isa = PBXFileReference; fileEncoding = 4; lastKnownFileType = sourcecode.c.objc; path = PGPPKCSEme.m; sourceTree = "<group>"; };
		75AEC4631930B5E400974CBE /* PGPLiteralPacket.h */ = {isa = PBXFileReference; fileEncoding = 4; lastKnownFileType = sourcecode.c.h; path = PGPLiteralPacket.h; sourceTree = "<group>"; };
		75AEC4641930B5E400974CBE /* PGPLiteralPacket.m */ = {isa = PBXFileReference; fileEncoding = 4; lastKnownFileType = sourcecode.c.objc; path = PGPLiteralPacket.m; sourceTree = "<group>"; };
		75AEC4661930FC0B00974CBE /* PGPUserAttributePacket.h */ = {isa = PBXFileReference; fileEncoding = 4; lastKnownFileType = sourcecode.c.h; path = PGPUserAttributePacket.h; sourceTree = "<group>"; };
		75AEC4671930FC0B00974CBE /* PGPUserAttributePacket.m */ = {isa = PBXFileReference; fileEncoding = 4; lastKnownFileType = sourcecode.c.objc; path = PGPUserAttributePacket.m; sourceTree = "<group>"; };
		75AEC4691930FD3000974CBE /* PGPUserAttributeSubpacket.h */ = {isa = PBXFileReference; fileEncoding = 4; lastKnownFileType = sourcecode.c.h; path = PGPUserAttributeSubpacket.h; sourceTree = "<group>"; };
		75AEC46A1930FD3000974CBE /* PGPUserAttributeSubpacket.m */ = {isa = PBXFileReference; fileEncoding = 4; lastKnownFileType = sourcecode.c.objc; path = PGPUserAttributeSubpacket.m; sourceTree = "<group>"; };
		75B39528193C6FA100297C8D /* PGPCompressedPacket.h */ = {isa = PBXFileReference; fileEncoding = 4; lastKnownFileType = sourcecode.c.h; path = PGPCompressedPacket.h; sourceTree = "<group>"; };
		75B39529193C6FA100297C8D /* PGPCompressedPacket.m */ = {isa = PBXFileReference; fileEncoding = 4; lastKnownFileType = sourcecode.c.objc; path = PGPCompressedPacket.m; sourceTree = "<group>"; };
		75B926891CBA3A0200B3EF41 /* issue22-original.asc */ = {isa = PBXFileReference; fileEncoding = 4; lastKnownFileType = text; path = "issue22-original.asc"; sourceTree = "<group>"; };
		75BAFAC41F004E6000A956FC /* Defaults.xcconfig */ = {isa = PBXFileReference; lastKnownFileType = text.xcconfig; path = Defaults.xcconfig; sourceTree = "<group>"; };
		75BAFAC51F0050A000A956FC /* Defaults-Release.xcconfig */ = {isa = PBXFileReference; lastKnownFileType = text.xcconfig; path = "Defaults-Release.xcconfig"; sourceTree = "<group>"; };
		75BAFAC61F0050A000A956FC /* Defaults-Debug.xcconfig */ = {isa = PBXFileReference; lastKnownFileType = text.xcconfig; path = "Defaults-Debug.xcconfig"; sourceTree = "<group>"; };
		75C4F0E11920FF5F005401A4 /* PGPCryptoUtils.h */ = {isa = PBXFileReference; fileEncoding = 4; lastKnownFileType = sourcecode.c.h; lineEnding = 0; path = PGPCryptoUtils.h; sourceTree = "<group>"; xcLanguageSpecificationIdentifier = xcode.lang.objcpp; };
		75C4F0E21920FF5F005401A4 /* PGPCryptoUtils.m */ = {isa = PBXFileReference; fileEncoding = 4; lastKnownFileType = sourcecode.c.objc; path = PGPCryptoUtils.m; sourceTree = "<group>"; };
		75C4F0E4192163A3005401A4 /* PGPModificationDetectionCodePacket.h */ = {isa = PBXFileReference; fileEncoding = 4; lastKnownFileType = sourcecode.c.h; path = PGPModificationDetectionCodePacket.h; sourceTree = "<group>"; };
		75C4F0E5192163A3005401A4 /* PGPModificationDetectionCodePacket.m */ = {isa = PBXFileReference; fileEncoding = 4; lastKnownFileType = sourcecode.c.objc; path = PGPModificationDetectionCodePacket.m; sourceTree = "<group>"; };
		75C501E41F12337800FEC874 /* PGPRSA.m */ = {isa = PBXFileReference; lastKnownFileType = sourcecode.c.objc; path = PGPRSA.m; sourceTree = "<group>"; };
		75C501E51F12337800FEC874 /* PGPRSA.h */ = {isa = PBXFileReference; lastKnownFileType = sourcecode.c.h; path = PGPRSA.h; sourceTree = "<group>"; };
		75C502041F12C00300FEC874 /* PGPPublicKeyPacket+Private.h */ = {isa = PBXFileReference; lastKnownFileType = sourcecode.c.h; path = "PGPPublicKeyPacket+Private.h"; sourceTree = "<group>"; };
		75C502061F12C06E00FEC874 /* PGPPacket+Private.h */ = {isa = PBXFileReference; lastKnownFileType = sourcecode.c.h; path = "PGPPacket+Private.h"; sourceTree = "<group>"; };
		75C502081F12C17400FEC874 /* PGPSecretKeyPacket+Private.h */ = {isa = PBXFileReference; lastKnownFileType = sourcecode.c.h; path = "PGPSecretKeyPacket+Private.h"; sourceTree = "<group>"; };
		75CA419B1CDF775900887C62 /* issue35-key.asc */ = {isa = PBXFileReference; fileEncoding = 4; lastKnownFileType = text; path = "issue35-key.asc"; sourceTree = "<group>"; };
		75D53ADE1A2FCDEE00ED9707 /* multiple-keys.asc */ = {isa = PBXFileReference; fileEncoding = 4; lastKnownFileType = text; path = "multiple-keys.asc"; sourceTree = "<group>"; };
		75DA1356191A4E65004C9C76 /* PGPSecretKeyPacket.h */ = {isa = PBXFileReference; fileEncoding = 4; lastKnownFileType = sourcecode.c.h; path = PGPSecretKeyPacket.h; sourceTree = "<group>"; };
		75DA1357191A4E65004C9C76 /* PGPSecretKeyPacket.m */ = {isa = PBXFileReference; fileEncoding = 4; lastKnownFileType = sourcecode.c.objc; path = PGPSecretKeyPacket.m; sourceTree = "<group>"; };
		75DA1359191A4EA6004C9C76 /* PGPSecretSubKeyPacket.h */ = {isa = PBXFileReference; fileEncoding = 4; lastKnownFileType = sourcecode.c.h; path = PGPSecretSubKeyPacket.h; sourceTree = "<group>"; };
		75DA135A191A4EA6004C9C76 /* PGPSecretSubKeyPacket.m */ = {isa = PBXFileReference; fileEncoding = 4; lastKnownFileType = sourcecode.c.objc; path = PGPSecretSubKeyPacket.m; sourceTree = "<group>"; };
		75DA135C191AE1D6004C9C76 /* PGPS2K.h */ = {isa = PBXFileReference; fileEncoding = 4; lastKnownFileType = sourcecode.c.h; path = PGPS2K.h; sourceTree = "<group>"; };
		75DA135D191AE1D6004C9C76 /* PGPS2K.m */ = {isa = PBXFileReference; fileEncoding = 4; lastKnownFileType = sourcecode.c.objc; path = PGPS2K.m; sourceTree = "<group>"; };
		75E7B6B61916493600C96BAB /* PGPPublicSubKeyPacket.h */ = {isa = PBXFileReference; fileEncoding = 4; lastKnownFileType = sourcecode.c.h; path = PGPPublicSubKeyPacket.h; sourceTree = "<group>"; };
		75E7B6B71916493600C96BAB /* PGPPublicSubKeyPacket.m */ = {isa = PBXFileReference; fileEncoding = 4; lastKnownFileType = sourcecode.c.objc; path = PGPPublicSubKeyPacket.m; sourceTree = "<group>"; };
		75E7B6B919167EFF00C96BAB /* PGPSignaturePacket.h */ = {isa = PBXFileReference; fileEncoding = 4; lastKnownFileType = sourcecode.c.h; path = PGPSignaturePacket.h; sourceTree = "<group>"; };
		75E7B6BA19167EFF00C96BAB /* PGPSignaturePacket.m */ = {isa = PBXFileReference; fileEncoding = 4; lastKnownFileType = sourcecode.c.objc; path = PGPSignaturePacket.m; sourceTree = "<group>"; };
		75E7B6BC19167F1700C96BAB /* PGPPacketFactory.h */ = {isa = PBXFileReference; fileEncoding = 4; lastKnownFileType = sourcecode.c.h; path = PGPPacketFactory.h; sourceTree = "<group>"; };
		75F67F651F0F672B00FBEFCE /* Security.framework */ = {isa = PBXFileReference; lastKnownFileType = wrapper.framework; name = Security.framework; path = Platforms/iPhoneOS.platform/Developer/SDKs/iPhoneOS10.3.sdk/System/Library/Frameworks/Security.framework; sourceTree = DEVELOPER_DIR; };
		75FE9806193FB46200613549 /* PGPSymmetricallyEncryptedIntegrityProtectedDataPacket.h */ = {isa = PBXFileReference; fileEncoding = 4; lastKnownFileType = sourcecode.c.h; path = PGPSymmetricallyEncryptedIntegrityProtectedDataPacket.h; sourceTree = "<group>"; };
		75FE9807193FB46200613549 /* PGPSymmetricallyEncryptedIntegrityProtectedDataPacket.m */ = {isa = PBXFileReference; fileEncoding = 4; lastKnownFileType = sourcecode.c.objc; path = PGPSymmetricallyEncryptedIntegrityProtectedDataPacket.m; sourceTree = "<group>"; };
/* End PBXFileReference section */

/* Begin PBXFrameworksBuildPhase section */
		750F89301F0D6A3F00B99726 /* Frameworks */ = {
			isa = PBXFrameworksBuildPhase;
			buildActionMask = 2147483647;
			files = (
			);
			runOnlyForDeploymentPostprocessing = 0;
		};
		756299C21914DE1A00C5AD3B /* Frameworks */ = {
			isa = PBXFrameworksBuildPhase;
			buildActionMask = 2147483647;
			files = (
				756299C81914DE1A00C5AD3B /* Foundation.framework in Frameworks */,
				7547A6D11F0085E8002C2145 /* Security.framework in Frameworks */,
				7537A6DB1F0D74C500892829 /* ObjectivePGP.framework in Frameworks */,
				7575BE5D1F00927F00121BEA /* libz.tbd in Frameworks */,
				7575BE5B1F00927800121BEA /* libbz2.tbd in Frameworks */,
			);
			runOnlyForDeploymentPostprocessing = 0;
		};
/* End PBXFrameworksBuildPhase section */

/* Begin PBXGroup section */
		7507B72519170E6D003A2DC7 /* PGPSignature */ = {
			isa = PBXGroup;
			children = (
				75E7B6B919167EFF00C96BAB /* PGPSignaturePacket.h */,
				75616A5E1F13B4A400336240 /* PGPSignaturePacket+Private.h */,
				75E7B6BA19167EFF00C96BAB /* PGPSignaturePacket.m */,
				7502CEFD1916DCE9001B32D7 /* PGPSignatureSubpacket.h */,
				75616A601F13B4EC00336240 /* PGPSignatureSubpacket+Private.h */,
				7502CEFE1916DCE9001B32D7 /* PGPSignatureSubpacket.m */,
				7513A8891F13ED6B00CF48FD /* PGPSignatureSubpacketCreationTime.h */,
				7513A88A1F13ED6B00CF48FD /* PGPSignatureSubpacketCreationTime.m */,
				751E07341937D53900CA7946 /* PGPOnePassSignaturePacket.h */,
				751E07351937D53900CA7946 /* PGPOnePassSignaturePacket.m */,
				75616A641F13B5B800336240 /* PGPSignatureSubpacketHeader.h */,
				75616A651F13B5B800336240 /* PGPSignatureSubpacketHeader.m */,
			);
			name = PGPSignature;
			sourceTree = "<group>";
		};
		750F89351F0D6A3F00B99726 /* ObjectivePGP */ = {
			isa = PBXGroup;
			children = (
				750F89361F0D6A3F00B99726 /* ObjectivePGP.h */,
				750F89371F0D6A3F00B99726 /* Info.plist */,
			);
			path = ObjectivePGP;
			sourceTree = "<group>";
		};
		75572E231ED2186300205871 /* CryptoBox */ = {
			isa = PBXGroup;
			children = (
				75572E281ED2193C00205871 /* PGPCryptoHash.h */,
				754351861ED268B400896236 /* PGPCryptoHash.m */,
				75C501E51F12337800FEC874 /* PGPRSA.h */,
				75C501E41F12337800FEC874 /* PGPRSA.m */,
			);
			path = CryptoBox;
			sourceTree = "<group>";
		};
		756299AC1914DE1A00C5AD3B = {
			isa = PBXGroup;
			children = (
				758475E1195AF866003953B2 /* README.md */,
				75BAFAC31F004E6000A956FC /* Config */,
				756299BA1914DE1A00C5AD3B /* ObjectivePGP */,
				756299CE1914DE1A00C5AD3B /* ObjectivePGPTests */,
				750F89351F0D6A3F00B99726 /* ObjectivePGP */,
				756299B71914DE1A00C5AD3B /* Frameworks */,
				756299B61914DE1A00C5AD3B /* Products */,
			);
			sourceTree = "<group>";
		};
		756299B61914DE1A00C5AD3B /* Products */ = {
			isa = PBXGroup;
			children = (
				756299C51914DE1A00C5AD3B /* ObjectivePGPTests.xctest */,
				750F89341F0D6A3F00B99726 /* ObjectivePGP.framework */,
			);
			name = Products;
			sourceTree = "<group>";
		};
		756299B71914DE1A00C5AD3B /* Frameworks */ = {
			isa = PBXGroup;
			children = (
				75F67F651F0F672B00FBEFCE /* Security.framework */,
				7575BE5C1F00927F00121BEA /* libz.tbd */,
				7575BE5A1F00927800121BEA /* libbz2.tbd */,
				7547A6D01F0085E8002C2145 /* Security.framework */,
				7547A6CE1F008437002C2145 /* libz.tbd */,
				7547A6CC1F00842A002C2145 /* libbz2.tbd */,
				7547A6BF1F0068FB002C2145 /* Security.framework */,
				756299B81914DE1A00C5AD3B /* Foundation.framework */,
			);
			name = Frameworks;
			sourceTree = "<group>";
		};
		756299BA1914DE1A00C5AD3B /* ObjectivePGP */ = {
			isa = PBXGroup;
			children = (
				75572E231ED2186300205871 /* CryptoBox */,
				75E7B6B41916478000C96BAB /* Utility */,
				756299BD1914DE1A00C5AD3B /* ObjectivePGP.h */,
				750F89641F0D701E00B99726 /* ObjectivePGPObject.h */,
				756299BF1914DE1A00C5AD3B /* ObjectivePGPObject.m */,
				752DE5BD1EEE3BE800637E38 /* PGPMacros.h */,
				758514EA1EDF09C400CB313F /* PGPFoundation.h */,
				759DBA151915BC0400305549 /* PGPTypes.h */,
				758514EB1EDF09C400CB313F /* PGPFoundation.m */,
				7547A6CA1F0080CF002C2145 /* PGPBigNum+Private.h */,
				7547A6C61F007EF6002C2145 /* PGPBigNum.h */,
				7547A6C71F007EF6002C2145 /* PGPBigNum.m */,
				75E7B6B51916478D00C96BAB /* Packets */,
				759DBA161915CBDF00305549 /* PGPMPI.h */,
				759DBA171915CBDF00305549 /* PGPMPI.m */,
				7562858C19239F1B00127E24 /* PGPFingerprint.h */,
				7562858D19239F1B00127E24 /* PGPFingerprint.m */,
				75DA135C191AE1D6004C9C76 /* PGPS2K.h */,
				75DA135D191AE1D6004C9C76 /* PGPS2K.m */,
				75734BD9191853DF00A54D6E /* PGPKeyID.h */,
				75734BDA191853DF00A54D6E /* PGPKeyID.m */,
				7563356B19255C1A00414CCC /* PGPUser.h */,
				7563356C19255C1A00414CCC /* PGPUser.m */,
				7563356E192582CD00414CCC /* PGPSubKey.h */,
				7563356F192582CD00414CCC /* PGPSubKey.m */,
				750EE3C21922C185009E818E /* PGPPartialKey.h */,
				750EE3C31922C185009E818E /* PGPPartialKey.m */,
				758514EE1EDF3D7100CB313F /* PGPKey.h */,
				758514EF1EDF3D7100CB313F /* PGPKey.m */,
				75804A241EED159300AC97BF /* PGPKey+Private.h */,
				752DE5BA1EEE26C200637E38 /* PGPExportableProtocol.h */,
				755456BE192843E700E5526B /* PGPArmor.h */,
				755456BF192843E700E5526B /* PGPArmor.m */,
				7597B79A192E9C7F003ABC65 /* PGPPKCSEmsa.h */,
				7597B79B192E9C7F003ABC65 /* PGPPKCSEmsa.m */,
				75AE7E27194224CD004DD6A5 /* PGPPKCSEme.h */,
				75AE7E28194224CD004DD6A5 /* PGPPKCSEme.m */,
				751056111940A76F00653C0B /* PGPCryptoCFB.h */,
				751056121940A76F00653C0B /* PGPCryptoCFB.m */,
				752B3A791EC8EB9A003F6C22 /* PGPLogging.h */,
				756299BB1914DE1A00C5AD3B /* Supporting Files */,
			);
			path = ObjectivePGP;
			sourceTree = "<group>";
		};
		756299BB1914DE1A00C5AD3B /* Supporting Files */ = {
			isa = PBXGroup;
			children = (
				756299BC1914DE1A00C5AD3B /* ObjectivePGP-Prefix.pch */,
			);
			name = "Supporting Files";
			sourceTree = "<group>";
		};
		756299CE1914DE1A00C5AD3B /* ObjectivePGPTests */ = {
			isa = PBXGroup;
			children = (
				7563357119258F1700414CCC /* TestingFiles */,
				756299D41914DE1A00C5AD3B /* ObjectivePGPTests.m */,
				7563357A19258F7100414CCC /* ObjectivePGPTestKeyringSecurePlaintext.m */,
				7563357C1925936900414CCC /* ObjectivePGPTestKeyringSecureEncrypted.m */,
				75040AB11926BB35000CEA93 /* ObjectivePGPTestArmor.m */,
				756299CF1914DE1A00C5AD3B /* Supporting Files */,
			);
			path = ObjectivePGPTests;
			sourceTree = "<group>";
		};
		756299CF1914DE1A00C5AD3B /* Supporting Files */ = {
			isa = PBXGroup;
			children = (
				756299D01914DE1A00C5AD3B /* ObjectivePGPTests-Info.plist */,
				756299D11914DE1A00C5AD3B /* InfoPlist.strings */,
			);
			name = "Supporting Files";
			sourceTree = "<group>";
		};
		7563357119258F1700414CCC /* TestingFiles */ = {
			isa = PBXGroup;
			children = (
				75B926891CBA3A0200B3EF41 /* issue22-original.asc */,
				7538C0DD1CDCF47B00A8F136 /* issue35-message.asc */,
				75CA419B1CDF775900887C62 /* issue35-key.asc */,
				75D53ADE1A2FCDEE00ED9707 /* multiple-keys.asc */,
				750016A819C22E7100EAF308 /* secring-test-plaintext-encrypted-message.asc */,
				7563357219258F1700414CCC /* pubring-test-encrypted.gpg */,
				7563357319258F1700414CCC /* pubring-test-plaintext.gpg */,
				7563357419258F1700414CCC /* secring-test-encrypted.gpg */,
				7563357519258F1700414CCC /* secring-test-plaintext.gpg */,
				750B43B71ED356D70064BA05 /* issue53-s2k-gnu-dummy.prv.asc */,
				750B43B81ED356D70064BA05 /* issue53-s2k-gnu-dummy.pub.asc */,
				7590B7AB1ED9BFF7009A0E92 /* issue44-keys.asc */,
				758042711EF3CC95001ECAC6 /* issue62-keys.asc */,
				753B05421EF3E03800785EBC /* issue62-message.asc */,
			);
			path = TestingFiles;
			sourceTree = "<group>";
		};
		75BAFAC31F004E6000A956FC /* Config */ = {
			isa = PBXGroup;
			children = (
				75BAFAC41F004E6000A956FC /* Defaults.xcconfig */,
				75BAFAC61F0050A000A956FC /* Defaults-Debug.xcconfig */,
				75BAFAC51F0050A000A956FC /* Defaults-Release.xcconfig */,
				750676C01F005B2F00066408 /* Defaults-Testing.xcconfig */,
			);
			path = Config;
			sourceTree = "<group>";
		};
		75E7B6B41916478000C96BAB /* Utility */ = {
			isa = PBXGroup;
			children = (
				75A5C152193CE3F6008A2543 /* NSData+compression.h */,
				75A5C153193CE3F6008A2543 /* NSData+compression.m */,
				759DBA121915B5BD00305549 /* NSData+PGPUtils.h */,
				759DBA131915B5BD00305549 /* NSData+PGPUtils.m */,
				75C4F0E11920FF5F005401A4 /* PGPCryptoUtils.h */,
				75C4F0E21920FF5F005401A4 /* PGPCryptoUtils.m */,
			);
			name = Utility;
			sourceTree = "<group>";
		};
		75E7B6B51916478D00C96BAB /* Packets */ = {
			isa = PBXGroup;
			children = (
				757DDE7A1919338700A30F84 /* PGPPacket.h */,
				75C502061F12C06E00FEC874 /* PGPPacket+Private.h */,
				757DDE7B1919371600A30F84 /* PGPPacket.m */,
				7507B72519170E6D003A2DC7 /* PGPSignature */,
				75E7B6BC19167F1700C96BAB /* PGPPacketFactory.h */,
				75734BD019181E5500A54D6E /* PGPPacketFactory.m */,
				756299E51915AF0700C5AD3B /* PGPPublicKeyPacket.h */,
				75C502041F12C00300FEC874 /* PGPPublicKeyPacket+Private.h */,
				756299E61915AF0700C5AD3B /* PGPPublicKeyPacket.m */,
				75E7B6B61916493600C96BAB /* PGPPublicSubKeyPacket.h */,
				75E7B6B71916493600C96BAB /* PGPPublicSubKeyPacket.m */,
				75DA1356191A4E65004C9C76 /* PGPSecretKeyPacket.h */,
				75C502081F12C17400FEC874 /* PGPSecretKeyPacket+Private.h */,
				75DA1357191A4E65004C9C76 /* PGPSecretKeyPacket.m */,
				75DA1359191A4EA6004C9C76 /* PGPSecretSubKeyPacket.h */,
				75DA135A191A4EA6004C9C76 /* PGPSecretSubKeyPacket.m */,
				7507B72619170FE3003A2DC7 /* PGPUserIDPacket.h */,
				7507B72719170FE3003A2DC7 /* PGPUserIDPacket.m */,
				75734BD61918462900A54D6E /* PGPTrustPacket.h */,
				75734BD71918462900A54D6E /* PGPTrustPacket.m */,
				75C4F0E4192163A3005401A4 /* PGPModificationDetectionCodePacket.h */,
				75C4F0E5192163A3005401A4 /* PGPModificationDetectionCodePacket.m */,
				75AEC4631930B5E400974CBE /* PGPLiteralPacket.h */,
				75AEC4641930B5E400974CBE /* PGPLiteralPacket.m */,
				75AEC4661930FC0B00974CBE /* PGPUserAttributePacket.h */,
				75AEC4671930FC0B00974CBE /* PGPUserAttributePacket.m */,
				75AEC4691930FD3000974CBE /* PGPUserAttributeSubpacket.h */,
				75AEC46A1930FD3000974CBE /* PGPUserAttributeSubpacket.m */,
				75B39528193C6FA100297C8D /* PGPCompressedPacket.h */,
				75B39529193C6FA100297C8D /* PGPCompressedPacket.m */,
				75FE9806193FB46200613549 /* PGPSymmetricallyEncryptedIntegrityProtectedDataPacket.h */,
				75FE9807193FB46200613549 /* PGPSymmetricallyEncryptedIntegrityProtectedDataPacket.m */,
				753A65ED19487E3D0011A729 /* PGPSymmetricallyEncryptedDataPacket.h */,
				753A65EE19487E3D0011A729 /* PGPSymmetricallyEncryptedDataPacket.m */,
				75AE7E241941C567004DD6A5 /* PGPPublicKeyEncryptedSessionKeyPacket.h */,
				75AE7E251941C567004DD6A5 /* PGPPublicKeyEncryptedSessionKeyPacket.m */,
			);
			name = Packets;
			sourceTree = "<group>";
		};
/* End PBXGroup section */

/* Begin PBXHeadersBuildPhase section */
		750F89311F0D6A3F00B99726 /* Headers */ = {
			isa = PBXHeadersBuildPhase;
			buildActionMask = 2147483647;
			files = (
				753ADD9A1F0EC638005E1497 /* ObjectivePGP.h in Headers */,
				7537A6AD1F0D739A00892829 /* PGPCryptoHash.h in Headers */,
				7537A6AE1F0D739A00892829 /* NSData+compression.h in Headers */,
				7537A6AF1F0D739A00892829 /* NSData+PGPUtils.h in Headers */,
				7537A6B01F0D739A00892829 /* PGPCryptoUtils.h in Headers */,
				7537A6B21F0D739A00892829 /* PGPMacros.h in Headers */,
				7537A6B31F0D739A00892829 /* PGPFoundation.h in Headers */,
				75C502051F12C00300FEC874 /* PGPPublicKeyPacket+Private.h in Headers */,
				7537A6B41F0D739A00892829 /* PGPTypes.h in Headers */,
				75616A611F13B4EC00336240 /* PGPSignatureSubpacket+Private.h in Headers */,
				75C502071F12C06E00FEC874 /* PGPPacket+Private.h in Headers */,
				7537A6B61F0D739A00892829 /* PGPBigNum.h in Headers */,
				75616A5F1F13B4A400336240 /* PGPSignaturePacket+Private.h in Headers */,
				7537A6B71F0D739A00892829 /* PGPPacket.h in Headers */,
				7537A6B81F0D739A00892829 /* PGPSignaturePacket.h in Headers */,
				7537A6B91F0D739A00892829 /* PGPSignatureSubpacket.h in Headers */,
				753ADD9B1F0EC6A0005E1497 /* ObjectivePGPObject.h in Headers */,
				7537A6BA1F0D739A00892829 /* PGPOnePassSignaturePacket.h in Headers */,
				7537A6BB1F0D739A00892829 /* PGPPacketFactory.h in Headers */,
				75C501E61F1233A100FEC874 /* PGPRSA.h in Headers */,
				7537A6BC1F0D739A00892829 /* PGPPublicKeyPacket.h in Headers */,
				7537A6BD1F0D739A00892829 /* PGPPublicSubKeyPacket.h in Headers */,
				7537A6BE1F0D739A00892829 /* PGPSecretKeyPacket.h in Headers */,
				7537A6BF1F0D739A00892829 /* PGPSecretSubKeyPacket.h in Headers */,
				7537A6C01F0D739A00892829 /* PGPUserIDPacket.h in Headers */,
				75C502091F12C17400FEC874 /* PGPSecretKeyPacket+Private.h in Headers */,
				7537A6C11F0D739A00892829 /* PGPTrustPacket.h in Headers */,
				7537A6C21F0D739A00892829 /* PGPModificationDetectionCodePacket.h in Headers */,
				7537A6C31F0D739A00892829 /* PGPLiteralPacket.h in Headers */,
				7537A6C41F0D739A00892829 /* PGPUserAttributePacket.h in Headers */,
				7537A6C51F0D739A00892829 /* PGPUserAttributeSubpacket.h in Headers */,
				7537A6C61F0D739A00892829 /* PGPCompressedPacket.h in Headers */,
				7537A6C71F0D739A00892829 /* PGPSymmetricallyEncryptedIntegrityProtectedDataPacket.h in Headers */,
				7537A6C81F0D739A00892829 /* PGPSymmetricallyEncryptedDataPacket.h in Headers */,
				7537A6C91F0D739A00892829 /* PGPPublicKeyEncryptedSessionKeyPacket.h in Headers */,
				7537A6CA1F0D739A00892829 /* PGPMPI.h in Headers */,
				7537A6CB1F0D739A00892829 /* PGPFingerprint.h in Headers */,
				7537A6CC1F0D739A00892829 /* PGPS2K.h in Headers */,
				7537A6CD1F0D739A00892829 /* PGPKeyID.h in Headers */,
				7537A6CE1F0D739A00892829 /* PGPUser.h in Headers */,
				7537A6CF1F0D739A00892829 /* PGPSubKey.h in Headers */,
				7537A6D01F0D739A00892829 /* PGPPartialKey.h in Headers */,
				75616A661F13B5B800336240 /* PGPSignatureSubpacketHeader.h in Headers */,
				7537A6D11F0D739A00892829 /* PGPKey.h in Headers */,
				7537A6D31F0D739A00892829 /* PGPExportableProtocol.h in Headers */,
				7537A6D41F0D739A00892829 /* PGPArmor.h in Headers */,
				7537A6D51F0D739A00892829 /* PGPPKCSEmsa.h in Headers */,
				7537A6D61F0D739A00892829 /* PGPPKCSEme.h in Headers */,
				7537A6D81F0D739A00892829 /* PGPCryptoCFB.h in Headers */,
				7537A6D91F0D739A00892829 /* PGPLogging.h in Headers */,
				7537A6D21F0D739A00892829 /* PGPKey+Private.h in Headers */,
				7513A88B1F13ED6B00CF48FD /* PGPSignatureSubpacketCreationTime.h in Headers */,
				7537A6B51F0D739A00892829 /* PGPBigNum+Private.h in Headers */,
			);
			runOnlyForDeploymentPostprocessing = 0;
		};
/* End PBXHeadersBuildPhase section */

/* Begin PBXNativeTarget section */
		750F89331F0D6A3F00B99726 /* ObjectivePGP */ = {
			isa = PBXNativeTarget;
			buildConfigurationList = 750F89391F0D6A3F00B99726 /* Build configuration list for PBXNativeTarget "ObjectivePGP" */;
			buildPhases = (
				750F892F1F0D6A3F00B99726 /* Sources */,
				750F89301F0D6A3F00B99726 /* Frameworks */,
				750F89311F0D6A3F00B99726 /* Headers */,
				750F89321F0D6A3F00B99726 /* Resources */,
			);
			buildRules = (
			);
			dependencies = (
			);
			name = ObjectivePGP;
			productName = ObjectivePGP;
			productReference = 750F89341F0D6A3F00B99726 /* ObjectivePGP.framework */;
			productType = "com.apple.product-type.framework";
		};
		756299C41914DE1A00C5AD3B /* ObjectivePGPTests */ = {
			isa = PBXNativeTarget;
			buildConfigurationList = 756299DB1914DE1A00C5AD3B /* Build configuration list for PBXNativeTarget "ObjectivePGPTests" */;
			buildPhases = (
				756299C11914DE1A00C5AD3B /* Sources */,
				756299C21914DE1A00C5AD3B /* Frameworks */,
				756299C31914DE1A00C5AD3B /* Resources */,
			);
			buildRules = (
			);
			dependencies = (
				7537A6DD1F0D74EC00892829 /* PBXTargetDependency */,
			);
			name = ObjectivePGPTests;
			productName = ObjectivePGPTests;
			productReference = 756299C51914DE1A00C5AD3B /* ObjectivePGPTests.xctest */;
			productType = "com.apple.product-type.bundle.unit-test";
		};
/* End PBXNativeTarget section */

/* Begin PBXProject section */
		756299AD1914DE1A00C5AD3B /* Project object */ = {
			isa = PBXProject;
			attributes = {
				CLASSPREFIX = PGP;
				LastUpgradeCheck = 0900;
				ORGANIZATIONNAME = "Marcin Krzyżanowski";
				TargetAttributes = {
					750F89331F0D6A3F00B99726 = {
						CreatedOnToolsVersion = 9.0;
					};
				};
			};
			buildConfigurationList = 756299B01914DE1A00C5AD3B /* Build configuration list for PBXProject "ObjectivePGP" */;
			compatibilityVersion = "Xcode 3.2";
			developmentRegion = English;
			hasScannedForEncodings = 0;
			knownRegions = (
				en,
			);
			mainGroup = 756299AC1914DE1A00C5AD3B;
			productRefGroup = 756299B61914DE1A00C5AD3B /* Products */;
			projectDirPath = "";
			projectRoot = "";
			targets = (
				750F89331F0D6A3F00B99726 /* ObjectivePGP */,
				756299C41914DE1A00C5AD3B /* ObjectivePGPTests */,
			);
		};
/* End PBXProject section */

/* Begin PBXResourcesBuildPhase section */
		750F89321F0D6A3F00B99726 /* Resources */ = {
			isa = PBXResourcesBuildPhase;
			buildActionMask = 2147483647;
			files = (
			);
			runOnlyForDeploymentPostprocessing = 0;
		};
		756299C31914DE1A00C5AD3B /* Resources */ = {
			isa = PBXResourcesBuildPhase;
			buildActionMask = 2147483647;
			files = (
				756299D31914DE1A00C5AD3B /* InfoPlist.strings in Resources */,
				750B43BA1ED356D70064BA05 /* issue53-s2k-gnu-dummy.pub.asc in Resources */,
				750B43B91ED356D70064BA05 /* issue53-s2k-gnu-dummy.prv.asc in Resources */,
				7563357819258F1700414CCC /* secring-test-encrypted.gpg in Resources */,
				750016A919C22E7100EAF308 /* secring-test-plaintext-encrypted-message.asc in Resources */,
				75CA419C1CDF775900887C62 /* issue35-key.asc in Resources */,
				7563357619258F1700414CCC /* pubring-test-encrypted.gpg in Resources */,
				758042721EF3CC9C001ECAC6 /* issue62-keys.asc in Resources */,
				7590B7AC1ED9BFF7009A0E92 /* issue44-keys.asc in Resources */,
				7538C0DE1CDCF47B00A8F136 /* issue35-message.asc in Resources */,
				7563357919258F1700414CCC /* secring-test-plaintext.gpg in Resources */,
				7563357719258F1700414CCC /* pubring-test-plaintext.gpg in Resources */,
				75B9268B1CBA3A0200B3EF41 /* issue22-original.asc in Resources */,
				75D53ADF1A2FCDEE00ED9707 /* multiple-keys.asc in Resources */,
				753B05431EF3E05200785EBC /* issue62-message.asc in Resources */,
			);
			runOnlyForDeploymentPostprocessing = 0;
		};
/* End PBXResourcesBuildPhase section */

/* Begin PBXSourcesBuildPhase section */
		750F892F1F0D6A3F00B99726 /* Sources */ = {
			isa = PBXSourcesBuildPhase;
			buildActionMask = 2147483647;
			files = (
				750F893C1F0D6EF100B99726 /* PGPCryptoHash.m in Sources */,
				750F893D1F0D6EF100B99726 /* NSData+compression.m in Sources */,
				750F893E1F0D6EF100B99726 /* NSData+PGPUtils.m in Sources */,
				750F893F1F0D6EF100B99726 /* PGPCryptoUtils.m in Sources */,
				750F89411F0D6EF100B99726 /* ObjectivePGPObject.m in Sources */,
				750F89421F0D6EF100B99726 /* PGPFoundation.m in Sources */,
				750F89431F0D6EF100B99726 /* PGPBigNum.m in Sources */,
				750F89441F0D6EF100B99726 /* PGPPacket.m in Sources */,
				750F89451F0D6EF100B99726 /* PGPSignaturePacket.m in Sources */,
				750F89461F0D6EF100B99726 /* PGPSignatureSubpacket.m in Sources */,
				750F89471F0D6EF100B99726 /* PGPOnePassSignaturePacket.m in Sources */,
				750F89481F0D6EF100B99726 /* PGPPacketFactory.m in Sources */,
				750F89491F0D6EF100B99726 /* PGPPublicKeyPacket.m in Sources */,
				750F894A1F0D6EF100B99726 /* PGPPublicSubKeyPacket.m in Sources */,
				750F894B1F0D6EF100B99726 /* PGPSecretKeyPacket.m in Sources */,
				750F894C1F0D6EF100B99726 /* PGPSecretSubKeyPacket.m in Sources */,
				75616A671F13B5B800336240 /* PGPSignatureSubpacketHeader.m in Sources */,
				750F894D1F0D6EF100B99726 /* PGPUserIDPacket.m in Sources */,
				7513A88C1F13ED6B00CF48FD /* PGPSignatureSubpacketCreationTime.m in Sources */,
				750F894E1F0D6EF100B99726 /* PGPTrustPacket.m in Sources */,
				750F894F1F0D6EF100B99726 /* PGPModificationDetectionCodePacket.m in Sources */,
				750F89501F0D6EF100B99726 /* PGPLiteralPacket.m in Sources */,
				750F89511F0D6EF100B99726 /* PGPUserAttributePacket.m in Sources */,
				750F89521F0D6EF100B99726 /* PGPUserAttributeSubpacket.m in Sources */,
				750F89531F0D6EF100B99726 /* PGPCompressedPacket.m in Sources */,
				750F89541F0D6EF100B99726 /* PGPSymmetricallyEncryptedIntegrityProtectedDataPacket.m in Sources */,
				750F89551F0D6EF100B99726 /* PGPSymmetricallyEncryptedDataPacket.m in Sources */,
				750F89561F0D6EF100B99726 /* PGPPublicKeyEncryptedSessionKeyPacket.m in Sources */,
				750F89571F0D6EF100B99726 /* PGPMPI.m in Sources */,
				750F89581F0D6EF100B99726 /* PGPFingerprint.m in Sources */,
				750F89591F0D6EF100B99726 /* PGPS2K.m in Sources */,
				750F895A1F0D6EF100B99726 /* PGPKeyID.m in Sources */,
				750F895B1F0D6EF100B99726 /* PGPUser.m in Sources */,
				750F895C1F0D6EF100B99726 /* PGPSubKey.m in Sources */,
				75C501E71F1233A500FEC874 /* PGPRSA.m in Sources */,
				750F895D1F0D6EF100B99726 /* PGPPartialKey.m in Sources */,
				750F895E1F0D6EF100B99726 /* PGPKey.m in Sources */,
				750F895F1F0D6EF100B99726 /* PGPArmor.m in Sources */,
				750F89601F0D6EF100B99726 /* PGPPKCSEmsa.m in Sources */,
				750F89611F0D6EF100B99726 /* PGPPKCSEme.m in Sources */,
				750F89631F0D6EF100B99726 /* PGPCryptoCFB.m in Sources */,
			);
			runOnlyForDeploymentPostprocessing = 0;
		};
		756299C11914DE1A00C5AD3B /* Sources */ = {
			isa = PBXSourcesBuildPhase;
			buildActionMask = 2147483647;
			files = (
				7563357B19258F7100414CCC /* ObjectivePGPTestKeyringSecurePlaintext.m in Sources */,
				75040AB21926BB35000CEA93 /* ObjectivePGPTestArmor.m in Sources */,
				756299D51914DE1A00C5AD3B /* ObjectivePGPTests.m in Sources */,
				7563357D1925936900414CCC /* ObjectivePGPTestKeyringSecureEncrypted.m in Sources */,
			);
			runOnlyForDeploymentPostprocessing = 0;
		};
/* End PBXSourcesBuildPhase section */

/* Begin PBXTargetDependency section */
		7537A6DD1F0D74EC00892829 /* PBXTargetDependency */ = {
			isa = PBXTargetDependency;
			target = 750F89331F0D6A3F00B99726 /* ObjectivePGP */;
			targetProxy = 7537A6DC1F0D74EC00892829 /* PBXContainerItemProxy */;
		};
/* End PBXTargetDependency section */

/* Begin PBXVariantGroup section */
		756299D11914DE1A00C5AD3B /* InfoPlist.strings */ = {
			isa = PBXVariantGroup;
			children = (
				756299D21914DE1A00C5AD3B /* en */,
			);
			name = InfoPlist.strings;
			sourceTree = "<group>";
		};
/* End PBXVariantGroup section */

/* Begin XCBuildConfiguration section */
		750F893A1F0D6A3F00B99726 /* Debug */ = {
			isa = XCBuildConfiguration;
			baseConfigurationReference = 75BAFAC61F0050A000A956FC /* Defaults-Debug.xcconfig */;
			buildSettings = {
				CURRENT_PROJECT_VERSION = 1;
				DYLIB_COMPATIBILITY_VERSION = 1;
				DYLIB_CURRENT_VERSION = 1;
				DYLIB_INSTALL_NAME_BASE = "@rpath";
				INFOPLIST_FILE = "$(TARGET_NAME)/Info.plist";
				INSTALL_PATH = "$(LOCAL_LIBRARY_DIR)/Frameworks";
				LD_RUNPATH_SEARCH_PATHS = "$(inherited) @executable_path/Frameworks @loader_path/Frameworks";
				PRODUCT_BUNDLE_IDENTIFIER = "com.krzyzanowskim.$(PRODUCT_NAME)";
				PRODUCT_NAME = "$(TARGET_NAME:c99extidentifier)";
				VERSIONING_SYSTEM = "apple-generic";
				VERSION_INFO_PREFIX = "";
			};
			name = Debug;
		};
		750F893B1F0D6A3F00B99726 /* Release */ = {
			isa = XCBuildConfiguration;
			baseConfigurationReference = 75BAFAC51F0050A000A956FC /* Defaults-Release.xcconfig */;
			buildSettings = {
				CURRENT_PROJECT_VERSION = 1;
				DYLIB_COMPATIBILITY_VERSION = 1;
				DYLIB_CURRENT_VERSION = 1;
				DYLIB_INSTALL_NAME_BASE = "@rpath";
				INFOPLIST_FILE = "$(TARGET_NAME)/Info.plist";
				INSTALL_PATH = "$(LOCAL_LIBRARY_DIR)/Frameworks";
				LD_RUNPATH_SEARCH_PATHS = "$(inherited) @executable_path/Frameworks @loader_path/Frameworks";
				PRODUCT_BUNDLE_IDENTIFIER = "com.krzyzanowskim.$(PRODUCT_NAME)";
				PRODUCT_NAME = "$(TARGET_NAME:c99extidentifier)";
				VERSIONING_SYSTEM = "apple-generic";
				VERSION_INFO_PREFIX = "";
			};
			name = Release;
		};
		756299D61914DE1A00C5AD3B /* Debug */ = {
			isa = XCBuildConfiguration;
			buildSettings = {
			};
			name = Debug;
		};
		756299D71914DE1A00C5AD3B /* Release */ = {
			isa = XCBuildConfiguration;
			buildSettings = {
			};
			name = Release;
		};
		756299DC1914DE1A00C5AD3B /* Debug */ = {
			isa = XCBuildConfiguration;
			baseConfigurationReference = 750676C01F005B2F00066408 /* Defaults-Testing.xcconfig */;
			buildSettings = {
				GCC_PRECOMPILE_PREFIX_HEADER = YES;
				GCC_PREFIX_HEADER = "ObjectivePGP/ObjectivePGP-Prefix.pch";
				GCC_PREPROCESSOR_DEFINITIONS = (
					"DEBUG=1",
					"$(inherited)",
				);
				INFOPLIST_FILE = "ObjectivePGPTests/ObjectivePGPTests-Info.plist";
				OTHER_LDFLAGS = (
					"-ObjC",
					"-all_load",
				);
				PRODUCT_BUNDLE_IDENTIFIER = "com.hakore.${PRODUCT_NAME:rfc1034identifier}";
				PRODUCT_NAME = ObjectivePGPTests;
				WRAPPER_EXTENSION = xctest;
			};
			name = Debug;
		};
		756299DD1914DE1A00C5AD3B /* Release */ = {
			isa = XCBuildConfiguration;
			baseConfigurationReference = 750676C01F005B2F00066408 /* Defaults-Testing.xcconfig */;
			buildSettings = {
				GCC_PRECOMPILE_PREFIX_HEADER = YES;
				GCC_PREFIX_HEADER = "ObjectivePGP/ObjectivePGP-Prefix.pch";
				INFOPLIST_FILE = "ObjectivePGPTests/ObjectivePGPTests-Info.plist";
				OTHER_LDFLAGS = (
					"-ObjC",
					"-all_load",
				);
				PRODUCT_BUNDLE_IDENTIFIER = "com.hakore.${PRODUCT_NAME:rfc1034identifier}";
				PRODUCT_NAME = ObjectivePGPTests;
				WRAPPER_EXTENSION = xctest;
			};
			name = Release;
		};
/* End XCBuildConfiguration section */

/* Begin XCConfigurationList section */
		750F89391F0D6A3F00B99726 /* Build configuration list for PBXNativeTarget "ObjectivePGP" */ = {
			isa = XCConfigurationList;
			buildConfigurations = (
				750F893A1F0D6A3F00B99726 /* Debug */,
				750F893B1F0D6A3F00B99726 /* Release */,
			);
			defaultConfigurationIsVisible = 0;
			defaultConfigurationName = Release;
		};
		756299B01914DE1A00C5AD3B /* Build configuration list for PBXProject "ObjectivePGP" */ = {
			isa = XCConfigurationList;
			buildConfigurations = (
				756299D61914DE1A00C5AD3B /* Debug */,
				756299D71914DE1A00C5AD3B /* Release */,
			);
			defaultConfigurationIsVisible = 0;
			defaultConfigurationName = Release;
		};
		756299DB1914DE1A00C5AD3B /* Build configuration list for PBXNativeTarget "ObjectivePGPTests" */ = {
			isa = XCConfigurationList;
			buildConfigurations = (
				756299DC1914DE1A00C5AD3B /* Debug */,
				756299DD1914DE1A00C5AD3B /* Release */,
			);
			defaultConfigurationIsVisible = 0;
			defaultConfigurationName = Release;
		};
/* End XCConfigurationList section */
	};
	rootObject = 756299AD1914DE1A00C5AD3B /* Project object */;
}
