// !$*UTF8*$!
{
	archiveVersion = 1;
	classes = {
	};
	objectVersion = 46;
	objects = {

/* Begin PBXBuildFile section */
		752CB2BD1A6FA3EB007292F2 /* PGPFunctions.m in Sources */ = {isa = PBXBuildFile; fileRef = 752CB2BC1A6FA3EB007292F2 /* PGPFunctions.m */; };
		75321D741A6F056C00F8FE95 /* PGPSignatureSubpacket.m in Sources */ = {isa = PBXBuildFile; fileRef = 75321D731A6F056C00F8FE95 /* PGPSignatureSubpacket.m */; };
		75321D771A6F135000F8FE95 /* PGPKeyID.m in Sources */ = {isa = PBXBuildFile; fileRef = 75321D761A6F135000F8FE95 /* PGPKeyID.m */; };
		75321D7C1A6F16EB00F8FE95 /* PGPSignaturePacketTests.m in Sources */ = {isa = PBXBuildFile; fileRef = 75321D7B1A6F16EB00F8FE95 /* PGPSignaturePacketTests.m */; };
		75413BE11A6AD386004C8807 /* PGPPacketHeaderOldTests.m in Sources */ = {isa = PBXBuildFile; fileRef = 75413BE01A6AD386004C8807 /* PGPPacketHeaderOldTests.m */; };
		75413BE21A6AD386004C8807 /* libObjectivePGP.a in Frameworks */ = {isa = PBXBuildFile; fileRef = 756299B51914DE1A00C5AD3B /* libObjectivePGP.a */; };
		7550466A1A6BEC78008E5203 /* PGPPacketHeader.m in Sources */ = {isa = PBXBuildFile; fileRef = 755046691A6BEC78008E5203 /* PGPPacketHeader.m */; };
		755046731A6C11F1008E5203 /* NSInputStream+PGP.m in Sources */ = {isa = PBXBuildFile; fileRef = 755046721A6C11F1008E5203 /* NSInputStream+PGP.m */; };
		755046771A6C1CD0008E5203 /* NSInputStream+PGPTests.m in Sources */ = {isa = PBXBuildFile; fileRef = 755046761A6C1CD0008E5203 /* NSInputStream+PGPTests.m */; };
		7550467A1A6C625C008E5203 /* PGPPublicKeyPacket.m in Sources */ = {isa = PBXBuildFile; fileRef = 755046791A6C625C008E5203 /* PGPPublicKeyPacket.m */; };
		7550467E1A6C6861008E5203 /* PGPMPI.m in Sources */ = {isa = PBXBuildFile; fileRef = 7550467D1A6C6861008E5203 /* PGPMPI.m */; };
		755046801A6C6D15008E5203 /* PGPPublicKeyPacketTests.m in Sources */ = {isa = PBXBuildFile; fileRef = 7550467F1A6C6D15008E5203 /* PGPPublicKeyPacketTests.m */; };
		755046821A6C6F3C008E5203 /* PGPInputStreamCategoryTests.m in Sources */ = {isa = PBXBuildFile; fileRef = 755046811A6C6F3C008E5203 /* PGPInputStreamCategoryTests.m */; };
		755046841A6C76AA008E5203 /* PGPParserTests.m in Sources */ = {isa = PBXBuildFile; fileRef = 755046831A6C76AA008E5203 /* PGPParserTests.m */; };
		755046871A6C7970008E5203 /* PGPSignaturePacket.m in Sources */ = {isa = PBXBuildFile; fileRef = 755046861A6C7970008E5203 /* PGPSignaturePacket.m */; };
		7550468D1A6C799A008E5203 /* PGPUserIDPacket.m in Sources */ = {isa = PBXBuildFile; fileRef = 7550468C1A6C799A008E5203 /* PGPUserIDPacket.m */; };
		755046901A6C873B008E5203 /* PGPKey.m in Sources */ = {isa = PBXBuildFile; fileRef = 7550468F1A6C873B008E5203 /* PGPKey.m */; };
		755046931A6C891B008E5203 /* PGPSubKey.m in Sources */ = {isa = PBXBuildFile; fileRef = 755046921A6C891B008E5203 /* PGPSubKey.m */; };
		756299B91914DE1A00C5AD3B /* Foundation.framework in Frameworks */ = {isa = PBXBuildFile; fileRef = 756299B81914DE1A00C5AD3B /* Foundation.framework */; };
		7565467C1A93452A0070F6B0 /* NSMutableData+PGP.m in Sources */ = {isa = PBXBuildFile; fileRef = 7565467B1A93452A0070F6B0 /* NSMutableData+PGP.m */; };
		757D26D81A6AB937005CE2E3 /* PGPParser.m in Sources */ = {isa = PBXBuildFile; fileRef = 757D26D71A6AB937005CE2E3 /* PGPParser.m */; };
		759A08161A7BAD3300C9DCE6 /* PGPSignature.m in Sources */ = {isa = PBXBuildFile; fileRef = 759A08151A7BAD3300C9DCE6 /* PGPSignature.m */; };
		759A08191A7BB02200C9DCE6 /* PGPUser.m in Sources */ = {isa = PBXBuildFile; fileRef = 759A08181A7BB02200C9DCE6 /* PGPUser.m */; };
		75B764B31A83BB79001E0A5B /* NSOutputStream+PGP.m in Sources */ = {isa = PBXBuildFile; fileRef = 75B764B21A83BB79001E0A5B /* NSOutputStream+PGP.m */; };
		75C1D2B61A7E990D0035441C /* PGPMPITests.m in Sources */ = {isa = PBXBuildFile; fileRef = 75C1D2B51A7E990D0035441C /* PGPMPITests.m */; };
		75C257DB1A6AB1870095E1A2 /* PGPMessage.m in Sources */ = {isa = PBXBuildFile; fileRef = 75C257DA1A6AB1870095E1A2 /* PGPMessage.m */; };
		75F2DE6D1A6ADBB60084A3AE /* PGPPacketHeaderNewTests.m in Sources */ = {isa = PBXBuildFile; fileRef = 75F2DE6C1A6ADBB60084A3AE /* PGPPacketHeaderNewTests.m */; };
		7F1FCE46C5FA594A1CD2AEAE /* libPods-ObjectivePGP.a in Frameworks */ = {isa = PBXBuildFile; fileRef = 501A20B5B542FB6B199B28C2 /* libPods-ObjectivePGP.a */; };
/* End PBXBuildFile section */

/* Begin PBXContainerItemProxy section */
		75413BE31A6AD386004C8807 /* PBXContainerItemProxy */ = {
			isa = PBXContainerItemProxy;
			containerPortal = 756299AD1914DE1A00C5AD3B /* Project object */;
			proxyType = 1;
			remoteGlobalIDString = 756299B41914DE1A00C5AD3B;
			remoteInfo = ObjectivePGP;
		};
/* End PBXContainerItemProxy section */

/* Begin PBXCopyFilesBuildPhase section */
		756299B31914DE1A00C5AD3B /* CopyFiles */ = {
			isa = PBXCopyFilesBuildPhase;
			buildActionMask = 2147483647;
			dstPath = "include/$(PRODUCT_NAME)";
			dstSubfolderSpec = 16;
			files = (
			);
			runOnlyForDeploymentPostprocessing = 0;
		};
/* End PBXCopyFilesBuildPhase section */

/* Begin PBXFileReference section */
		342510E82279C69DE5EEF7FD /* Pods-ObjectivePGP.release.xcconfig */ = {isa = PBXFileReference; includeInIndex = 1; lastKnownFileType = text.xcconfig; name = "Pods-ObjectivePGP.release.xcconfig"; path = "Pods/Target Support Files/Pods-ObjectivePGP/Pods-ObjectivePGP.release.xcconfig"; sourceTree = "<group>"; };
		501A20B5B542FB6B199B28C2 /* libPods-ObjectivePGP.a */ = {isa = PBXFileReference; explicitFileType = archive.ar; includeInIndex = 0; path = "libPods-ObjectivePGP.a"; sourceTree = BUILT_PRODUCTS_DIR; };
		750BD0D7193F5AAD005B9840 /* libz.dylib */ = {isa = PBXFileReference; lastKnownFileType = "compiled.mach-o.dylib"; name = libz.dylib; path = usr/lib/libz.dylib; sourceTree = SDKROOT; };
		752CB2BB1A6FA3EB007292F2 /* PGPFunctions.h */ = {isa = PBXFileReference; fileEncoding = 4; lastKnownFileType = sourcecode.c.h; name = PGPFunctions.h; path = Helpers/PGPFunctions.h; sourceTree = "<group>"; };
		752CB2BC1A6FA3EB007292F2 /* PGPFunctions.m */ = {isa = PBXFileReference; fileEncoding = 4; lastKnownFileType = sourcecode.c.objc; name = PGPFunctions.m; path = Helpers/PGPFunctions.m; sourceTree = "<group>"; };
		75321D721A6F056C00F8FE95 /* PGPSignatureSubpacket.h */ = {isa = PBXFileReference; fileEncoding = 4; lastKnownFileType = sourcecode.c.h; path = PGPSignatureSubpacket.h; sourceTree = "<group>"; };
		75321D731A6F056C00F8FE95 /* PGPSignatureSubpacket.m */ = {isa = PBXFileReference; fileEncoding = 4; lastKnownFileType = sourcecode.c.objc; path = PGPSignatureSubpacket.m; sourceTree = "<group>"; };
		75321D751A6F135000F8FE95 /* PGPKeyID.h */ = {isa = PBXFileReference; fileEncoding = 4; lastKnownFileType = sourcecode.c.h; path = PGPKeyID.h; sourceTree = "<group>"; };
		75321D761A6F135000F8FE95 /* PGPKeyID.m */ = {isa = PBXFileReference; fileEncoding = 4; lastKnownFileType = sourcecode.c.objc; path = PGPKeyID.m; sourceTree = "<group>"; };
		75321D7B1A6F16EB00F8FE95 /* PGPSignaturePacketTests.m */ = {isa = PBXFileReference; fileEncoding = 4; lastKnownFileType = sourcecode.c.objc; path = PGPSignaturePacketTests.m; sourceTree = "<group>"; };
		75413BDC1A6AD386004C8807 /* ObjectivePGPTests.xctest */ = {isa = PBXFileReference; explicitFileType = wrapper.cfbundle; includeInIndex = 0; path = ObjectivePGPTests.xctest; sourceTree = BUILT_PRODUCTS_DIR; };
		75413BDF1A6AD386004C8807 /* Info.plist */ = {isa = PBXFileReference; lastKnownFileType = text.plist.xml; path = Info.plist; sourceTree = "<group>"; };
		75413BE01A6AD386004C8807 /* PGPPacketHeaderOldTests.m */ = {isa = PBXFileReference; lastKnownFileType = sourcecode.c.objc; path = PGPPacketHeaderOldTests.m; sourceTree = "<group>"; };
		755046681A6BEC78008E5203 /* PGPPacketHeader.h */ = {isa = PBXFileReference; fileEncoding = 4; lastKnownFileType = sourcecode.c.h; path = PGPPacketHeader.h; sourceTree = "<group>"; };
		755046691A6BEC78008E5203 /* PGPPacketHeader.m */ = {isa = PBXFileReference; fileEncoding = 4; lastKnownFileType = sourcecode.c.objc; path = PGPPacketHeader.m; sourceTree = "<group>"; };
		755046711A6C11F1008E5203 /* NSInputStream+PGP.h */ = {isa = PBXFileReference; fileEncoding = 4; lastKnownFileType = sourcecode.c.h; name = "NSInputStream+PGP.h"; path = "Categories/NSInputStream+PGP.h"; sourceTree = "<group>"; };
		755046721A6C11F1008E5203 /* NSInputStream+PGP.m */ = {isa = PBXFileReference; fileEncoding = 4; lastKnownFileType = sourcecode.c.objc; name = "NSInputStream+PGP.m"; path = "Categories/NSInputStream+PGP.m"; sourceTree = "<group>"; };
		755046751A6C1CD0008E5203 /* NSInputStream+PGPTests.h */ = {isa = PBXFileReference; fileEncoding = 4; lastKnownFileType = sourcecode.c.h; path = "NSInputStream+PGPTests.h"; sourceTree = "<group>"; };
		755046761A6C1CD0008E5203 /* NSInputStream+PGPTests.m */ = {isa = PBXFileReference; fileEncoding = 4; lastKnownFileType = sourcecode.c.objc; path = "NSInputStream+PGPTests.m"; sourceTree = "<group>"; };
		755046781A6C625C008E5203 /* PGPPublicKeyPacket.h */ = {isa = PBXFileReference; fileEncoding = 4; lastKnownFileType = sourcecode.c.h; name = PGPPublicKeyPacket.h; path = Packets/PGPPublicKeyPacket.h; sourceTree = "<group>"; };
		755046791A6C625C008E5203 /* PGPPublicKeyPacket.m */ = {isa = PBXFileReference; fileEncoding = 4; lastKnownFileType = sourcecode.c.objc; name = PGPPublicKeyPacket.m; path = Packets/PGPPublicKeyPacket.m; sourceTree = "<group>"; };
		7550467C1A6C6861008E5203 /* PGPMPI.h */ = {isa = PBXFileReference; fileEncoding = 4; lastKnownFileType = sourcecode.c.h; path = PGPMPI.h; sourceTree = "<group>"; };
		7550467D1A6C6861008E5203 /* PGPMPI.m */ = {isa = PBXFileReference; fileEncoding = 4; lastKnownFileType = sourcecode.c.objc; path = PGPMPI.m; sourceTree = "<group>"; };
		7550467F1A6C6D15008E5203 /* PGPPublicKeyPacketTests.m */ = {isa = PBXFileReference; fileEncoding = 4; lastKnownFileType = sourcecode.c.objc; path = PGPPublicKeyPacketTests.m; sourceTree = "<group>"; };
		755046811A6C6F3C008E5203 /* PGPInputStreamCategoryTests.m */ = {isa = PBXFileReference; fileEncoding = 4; lastKnownFileType = sourcecode.c.objc; path = PGPInputStreamCategoryTests.m; sourceTree = "<group>"; };
		755046831A6C76AA008E5203 /* PGPParserTests.m */ = {isa = PBXFileReference; fileEncoding = 4; lastKnownFileType = sourcecode.c.objc; path = PGPParserTests.m; sourceTree = "<group>"; };
		755046851A6C7970008E5203 /* PGPSignaturePacket.h */ = {isa = PBXFileReference; fileEncoding = 4; lastKnownFileType = sourcecode.c.h; name = PGPSignaturePacket.h; path = Packets/PGPSignaturePacket.h; sourceTree = "<group>"; };
		755046861A6C7970008E5203 /* PGPSignaturePacket.m */ = {isa = PBXFileReference; fileEncoding = 4; lastKnownFileType = sourcecode.c.objc; name = PGPSignaturePacket.m; path = Packets/PGPSignaturePacket.m; sourceTree = "<group>"; };
		7550468B1A6C799A008E5203 /* PGPUserIDPacket.h */ = {isa = PBXFileReference; fileEncoding = 4; lastKnownFileType = sourcecode.c.h; name = PGPUserIDPacket.h; path = Packets/PGPUserIDPacket.h; sourceTree = "<group>"; };
		7550468C1A6C799A008E5203 /* PGPUserIDPacket.m */ = {isa = PBXFileReference; fileEncoding = 4; lastKnownFileType = sourcecode.c.objc; name = PGPUserIDPacket.m; path = Packets/PGPUserIDPacket.m; sourceTree = "<group>"; };
		7550468E1A6C873B008E5203 /* PGPKey.h */ = {isa = PBXFileReference; fileEncoding = 4; lastKnownFileType = sourcecode.c.h; path = PGPKey.h; sourceTree = "<group>"; };
		7550468F1A6C873B008E5203 /* PGPKey.m */ = {isa = PBXFileReference; fileEncoding = 4; lastKnownFileType = sourcecode.c.objc; path = PGPKey.m; sourceTree = "<group>"; };
		755046911A6C891B008E5203 /* PGPSubKey.h */ = {isa = PBXFileReference; fileEncoding = 4; lastKnownFileType = sourcecode.c.h; path = PGPSubKey.h; sourceTree = "<group>"; };
		755046921A6C891B008E5203 /* PGPSubKey.m */ = {isa = PBXFileReference; fileEncoding = 4; lastKnownFileType = sourcecode.c.objc; path = PGPSubKey.m; sourceTree = "<group>"; };
		7556464A1958FF6F00BFA34C /* libbz2.dylib */ = {isa = PBXFileReference; lastKnownFileType = "compiled.mach-o.dylib"; name = libbz2.dylib; path = usr/lib/libbz2.dylib; sourceTree = SDKROOT; };
		756299B51914DE1A00C5AD3B /* libObjectivePGP.a */ = {isa = PBXFileReference; explicitFileType = archive.ar; includeInIndex = 0; path = libObjectivePGP.a; sourceTree = BUILT_PRODUCTS_DIR; };
		756299B81914DE1A00C5AD3B /* Foundation.framework */ = {isa = PBXFileReference; lastKnownFileType = wrapper.framework; name = Foundation.framework; path = System/Library/Frameworks/Foundation.framework; sourceTree = SDKROOT; };
		756299BC1914DE1A00C5AD3B /* ObjectivePGP-Prefix.pch */ = {isa = PBXFileReference; lastKnownFileType = sourcecode.c.h; path = "ObjectivePGP-Prefix.pch"; sourceTree = "<group>"; };
		7565467A1A93452A0070F6B0 /* NSMutableData+PGP.h */ = {isa = PBXFileReference; fileEncoding = 4; lastKnownFileType = sourcecode.c.h; path = "NSMutableData+PGP.h"; sourceTree = "<group>"; };
		7565467B1A93452A0070F6B0 /* NSMutableData+PGP.m */ = {isa = PBXFileReference; fileEncoding = 4; lastKnownFileType = sourcecode.c.objc; path = "NSMutableData+PGP.m"; sourceTree = "<group>"; };
		757D26D61A6AB937005CE2E3 /* PGPParser.h */ = {isa = PBXFileReference; fileEncoding = 4; lastKnownFileType = sourcecode.c.h; path = PGPParser.h; sourceTree = "<group>"; };
		757D26D71A6AB937005CE2E3 /* PGPParser.m */ = {isa = PBXFileReference; fileEncoding = 4; lastKnownFileType = sourcecode.c.objc; path = PGPParser.m; sourceTree = "<group>"; };
		757D26E51A6AC605005CE2E3 /* PGPCommon.h */ = {isa = PBXFileReference; fileEncoding = 4; lastKnownFileType = sourcecode.c.h; path = PGPCommon.h; sourceTree = "<group>"; };
		758475E1195AF866003953B2 /* README.md */ = {isa = PBXFileReference; lastKnownFileType = text; path = README.md; sourceTree = "<group>"; };
		759A08141A7BAD3300C9DCE6 /* PGPSignature.h */ = {isa = PBXFileReference; fileEncoding = 4; lastKnownFileType = sourcecode.c.h; path = PGPSignature.h; sourceTree = "<group>"; };
		759A08151A7BAD3300C9DCE6 /* PGPSignature.m */ = {isa = PBXFileReference; fileEncoding = 4; lastKnownFileType = sourcecode.c.objc; path = PGPSignature.m; sourceTree = "<group>"; };
		759A08171A7BB02200C9DCE6 /* PGPUser.h */ = {isa = PBXFileReference; fileEncoding = 4; lastKnownFileType = sourcecode.c.h; path = PGPUser.h; sourceTree = "<group>"; };
		759A08181A7BB02200C9DCE6 /* PGPUser.m */ = {isa = PBXFileReference; fileEncoding = 4; lastKnownFileType = sourcecode.c.objc; path = PGPUser.m; sourceTree = "<group>"; };
		759FF46E19598248005B240C /* libz.dylib */ = {isa = PBXFileReference; lastKnownFileType = "compiled.mach-o.dylib"; name = libz.dylib; path = Platforms/MacOSX.platform/Developer/SDKs/MacOSX10.10.sdk/usr/lib/libz.dylib; sourceTree = DEVELOPER_DIR; };
		759FF4701959824E005B240C /* libbz2.dylib */ = {isa = PBXFileReference; lastKnownFileType = "compiled.mach-o.dylib"; name = libbz2.dylib; path = Platforms/MacOSX.platform/Developer/SDKs/MacOSX10.10.sdk/usr/lib/libbz2.dylib; sourceTree = DEVELOPER_DIR; };
		75B764B11A83BB79001E0A5B /* NSOutputStream+PGP.h */ = {isa = PBXFileReference; fileEncoding = 4; lastKnownFileType = sourcecode.c.h; name = "NSOutputStream+PGP.h"; path = "Categories/NSOutputStream+PGP.h"; sourceTree = "<group>"; };
		75B764B21A83BB79001E0A5B /* NSOutputStream+PGP.m */ = {isa = PBXFileReference; fileEncoding = 4; lastKnownFileType = sourcecode.c.objc; name = "NSOutputStream+PGP.m"; path = "Categories/NSOutputStream+PGP.m"; sourceTree = "<group>"; };
		75C1D2B51A7E990D0035441C /* PGPMPITests.m */ = {isa = PBXFileReference; fileEncoding = 4; lastKnownFileType = sourcecode.c.objc; path = PGPMPITests.m; sourceTree = "<group>"; };
		75C257D91A6AB1870095E1A2 /* PGPMessage.h */ = {isa = PBXFileReference; fileEncoding = 4; lastKnownFileType = sourcecode.c.h; path = PGPMessage.h; sourceTree = "<group>"; };
		75C257DA1A6AB1870095E1A2 /* PGPMessage.m */ = {isa = PBXFileReference; fileEncoding = 4; lastKnownFileType = sourcecode.c.objc; path = PGPMessage.m; sourceTree = "<group>"; };
		75F2DE6C1A6ADBB60084A3AE /* PGPPacketHeaderNewTests.m */ = {isa = PBXFileReference; fileEncoding = 4; lastKnownFileType = sourcecode.c.objc; path = PGPPacketHeaderNewTests.m; sourceTree = "<group>"; };
		92AB78D2428FF47CA4E3EEE9 /* Pods-ObjectivePGP.debug.xcconfig */ = {isa = PBXFileReference; includeInIndex = 1; lastKnownFileType = text.xcconfig; name = "Pods-ObjectivePGP.debug.xcconfig"; path = "Pods/Target Support Files/Pods-ObjectivePGP/Pods-ObjectivePGP.debug.xcconfig"; sourceTree = "<group>"; };
/* End PBXFileReference section */

/* Begin PBXFrameworksBuildPhase section */
		75413BD91A6AD386004C8807 /* Frameworks */ = {
			isa = PBXFrameworksBuildPhase;
			buildActionMask = 2147483647;
			files = (
				75413BE21A6AD386004C8807 /* libObjectivePGP.a in Frameworks */,
				7F1FCE46C5FA594A1CD2AEAE /* libPods-ObjectivePGP.a in Frameworks */,
			);
			runOnlyForDeploymentPostprocessing = 0;
		};
		756299B21914DE1A00C5AD3B /* Frameworks */ = {
			isa = PBXFrameworksBuildPhase;
			buildActionMask = 2147483647;
			files = (
				756299B91914DE1A00C5AD3B /* Foundation.framework in Frameworks */,
			);
			runOnlyForDeploymentPostprocessing = 0;
		};
/* End PBXFrameworksBuildPhase section */

/* Begin PBXGroup section */
		752CB2BE1A6FA3F0007292F2 /* Helpers */ = {
			isa = PBXGroup;
			children = (
				752CB2BB1A6FA3EB007292F2 /* PGPFunctions.h */,
				752CB2BC1A6FA3EB007292F2 /* PGPFunctions.m */,
			);
			name = Helpers;
			sourceTree = "<group>";
		};
		75413BDD1A6AD386004C8807 /* ObjectivePGPTests */ = {
			isa = PBXGroup;
			children = (
				75C1D2B51A7E990D0035441C /* PGPMPITests.m */,
				755046751A6C1CD0008E5203 /* NSInputStream+PGPTests.h */,
				755046761A6C1CD0008E5203 /* NSInputStream+PGPTests.m */,
				755046811A6C6F3C008E5203 /* PGPInputStreamCategoryTests.m */,
				75413BE01A6AD386004C8807 /* PGPPacketHeaderOldTests.m */,
				75F2DE6C1A6ADBB60084A3AE /* PGPPacketHeaderNewTests.m */,
				7550467F1A6C6D15008E5203 /* PGPPublicKeyPacketTests.m */,
				75321D7B1A6F16EB00F8FE95 /* PGPSignaturePacketTests.m */,
				755046831A6C76AA008E5203 /* PGPParserTests.m */,
				75413BDE1A6AD386004C8807 /* Supporting Files */,
			);
			path = ObjectivePGPTests;
			sourceTree = "<group>";
		};
		75413BDE1A6AD386004C8807 /* Supporting Files */ = {
			isa = PBXGroup;
			children = (
				75413BDF1A6AD386004C8807 /* Info.plist */,
			);
			name = "Supporting Files";
			sourceTree = "<group>";
		};
		755046741A6C11F6008E5203 /* Categories */ = {
			isa = PBXGroup;
			children = (
				755046711A6C11F1008E5203 /* NSInputStream+PGP.h */,
				755046721A6C11F1008E5203 /* NSInputStream+PGP.m */,
				75B764B11A83BB79001E0A5B /* NSOutputStream+PGP.h */,
				75B764B21A83BB79001E0A5B /* NSOutputStream+PGP.m */,
				7565467A1A93452A0070F6B0 /* NSMutableData+PGP.h */,
				7565467B1A93452A0070F6B0 /* NSMutableData+PGP.m */,
			);
			name = Categories;
			sourceTree = "<group>";
		};
		7550467B1A6C6260008E5203 /* Packets */ = {
			isa = PBXGroup;
			children = (
				755046781A6C625C008E5203 /* PGPPublicKeyPacket.h */,
				755046791A6C625C008E5203 /* PGPPublicKeyPacket.m */,
				7550468B1A6C799A008E5203 /* PGPUserIDPacket.h */,
				7550468C1A6C799A008E5203 /* PGPUserIDPacket.m */,
				755046851A6C7970008E5203 /* PGPSignaturePacket.h */,
				755046861A6C7970008E5203 /* PGPSignaturePacket.m */,
				75321D721A6F056C00F8FE95 /* PGPSignatureSubpacket.h */,
				75321D731A6F056C00F8FE95 /* PGPSignatureSubpacket.m */,
			);
			name = Packets;
			sourceTree = "<group>";
		};
		756299AC1914DE1A00C5AD3B = {
			isa = PBXGroup;
			children = (
				758475E1195AF866003953B2 /* README.md */,
				756299BA1914DE1A00C5AD3B /* ObjectivePGP */,
				75413BDD1A6AD386004C8807 /* ObjectivePGPTests */,
				756299B71914DE1A00C5AD3B /* Frameworks */,
				756299B61914DE1A00C5AD3B /* Products */,
				93BEB2532C682A75D6CE6DD2 /* Pods */,
			);
			sourceTree = "<group>";
		};
		756299B61914DE1A00C5AD3B /* Products */ = {
			isa = PBXGroup;
			children = (
				756299B51914DE1A00C5AD3B /* libObjectivePGP.a */,
				75413BDC1A6AD386004C8807 /* ObjectivePGPTests.xctest */,
			);
			name = Products;
			sourceTree = "<group>";
		};
		756299B71914DE1A00C5AD3B /* Frameworks */ = {
			isa = PBXGroup;
			children = (
				759FF4701959824E005B240C /* libbz2.dylib */,
				759FF46E19598248005B240C /* libz.dylib */,
				7556464A1958FF6F00BFA34C /* libbz2.dylib */,
				750BD0D7193F5AAD005B9840 /* libz.dylib */,
				756299B81914DE1A00C5AD3B /* Foundation.framework */,
				501A20B5B542FB6B199B28C2 /* libPods-ObjectivePGP.a */,
			);
			name = Frameworks;
			sourceTree = "<group>";
		};
		756299BA1914DE1A00C5AD3B /* ObjectivePGP */ = {
			isa = PBXGroup;
			children = (
				757D26E51A6AC605005CE2E3 /* PGPCommon.h */,
				752CB2BE1A6FA3F0007292F2 /* Helpers */,
				755046741A6C11F6008E5203 /* Categories */,
				7550467B1A6C6260008E5203 /* Packets */,
				75C257D91A6AB1870095E1A2 /* PGPMessage.h */,
				75C257DA1A6AB1870095E1A2 /* PGPMessage.m */,
				757D26D61A6AB937005CE2E3 /* PGPParser.h */,
				757D26D71A6AB937005CE2E3 /* PGPParser.m */,
				7550468E1A6C873B008E5203 /* PGPKey.h */,
				7550468F1A6C873B008E5203 /* PGPKey.m */,
				759A08171A7BB02200C9DCE6 /* PGPUser.h */,
				759A08181A7BB02200C9DCE6 /* PGPUser.m */,
				759A08141A7BAD3300C9DCE6 /* PGPSignature.h */,
				759A08151A7BAD3300C9DCE6 /* PGPSignature.m */,
				75321D751A6F135000F8FE95 /* PGPKeyID.h */,
				75321D761A6F135000F8FE95 /* PGPKeyID.m */,
				755046911A6C891B008E5203 /* PGPSubKey.h */,
				755046921A6C891B008E5203 /* PGPSubKey.m */,
				755046681A6BEC78008E5203 /* PGPPacketHeader.h */,
				755046691A6BEC78008E5203 /* PGPPacketHeader.m */,
				7550467C1A6C6861008E5203 /* PGPMPI.h */,
				7550467D1A6C6861008E5203 /* PGPMPI.m */,
				756299BB1914DE1A00C5AD3B /* Supporting Files */,
			);
			path = ObjectivePGP;
			sourceTree = "<group>";
		};
		756299BB1914DE1A00C5AD3B /* Supporting Files */ = {
			isa = PBXGroup;
			children = (
				756299BC1914DE1A00C5AD3B /* ObjectivePGP-Prefix.pch */,
			);
			name = "Supporting Files";
			sourceTree = "<group>";
		};
		93BEB2532C682A75D6CE6DD2 /* Pods */ = {
			isa = PBXGroup;
			children = (
				92AB78D2428FF47CA4E3EEE9 /* Pods-ObjectivePGP.debug.xcconfig */,
				342510E82279C69DE5EEF7FD /* Pods-ObjectivePGP.release.xcconfig */,
			);
			name = Pods;
			sourceTree = "<group>";
		};
/* End PBXGroup section */

/* Begin PBXNativeTarget section */
		75413BDB1A6AD386004C8807 /* ObjectivePGPTests */ = {
			isa = PBXNativeTarget;
			buildConfigurationList = 75413BE71A6AD386004C8807 /* Build configuration list for PBXNativeTarget "ObjectivePGPTests" */;
			buildPhases = (
				F8A2ACB2F3C0CC40A7592B79 /* Check Pods Manifest.lock */,
				75413BD81A6AD386004C8807 /* Sources */,
				75413BD91A6AD386004C8807 /* Frameworks */,
				75413BDA1A6AD386004C8807 /* Resources */,
				31AD50CE6BA7096D4F820156 /* Copy Pods Resources */,
			);
			buildRules = (
			);
			dependencies = (
				75413BE41A6AD386004C8807 /* PBXTargetDependency */,
			);
			name = ObjectivePGPTests;
			productName = ObjectivePGPTests;
			productReference = 75413BDC1A6AD386004C8807 /* ObjectivePGPTests.xctest */;
			productType = "com.apple.product-type.bundle.unit-test";
		};
		756299B41914DE1A00C5AD3B /* ObjectivePGP */ = {
			isa = PBXNativeTarget;
			buildConfigurationList = 756299D81914DE1A00C5AD3B /* Build configuration list for PBXNativeTarget "ObjectivePGP" */;
			buildPhases = (
				756299B11914DE1A00C5AD3B /* Sources */,
				756299B21914DE1A00C5AD3B /* Frameworks */,
				756299B31914DE1A00C5AD3B /* CopyFiles */,
			);
			buildRules = (
			);
			dependencies = (
			);
			name = ObjectivePGP;
			productName = ObjectivePGP;
			productReference = 756299B51914DE1A00C5AD3B /* libObjectivePGP.a */;
			productType = "com.apple.product-type.library.static";
		};
/* End PBXNativeTarget section */

/* Begin PBXProject section */
		756299AD1914DE1A00C5AD3B /* Project object */ = {
			isa = PBXProject;
			attributes = {
				CLASSPREFIX = PGP;
				LastUpgradeCheck = 0510;
				ORGANIZATIONNAME = "Marcin Krzyżanowski";
				TargetAttributes = {
					75413BDB1A6AD386004C8807 = {
						CreatedOnToolsVersion = 6.1.1;
					};
				};
			};
			buildConfigurationList = 756299B01914DE1A00C5AD3B /* Build configuration list for PBXProject "ObjectivePGP" */;
			compatibilityVersion = "Xcode 3.2";
			developmentRegion = English;
			hasScannedForEncodings = 0;
			knownRegions = (
				en,
			);
			mainGroup = 756299AC1914DE1A00C5AD3B;
			productRefGroup = 756299B61914DE1A00C5AD3B /* Products */;
			projectDirPath = "";
			projectRoot = "";
			targets = (
				756299B41914DE1A00C5AD3B /* ObjectivePGP */,
				75413BDB1A6AD386004C8807 /* ObjectivePGPTests */,
			);
		};
/* End PBXProject section */

/* Begin PBXResourcesBuildPhase section */
		75413BDA1A6AD386004C8807 /* Resources */ = {
			isa = PBXResourcesBuildPhase;
			buildActionMask = 2147483647;
			files = (
			);
			runOnlyForDeploymentPostprocessing = 0;
		};
/* End PBXResourcesBuildPhase section */

/* Begin PBXShellScriptBuildPhase section */
		31AD50CE6BA7096D4F820156 /* Copy Pods Resources */ = {
			isa = PBXShellScriptBuildPhase;
			buildActionMask = 2147483647;
			files = (
			);
			inputPaths = (
			);
			name = "Copy Pods Resources";
			outputPaths = (
			);
			runOnlyForDeploymentPostprocessing = 0;
			shellPath = /bin/sh;
			shellScript = "\"${SRCROOT}/Pods/Target Support Files/Pods-ObjectivePGP/Pods-ObjectivePGP-resources.sh\"\n";
			showEnvVarsInLog = 0;
		};
		F8A2ACB2F3C0CC40A7592B79 /* Check Pods Manifest.lock */ = {
			isa = PBXShellScriptBuildPhase;
			buildActionMask = 2147483647;
			files = (
			);
			inputPaths = (
			);
			name = "Check Pods Manifest.lock";
			outputPaths = (
			);
			runOnlyForDeploymentPostprocessing = 0;
			shellPath = /bin/sh;
			shellScript = "diff \"${PODS_ROOT}/../Podfile.lock\" \"${PODS_ROOT}/Manifest.lock\" > /dev/null\nif [[ $? != 0 ]] ; then\n    cat << EOM\nerror: The sandbox is not in sync with the Podfile.lock. Run 'pod install' or update your CocoaPods installation.\nEOM\n    exit 1\nfi\n";
			showEnvVarsInLog = 0;
		};
/* End PBXShellScriptBuildPhase section */

/* Begin PBXSourcesBuildPhase section */
		75413BD81A6AD386004C8807 /* Sources */ = {
			isa = PBXSourcesBuildPhase;
			buildActionMask = 2147483647;
			files = (
				75C1D2B61A7E990D0035441C /* PGPMPITests.m in Sources */,
				755046771A6C1CD0008E5203 /* NSInputStream+PGPTests.m in Sources */,
				75413BE11A6AD386004C8807 /* PGPPacketHeaderOldTests.m in Sources */,
				75321D7C1A6F16EB00F8FE95 /* PGPSignaturePacketTests.m in Sources */,
				755046841A6C76AA008E5203 /* PGPParserTests.m in Sources */,
				755046801A6C6D15008E5203 /* PGPPublicKeyPacketTests.m in Sources */,
				755046821A6C6F3C008E5203 /* PGPInputStreamCategoryTests.m in Sources */,
				75F2DE6D1A6ADBB60084A3AE /* PGPPacketHeaderNewTests.m in Sources */,
			);
			runOnlyForDeploymentPostprocessing = 0;
		};
		756299B11914DE1A00C5AD3B /* Sources */ = {
			isa = PBXSourcesBuildPhase;
			buildActionMask = 2147483647;
			files = (
				755046931A6C891B008E5203 /* PGPSubKey.m in Sources */,
				755046901A6C873B008E5203 /* PGPKey.m in Sources */,
				759A08161A7BAD3300C9DCE6 /* PGPSignature.m in Sources */,
				752CB2BD1A6FA3EB007292F2 /* PGPFunctions.m in Sources */,
				7550467E1A6C6861008E5203 /* PGPMPI.m in Sources */,
				7550468D1A6C799A008E5203 /* PGPUserIDPacket.m in Sources */,
				755046731A6C11F1008E5203 /* NSInputStream+PGP.m in Sources */,
				75321D741A6F056C00F8FE95 /* PGPSignatureSubpacket.m in Sources */,
				755046871A6C7970008E5203 /* PGPSignaturePacket.m in Sources */,
				757D26D81A6AB937005CE2E3 /* PGPParser.m in Sources */,
				75C257DB1A6AB1870095E1A2 /* PGPMessage.m in Sources */,
				7550467A1A6C625C008E5203 /* PGPPublicKeyPacket.m in Sources */,
				7565467C1A93452A0070F6B0 /* NSMutableData+PGP.m in Sources */,
				75321D771A6F135000F8FE95 /* PGPKeyID.m in Sources */,
				759A08191A7BB02200C9DCE6 /* PGPUser.m in Sources */,
				7550466A1A6BEC78008E5203 /* PGPPacketHeader.m in Sources */,
				75B764B31A83BB79001E0A5B /* NSOutputStream+PGP.m in Sources */,
			);
			runOnlyForDeploymentPostprocessing = 0;
		};
/* End PBXSourcesBuildPhase section */

/* Begin PBXTargetDependency section */
		75413BE41A6AD386004C8807 /* PBXTargetDependency */ = {
			isa = PBXTargetDependency;
			target = 756299B41914DE1A00C5AD3B /* ObjectivePGP */;
			targetProxy = 75413BE31A6AD386004C8807 /* PBXContainerItemProxy */;
		};
/* End PBXTargetDependency section */

/* Begin XCBuildConfiguration section */
		75413BE51A6AD386004C8807 /* Debug */ = {
			isa = XCBuildConfiguration;
			baseConfigurationReference = 92AB78D2428FF47CA4E3EEE9 /* Pods-ObjectivePGP.debug.xcconfig */;
			buildSettings = {
				CLANG_WARN_UNREACHABLE_CODE = YES;
				CODE_SIGN_IDENTITY = "iPhone Developer";
				ENABLE_STRICT_OBJC_MSGSEND = YES;
				FRAMEWORK_SEARCH_PATHS = (
					"$(SDKROOT)/Developer/Library/Frameworks",
					"$(inherited)",
				);
				GCC_PREPROCESSOR_DEFINITIONS = (
					"DEBUG=1",
					"$(inherited)",
				);
				INFOPLIST_FILE = ObjectivePGPTests/Info.plist;
				IPHONEOS_DEPLOYMENT_TARGET = 8.1;
				LD_RUNPATH_SEARCH_PATHS = "$(inherited) @executable_path/Frameworks @loader_path/Frameworks";
				MTL_ENABLE_DEBUG_INFO = YES;
				PRODUCT_NAME = "$(TARGET_NAME)";
			};
			name = Debug;
		};
		75413BE61A6AD386004C8807 /* Release */ = {
			isa = XCBuildConfiguration;
			baseConfigurationReference = 342510E82279C69DE5EEF7FD /* Pods-ObjectivePGP.release.xcconfig */;
			buildSettings = {
				CLANG_WARN_UNREACHABLE_CODE = YES;
				CODE_SIGN_IDENTITY = "iPhone Distribution";
				ENABLE_STRICT_OBJC_MSGSEND = YES;
				FRAMEWORK_SEARCH_PATHS = (
					"$(SDKROOT)/Developer/Library/Frameworks",
					"$(inherited)",
				);
				INFOPLIST_FILE = ObjectivePGPTests/Info.plist;
				IPHONEOS_DEPLOYMENT_TARGET = 8.1;
				LD_RUNPATH_SEARCH_PATHS = "$(inherited) @executable_path/Frameworks @loader_path/Frameworks";
				MTL_ENABLE_DEBUG_INFO = NO;
				PRODUCT_NAME = "$(TARGET_NAME)";
			};
			name = Release;
		};
		756299D61914DE1A00C5AD3B /* Debug */ = {
			isa = XCBuildConfiguration;
			buildSettings = {
				ALWAYS_SEARCH_USER_PATHS = NO;
				CLANG_CXX_LANGUAGE_STANDARD = "gnu++0x";
				CLANG_CXX_LIBRARY = "libc++";
				CLANG_ENABLE_MODULES = YES;
				CLANG_ENABLE_OBJC_ARC = YES;
				CLANG_WARN_BOOL_CONVERSION = YES;
				CLANG_WARN_CONSTANT_CONVERSION = YES;
				CLANG_WARN_DIRECT_OBJC_ISA_USAGE = YES_ERROR;
				CLANG_WARN_EMPTY_BODY = YES;
				CLANG_WARN_ENUM_CONVERSION = YES;
				CLANG_WARN_INT_CONVERSION = YES;
				CLANG_WARN_OBJC_ROOT_CLASS = YES_ERROR;
				CLANG_WARN__DUPLICATE_METHOD_MATCH = YES;
				COPY_PHASE_STRIP = NO;
				GCC_C_LANGUAGE_STANDARD = gnu99;
				GCC_DYNAMIC_NO_PIC = NO;
				GCC_OPTIMIZATION_LEVEL = 0;
				GCC_PREPROCESSOR_DEFINITIONS = (
					"DEBUG=1",
					"$(inherited)",
				);
				GCC_SYMBOLS_PRIVATE_EXTERN = NO;
				GCC_WARN_64_TO_32_BIT_CONVERSION = YES;
				GCC_WARN_ABOUT_RETURN_TYPE = YES_ERROR;
				GCC_WARN_UNDECLARED_SELECTOR = YES;
				GCC_WARN_UNINITIALIZED_AUTOS = YES_AGGRESSIVE;
				GCC_WARN_UNUSED_FUNCTION = YES;
				GCC_WARN_UNUSED_VARIABLE = YES;
				IPHONEOS_DEPLOYMENT_TARGET = 6.0;
				MACOSX_DEPLOYMENT_TARGET = 10.7;
				ONLY_ACTIVE_ARCH = YES;
				SDKROOT = iphoneos;
			};
			name = Debug;
		};
		756299D71914DE1A00C5AD3B /* Release */ = {
			isa = XCBuildConfiguration;
			buildSettings = {
				ALWAYS_SEARCH_USER_PATHS = NO;
				CLANG_CXX_LANGUAGE_STANDARD = "gnu++0x";
				CLANG_CXX_LIBRARY = "libc++";
				CLANG_ENABLE_MODULES = YES;
				CLANG_ENABLE_OBJC_ARC = YES;
				CLANG_WARN_BOOL_CONVERSION = YES;
				CLANG_WARN_CONSTANT_CONVERSION = YES;
				CLANG_WARN_DIRECT_OBJC_ISA_USAGE = YES_ERROR;
				CLANG_WARN_EMPTY_BODY = YES;
				CLANG_WARN_ENUM_CONVERSION = YES;
				CLANG_WARN_INT_CONVERSION = YES;
				CLANG_WARN_OBJC_ROOT_CLASS = YES_ERROR;
				CLANG_WARN__DUPLICATE_METHOD_MATCH = YES;
				COPY_PHASE_STRIP = YES;
				ENABLE_NS_ASSERTIONS = NO;
				GCC_C_LANGUAGE_STANDARD = gnu99;
				GCC_PREPROCESSOR_DEFINITIONS = NDEBUG;
				GCC_WARN_64_TO_32_BIT_CONVERSION = YES;
				GCC_WARN_ABOUT_RETURN_TYPE = YES_ERROR;
				GCC_WARN_UNDECLARED_SELECTOR = YES;
				GCC_WARN_UNINITIALIZED_AUTOS = YES_AGGRESSIVE;
				GCC_WARN_UNUSED_FUNCTION = YES;
				GCC_WARN_UNUSED_VARIABLE = YES;
				IPHONEOS_DEPLOYMENT_TARGET = 6.0;
				MACOSX_DEPLOYMENT_TARGET = 10.7;
				SDKROOT = iphoneos;
				VALIDATE_PRODUCT = YES;
			};
			name = Release;
		};
		756299D91914DE1A00C5AD3B /* Debug */ = {
			isa = XCBuildConfiguration;
			buildSettings = {
				ARCHS = (
					"$(ARCHS_STANDARD)",
					armv7s,
				);
				CLANG_WARN_DEPRECATED_OBJC_IMPLEMENTATIONS = YES;
				CLANG_WARN_OBJC_EXPLICIT_OWNERSHIP_TYPE = YES;
				CLANG_WARN_OBJC_IMPLICIT_RETAIN_SELF = YES;
				CLANG_WARN_OBJC_REPEATED_USE_OF_WEAK = YES;
				CLANG_WARN_UNREACHABLE_CODE = YES;
				DEFINES_MODULE = YES;
				DSTROOT = /tmp/ObjectivePGP.dst;
				GCC_PRECOMPILE_PREFIX_HEADER = YES;
				GCC_PREFIX_HEADER = "ObjectivePGP/ObjectivePGP-Prefix.pch";
				GCC_TREAT_IMPLICIT_FUNCTION_DECLARATIONS_AS_ERRORS = YES;
				GCC_TREAT_INCOMPATIBLE_POINTER_TYPE_WARNINGS_AS_ERRORS = YES;
				GCC_WARN_INITIALIZER_NOT_FULLY_BRACKETED = YES;
				GCC_WARN_MULTIPLE_DEFINITION_TYPES_FOR_SELECTOR = YES;
				GCC_WARN_SHADOW = YES;
				GCC_WARN_STRICT_SELECTOR_MATCH = YES;
				PRODUCT_NAME = ObjectivePGP;
				SKIP_INSTALL = YES;
			};
			name = Debug;
		};
		756299DA1914DE1A00C5AD3B /* Release */ = {
			isa = XCBuildConfiguration;
			buildSettings = {
				ARCHS = (
					"$(ARCHS_STANDARD)",
					armv7s,
				);
				CLANG_WARN_DEPRECATED_OBJC_IMPLEMENTATIONS = YES;
				CLANG_WARN_OBJC_EXPLICIT_OWNERSHIP_TYPE = YES;
				CLANG_WARN_OBJC_IMPLICIT_RETAIN_SELF = YES;
				CLANG_WARN_OBJC_REPEATED_USE_OF_WEAK = YES;
				CLANG_WARN_UNREACHABLE_CODE = YES;
				DEFINES_MODULE = YES;
				DSTROOT = /tmp/ObjectivePGP.dst;
				GCC_PRECOMPILE_PREFIX_HEADER = YES;
				GCC_PREFIX_HEADER = "ObjectivePGP/ObjectivePGP-Prefix.pch";
				GCC_TREAT_IMPLICIT_FUNCTION_DECLARATIONS_AS_ERRORS = YES;
				GCC_TREAT_INCOMPATIBLE_POINTER_TYPE_WARNINGS_AS_ERRORS = YES;
				GCC_WARN_INITIALIZER_NOT_FULLY_BRACKETED = YES;
				GCC_WARN_MULTIPLE_DEFINITION_TYPES_FOR_SELECTOR = YES;
				GCC_WARN_SHADOW = YES;
				GCC_WARN_STRICT_SELECTOR_MATCH = YES;
				PRODUCT_NAME = ObjectivePGP;
				SKIP_INSTALL = YES;
			};
			name = Release;
		};
/* End XCBuildConfiguration section */

/* Begin XCConfigurationList section */
		75413BE71A6AD386004C8807 /* Build configuration list for PBXNativeTarget "ObjectivePGPTests" */ = {
			isa = XCConfigurationList;
			buildConfigurations = (
				75413BE51A6AD386004C8807 /* Debug */,
				75413BE61A6AD386004C8807 /* Release */,
			);
			defaultConfigurationIsVisible = 0;
			defaultConfigurationName = Release;
		};
		756299B01914DE1A00C5AD3B /* Build configuration list for PBXProject "ObjectivePGP" */ = {
			isa = XCConfigurationList;
			buildConfigurations = (
				756299D61914DE1A00C5AD3B /* Debug */,
				756299D71914DE1A00C5AD3B /* Release */,
			);
			defaultConfigurationIsVisible = 0;
			defaultConfigurationName = Release;
		};
		756299D81914DE1A00C5AD3B /* Build configuration list for PBXNativeTarget "ObjectivePGP" */ = {
			isa = XCConfigurationList;
			buildConfigurations = (
				756299D91914DE1A00C5AD3B /* Debug */,
				756299DA1914DE1A00C5AD3B /* Release */,
			);
			defaultConfigurationIsVisible = 0;
			defaultConfigurationName = Release;
		};
/* End XCConfigurationList section */
	};
	rootObject = 756299AD1914DE1A00C5AD3B /* Project object */;
}
